<?xml version="1.0" encoding="utf-8"?>
<Project ToolsVersion="4.0" xmlns="http://schemas.microsoft.com/developer/msbuild/2003">
  <ItemGroup>
    <Filter Include="Source Files">
      <UniqueIdentifier>{4FC737F1-C7A5-4376-A066-2A32D752A2FF}</UniqueIdentifier>
      <Extensions>cpp;c;cc;cxx;def;odl;idl;hpj;bat;asm;asmx</Extensions>
    </Filter>
    <Filter Include="Header Files">
      <UniqueIdentifier>{93995380-89BD-4b04-88EB-625FBE52EBFB}</UniqueIdentifier>
      <Extensions>h;hh;hpp;hxx;hm;inl;inc;ipp;xsd</Extensions>
    </Filter>
    <Filter Include="Resource Files">
      <UniqueIdentifier>{67DA6AB6-F800-4c08-8B7A-83BB121AAD01}</UniqueIdentifier>
      <Extensions>rc;ico;cur;bmp;dlg;rc2;rct;bin;rgs;gif;jpg;jpeg;jpe;resx;tiff;tif;png;wav;mfcribbon-ms</Extensions>
    </Filter>
  </ItemGroup>
  <ItemGroup>
    <ClCompile Include="RuntimeManipulation\FunctionHookBase.cpp">
      <Filter>Source Files</Filter>
    </ClCompile>
    <ClCompile Include="CCode\GetIDXGISwapChainPresent.c">
      <Filter>Source Files</Filter>
    </ClCompile>
    <ClCompile Include="RuntimeManipulation\SystemPatch.cpp">
      <Filter>Source Files</Filter>
    </ClCompile>
    <ClCompile Include="ApplicationReflection\globalreference.cpp">
      <Filter>Source Files</Filter>
    </ClCompile>
    <ClCompile Include="MCC\IGameEngineHost.cpp">
      <Filter>Source Files</Filter>
    </ClCompile>
    <ClCompile Include="c_file_array.cpp">
      <Filter>Source Files</Filter>
    </ClCompile>
    <ClCompile Include="platform_configuration.cpp">
      <Filter>Source Files</Filter>
    </ClCompile>
    <ClCompile Include="MCC\game_runtime.cpp">
      <Filter>Source Files</Filter>
    </ClCompile>
    <ClCompile Include="session_manager.cpp">
      <Filter>Source Files</Filter>
    </ClCompile>
    <ClCompile Include="MCC\game_launcher.cpp">
      <Filter>Source Files</Filter>
    </ClCompile>
    <ClCompile Include="MCC\mouse_input.cpp">
      <Filter>Source Files</Filter>
    </ClCompile>
    <ClCompile Include="FileSystem\map_info_manager.cpp">
      <Filter>Source Files</Filter>
    </ClCompile>
    <ClCompile Include="FileSystem\blam_file_parser.cpp">
      <Filter>Source Files</Filter>
    </ClCompile>
    <ClCompile Include="RuntimeManipulation\data_patch.cpp">
      <Filter>Source Files</Filter>
    </ClCompile>
    <ClCompile Include="gameframework-private-pch.cpp">
      <Filter>Source Files</Filter>
    </ClCompile>
    <ClCompile Include="MCC\haloreach_game_option_selection_legacy.cpp">
      <Filter>Source Files</Filter>
    </ClCompile>
    <ClCompile Include="MCC\map_id.cpp">
      <Filter>Source Files</Filter>
    </ClCompile>
    <ClCompile Include="Presense\presense_api.cpp">
      <Filter>Source Files</Filter>
    </ClCompile>
    <ClCompile Include="Presense\discord_presense_api.cpp">
      <Filter>Source Files</Filter>
    </ClCompile>
    <ClCompile Include="MCC\player_configuration.cpp">
      <Filter>Source Files</Filter>
    </ClCompile>
    <ClCompile Include="FileSystem\map_info.cpp">
      <Filter>Source Files</Filter>
    </ClCompile>
    <ClCompile Include="MCC\aotus_game_engine_host.cpp">
      <Filter>Source Files</Filter>
    </ClCompile>
    <ClCompile Include="MCC\aotus_legacy\IFileAccess.cpp">
      <Filter>Source Files</Filter>
    </ClCompile>
    <ClCompile Include="MCC\aotus_legacy\IGameEngine.cpp">
      <Filter>Source Files</Filter>
    </ClCompile>
    <ClCompile Include="MCC\aotus_legacy\IGameEvents.cpp">
      <Filter>Source Files</Filter>
    </ClCompile>
    <ClCompile Include="RuntimeManipulation\aotus_legacy\detour_helpers.cpp">
      <Filter>Source Files</Filter>
    </ClCompile>
    <ClCompile Include="game_options_version.cpp">
      <Filter>Source Files</Filter>
    </ClCompile>
  </ItemGroup>
  <ItemGroup>
    <ClInclude Include="RuntimeManipulation\RuntimeManipulation.h">
      <Filter>Header Files</Filter>
    </ClInclude>
    <ClInclude Include="RuntimeManipulation\FunctionHookBase.h">
      <Filter>Header Files</Filter>
    </ClInclude>
    <ClInclude Include="RuntimeManipulation\FunctionHook.h">
      <Filter>Header Files</Filter>
    </ClInclude>
    <ClInclude Include="RuntimeManipulation\FunctionHookEx.h">
      <Filter>Header Files</Filter>
    </ClInclude>
    <ClInclude Include="RuntimeManipulation\FunctionHookVarArgs.h">
      <Filter>Header Files</Filter>
    </ClInclude>
    <ClInclude Include="RuntimeManipulation\FunctionHookVarArgsEx.h">
      <Filter>Header Files</Filter>
    </ClInclude>
    <ClInclude Include="FileSystem\FileSystem.h">
      <Filter>Header Files</Filter>
    </ClInclude>
    <ClInclude Include="RuntimeManipulation\SystemPatch.h">
      <Filter>Header Files</Filter>
    </ClInclude>
    <ClInclude Include="MCC\MCC.h">
      <Filter>Header Files</Filter>
    </ClInclude>
    <ClInclude Include="ApplicationReflection\globalreference.h">
      <Filter>Header Files</Filter>
    </ClInclude>
    <ClInclude Include="ApplicationReflection\referencesymbol.h">
      <Filter>Header Files</Filter>
    </ClInclude>
    <ClInclude Include="ApplicationReflection\ApplicationReflection.h">
      <Filter>Header Files</Filter>
    </ClInclude>
    <ClInclude Include="MCC\IGameEngineHost.h">
      <Filter>Header Files</Filter>
    </ClInclude>
    <ClInclude Include="c_file_array.h">
      <Filter>Header Files</Filter>
    </ClInclude>
    <ClInclude Include="platform_configuration.h">
      <Filter>Header Files</Filter>
    </ClInclude>
    <ClInclude Include="RuntimeManipulation\FindOffsetFunction.h">
      <Filter>Header Files</Filter>
    </ClInclude>
    <ClInclude Include="MCC\game_runtime.h">
      <Filter>Header Files</Filter>
    </ClInclude>
    <ClInclude Include="session_manager.h">
      <Filter>Header Files</Filter>
    </ClInclude>
    <ClInclude Include="is_valid.h">
      <Filter>Header Files</Filter>
    </ClInclude>
    <ClInclude Include="MCC\game_launcher.h">
      <Filter>Header Files</Filter>
    </ClInclude>
    <ClInclude Include="MCC\mouse_input.h">
      <Filter>Header Files</Filter>
    </ClInclude>
    <ClInclude Include="FileSystem\map_info_manager.h">
      <Filter>Header Files</Filter>
    </ClInclude>
    <ClInclude Include="FileSystem\blam_file_parser.h">
      <Filter>Header Files</Filter>
    </ClInclude>
    <ClInclude Include="RuntimeManipulation\data_patch.h">
      <Filter>Header Files</Filter>
    </ClInclude>
    <ClInclude Include="MCC\player_configuration.h">
      <Filter>Header Files</Filter>
    </ClInclude>
    <ClInclude Include="gameframework-private-pch.h">
      <Filter>Header Files</Filter>
    </ClInclude>
    <ClInclude Include="gameframework-public-pch.h">
      <Filter>Header Files</Filter>
    </ClInclude>
    <ClInclude Include="MCC\haloreach_game_option_selection_legacy.h">
      <Filter>Header Files</Filter>
    </ClInclude>
    <ClInclude Include="MCC\map_id.h">
      <Filter>Header Files</Filter>
    </ClInclude>
    <ClInclude Include="Presense\discord_presense_api.h">
      <Filter>Header Files</Filter>
    </ClInclude>
    <ClInclude Include="Presense\presense_info.h">
      <Filter>Header Files</Filter>
    </ClInclude>
    <ClInclude Include="FileSystem\map_info.h">
      <Filter>Header Files</Filter>
    </ClInclude>
    <ClInclude Include="MCC\game_options.h">
      <Filter>Header Files</Filter>
    </ClInclude>
    <ClInclude Include="MCC\aotus_game_engine_host.h">
      <Filter>Header Files</Filter>
    </ClInclude>
    <ClInclude Include="MCC\aotus_legacy\IDataAccess.h">
      <Filter>Header Files</Filter>
    </ClInclude>
    <ClInclude Include="MCC\aotus_legacy\IFileAccess.h">
      <Filter>Header Files</Filter>
    </ClInclude>
    <ClInclude Include="MCC\aotus_legacy\IGameEngine.h">
      <Filter>Header Files</Filter>
    </ClInclude>
    <ClInclude Include="MCC\aotus_legacy\IGameEvents.h">
      <Filter>Header Files</Filter>
    </ClInclude>
    <ClInclude Include="MCC\aotus_legacy\IGameVariant.h">
      <Filter>Header Files</Filter>
    </ClInclude>
    <ClInclude Include="MCC\aotus_legacy\IMapVariant.h">
      <Filter>Header Files</Filter>
    </ClInclude>
    <ClInclude Include="MCC\aotus_legacy\ISaveFilmMetadata.h">
      <Filter>Header Files</Filter>
    </ClInclude>
    <ClInclude Include="MCC\aotus_legacy\IVariantAccessorBase.h">
      <Filter>Header Files</Filter>
    </ClInclude>
    <ClInclude Include="RuntimeManipulation\aotus_legacy\detour_helpers.h">
      <Filter>Header Files</Filter>
    </ClInclude>
    <ClInclude Include="game_options_version.h">
      <Filter>Header Files</Filter>
    </ClInclude>
  </ItemGroup>
  <ItemGroup>
    <Natvis Include="DataReference.natvis" />
  </ItemGroup>
</Project>