<?xml version="1.0" encoding="utf-8"?>
<Project ToolsVersion="4.0" xmlns="http://schemas.microsoft.com/developer/msbuild/2003">
  <ItemGroup>
    <Filter Include="Source Files">
      <UniqueIdentifier>{4FC737F1-C7A5-4376-A066-2A32D752A2FF}</UniqueIdentifier>
      <Extensions>cpp;c;cc;cxx;def;odl;idl;hpj;bat;asm;asmx</Extensions>
    </Filter>
    <Filter Include="Header Files">
      <UniqueIdentifier>{93995380-89BD-4b04-88EB-625FBE52EBFB}</UniqueIdentifier>
      <Extensions>h;hh;hpp;hxx;hm;inl;inc;ipp;xsd</Extensions>
    </Filter>
    <Filter Include="Resource Files">
      <UniqueIdentifier>{67DA6AB6-F800-4c08-8B7A-83BB121AAD01}</UniqueIdentifier>
      <Extensions>rc;ico;cur;bmp;dlg;rc2;rct;bin;rgs;gif;jpg;jpeg;jpe;resx;tiff;tif;png;wav;mfcribbon-ms</Extensions>
    </Filter>
  </ItemGroup>
  <ItemGroup>
    <ClInclude Include="!Resources\resource.h">
      <Filter>Header Files</Filter>
    </ClInclude>
    <ClInclude Include="!Resources\resources_manager.h">
      <Filter>Header Files</Filter>
    </ClInclude>
    <ClInclude Include="platform-private-pch.h">
      <Filter>Header Files</Filter>
    </ClInclude>
    <ClInclude Include="platform-public-pch.h">
      <Filter>Header Files</Filter>
    </ClInclude>
    <ClInclude Include="platform_types.h">
      <Filter>Header Files</Filter>
    </ClInclude>
    <ClInclude Include="threading.h">
      <Filter>Header Files</Filter>
    </ClInclude>
    <ClInclude Include="error_handling.h">
      <Filter>Header Files</Filter>
    </ClInclude>
    <ClInclude Include="intrinsics.h">
      <Filter>Header Files</Filter>
    </ClInclude>
    <ClInclude Include="language_runtime.h">
      <Filter>Header Files</Filter>
    </ClInclude>
    <ClInclude Include="macro_utils.h">
      <Filter>Header Files</Filter>
    </ClInclude>
    <ClInclude Include="Windows\window_win32.h">
      <Filter>Header Files</Filter>
    </ClInclude>
    <ClInclude Include="Windows\command_line.h">
      <Filter>Header Files</Filter>
    </ClInclude>
    <ClInclude Include="Windows\console.h">
      <Filter>Header Files</Filter>
    </ClInclude>
    <ClInclude Include="windows_api.h">
      <Filter>Header Files</Filter>
    </ClInclude>
    <ClInclude Include="debug_util.h">
      <Filter>Header Files</Filter>
    </ClInclude>
    <ClInclude Include="runtime_util.h">
      <Filter>Header Files</Filter>
    </ClInclude>
    <ClInclude Include="filesystem_util.h">
      <Filter>Header Files</Filter>
    </ClInclude>
    <ClInclude Include="endianness_util.h">
      <Filter>Header Files</Filter>
    </ClInclude>
    <ClInclude Include="xxhash_cx.h">
      <Filter>Header Files</Filter>
    </ClInclude>
    <ClInclude Include="enum_util.h">
      <Filter>Header Files</Filter>
    </ClInclude>
    <ClInclude Include="Strings\strings.h">
      <Filter>Header Files</Filter>
    </ClInclude>
    <ClInclude Include="Strings\stack_string.h">
      <Filter>Header Files</Filter>
    </ClInclude>
    <ClInclude Include="Strings\fixed_string.h">
      <Filter>Header Files</Filter>
    </ClInclude>
  </ItemGroup>
  <ItemGroup>
    <ClCompile Include="platform-private-pch.cpp">
      <Filter>Source Files</Filter>
    </ClCompile>
    <ClCompile Include="error_handling.cpp">
      <Filter>Source Files</Filter>
    </ClCompile>
    <ClCompile Include="!Resources\resources_manager.cpp">
      <Filter>Source Files</Filter>
    </ClCompile>
    <ClCompile Include="Windows\window_win32.cpp">
      <Filter>Source Files</Filter>
    </ClCompile>
    <ClCompile Include="Windows\command_line.cpp">
      <Filter>Source Files</Filter>
    </ClCompile>
    <ClCompile Include="Windows\console.cpp">
      <Filter>Source Files</Filter>
    </ClCompile>
    <ClCompile Include="debug_util.cpp">
      <Filter>Source Files</Filter>
    </ClCompile>
    <ClCompile Include="runtime_util.cpp">
      <Filter>Source Files</Filter>
    </ClCompile>
    <ClCompile Include="filesystem_util.cpp">
      <Filter>Source Files</Filter>
    </ClCompile>
    <ClCompile Include="Strings\stack_string.cpp">
      <Filter>Source Files</Filter>
    </ClCompile>
    <ClCompile Include="Strings\fixed_string.cpp">
      <Filter>Source Files</Filter>
    </ClCompile>
  </ItemGroup>
  <ItemGroup>
    <ResourceCompile Include="!Resources\Resource.rc">
      <Filter>Resource Files</Filter>
    </ResourceCompile>
  </ItemGroup>
  <ItemGroup>
    <FxCompile Include="!Resources\HLSL\BoxShaderVS.hlsl" />
    <FxCompile Include="!Resources\HLSL\BoxShaderPS.hlsl" />
  </ItemGroup>
  <ItemGroup>
    <None Include="!Resources\HLSL\BoxShader.hlsli" />
  </ItemGroup>
  <ItemGroup>
    <Image Include="!Resources\reach_icon.ico">
      <Filter>Resource Files</Filter>
    </Image>
  </ItemGroup>
  <ItemGroup>
    <Font Include="!Resources\Cousine-Regular.ttf" />
  </ItemGroup>
</Project>