<?xml version="1.0" encoding="utf-8"?>
<Project ToolsVersion="4.0" xmlns="http://schemas.microsoft.com/developer/msbuild/2003">
  <ItemGroup>
    <Filter Include="Source Files">
      <UniqueIdentifier>{4FC737F1-C7A5-4376-A066-2A32D752A2FF}</UniqueIdentifier>
      <Extensions>cpp;c;cc;cxx;def;odl;idl;hpj;bat;asm;asmx</Extensions>
    </Filter>
    <Filter Include="Header Files">
      <UniqueIdentifier>{93995380-89BD-4b04-88EB-625FBE52EBFB}</UniqueIdentifier>
      <Extensions>h;hh;hpp;hxx;hm;inl;inc;ipp;xsd</Extensions>
    </Filter>
    <Filter Include="Resource Files">
      <UniqueIdentifier>{67DA6AB6-F800-4c08-8B7A-83BB121AAD01}</UniqueIdentifier>
      <Extensions>rc;ico;cur;bmp;dlg;rc2;rct;bin;rgs;gif;jpg;jpeg;jpe;resx;tiff;tif;png;wav;mfcribbon-ms</Extensions>
    </Filter>
  </ItemGroup>
  <ItemGroup>
    <ClInclude Include="!Resources\resource.h">
      <Filter>Header Files</Filter>
    </ClInclude>
    <ClInclude Include="platform-private-pch.h">
      <Filter>Header Files</Filter>
    </ClInclude>
    <ClInclude Include="platform-public-pch.h">
      <Filter>Header Files</Filter>
    </ClInclude>
    <ClInclude Include="keys.h">
      <Filter>Header Files</Filter>
    </ClInclude>
    <ClInclude Include="bcs_api.h">
      <Filter>Header Files</Filter>
    </ClInclude>
    <ClInclude Include="bcs_assert.h">
      <Filter>Header Files</Filter>
    </ClInclude>
    <ClInclude Include="bcs_result.h">
      <Filter>Header Files</Filter>
    </ClInclude>
    <ClInclude Include="bcs_result_handle.h">
      <Filter>Header Files</Filter>
    </ClInclude>
    <ClInclude Include="clipboard.h">
      <Filter>Header Files</Filter>
    </ClInclude>
    <ClInclude Include="command_line.h">
      <Filter>Header Files</Filter>
    </ClInclude>
    <ClInclude Include="console.h">
      <Filter>Header Files</Filter>
    </ClInclude>
    <ClInclude Include="debug_point.h">
      <Filter>Header Files</Filter>
    </ClInclude>
    <ClInclude Include="engine_platform_build.h">
      <Filter>Header Files</Filter>
    </ClInclude>
    <ClInclude Include="filesystem.h">
      <Filter>Header Files</Filter>
    </ClInclude>
    <ClInclude Include="float16.h">
      <Filter>Header Files</Filter>
    </ClInclude>
    <ClInclude Include="integral_limits.h">
      <Filter>Header Files</Filter>
    </ClInclude>
    <ClInclude Include="intrinsics.h">
      <Filter>Header Files</Filter>
    </ClInclude>
    <ClInclude Include="macros.h">
      <Filter>Header Files</Filter>
    </ClInclude>
    <ClInclude Include="process_module.h">
      <Filter>Header Files</Filter>
    </ClInclude>
    <ClInclude Include="resources.h">
      <Filter>Header Files</Filter>
    </ClInclude>
    <ClInclude Include="settings.h">
      <Filter>Header Files</Filter>
    </ClInclude>
    <ClInclude Include="stack_trace.h">
      <Filter>Header Files</Filter>
    </ClInclude>
    <ClInclude Include="threading.h">
      <Filter>Header Files</Filter>
    </ClInclude>
    <ClInclude Include="warnings.h">
      <Filter>Header Files</Filter>
    </ClInclude>
    <ClInclude Include="url.h">
      <Filter>Header Files</Filter>
    </ClInclude>
    <ClInclude Include="strings.h">
      <Filter>Header Files</Filter>
    </ClInclude>
    <ClInclude Include="platform-exports-pch.h">
      <Filter>Header Files</Filter>
    </ClInclude>
    <ClInclude Include="callback.h">
      <Filter>Header Files</Filter>
    </ClInclude>
    <ClInclude Include="crc32.h">
      <Filter>Header Files</Filter>
    </ClInclude>
    <ClInclude Include="memory_tracking.h">
      <Filter>Header Files</Filter>
    </ClInclude>
    <ClInclude Include="banned.h">
      <Filter>Header Files</Filter>
    </ClInclude>
    <ClInclude Include="aes128.h">
      <Filter>Header Files</Filter>
    </ClInclude>
  </ItemGroup>
  <ItemGroup>
    <ClCompile Include="platform-private-pch.cpp">
      <Filter>Source Files</Filter>
    </ClCompile>
    <ClCompile Include="bcs_api.cpp">
      <Filter>Source Files</Filter>
    </ClCompile>
    <ClCompile Include="bcs_assert.cpp">
      <Filter>Source Files</Filter>
    </ClCompile>
    <ClCompile Include="bcs_result.cpp">
      <Filter>Source Files</Filter>
    </ClCompile>
    <ClCompile Include="bcs_result_handle.cpp">
      <Filter>Source Files</Filter>
    </ClCompile>
    <ClCompile Include="clipboard.cpp">
      <Filter>Source Files</Filter>
    </ClCompile>
    <ClCompile Include="command_line.cpp">
      <Filter>Source Files</Filter>
    </ClCompile>
    <ClCompile Include="console.cpp">
      <Filter>Source Files</Filter>
    </ClCompile>
    <ClCompile Include="debug_point.cpp">
      <Filter>Source Files</Filter>
    </ClCompile>
    <ClCompile Include="engine_platform_build.cpp">
      <Filter>Source Files</Filter>
    </ClCompile>
    <ClCompile Include="filesystem.cpp">
      <Filter>Source Files</Filter>
    </ClCompile>
    <ClCompile Include="float16.cpp">
      <Filter>Source Files</Filter>
    </ClCompile>
    <ClCompile Include="process_module.cpp">
      <Filter>Source Files</Filter>
    </ClCompile>
    <ClCompile Include="resources.cpp">
      <Filter>Source Files</Filter>
    </ClCompile>
    <ClCompile Include="settings.cpp">
      <Filter>Source Files</Filter>
    </ClCompile>
    <ClCompile Include="stack_trace.cpp">
      <Filter>Source Files</Filter>
    </ClCompile>
    <ClCompile Include="threading.cpp">
      <Filter>Source Files</Filter>
    </ClCompile>
    <ClCompile Include="keys.cpp">
      <Filter>Source Files</Filter>
    </ClCompile>
    <ClCompile Include="url.cpp">
      <Filter>Source Files</Filter>
    </ClCompile>
    <ClCompile Include="strings.cpp">
      <Filter>Source Files</Filter>
    </ClCompile>
    <ClCompile Include="callback.cpp">
      <Filter>Source Files</Filter>
    </ClCompile>
    <ClCompile Include="callback_impl.c">
      <Filter>Source Files</Filter>
    </ClCompile>
    <ClCompile Include="crc32.cpp">
      <Filter>Source Files</Filter>
    </ClCompile>
    <ClCompile Include="memory_tracking.cpp">
      <Filter>Source Files</Filter>
    </ClCompile>
    <ClCompile Include="aes128.cpp">
      <Filter>Source Files</Filter>
    </ClCompile>
  </ItemGroup>
  <ItemGroup>
    <ResourceCompile Include="!Resources\Resource.rc">
      <Filter>Resource Files</Filter>
    </ResourceCompile>
  </ItemGroup>
  <ItemGroup>
    <FxCompile Include="!Resources\HLSL\BoxShaderVS.hlsl" />
    <FxCompile Include="!Resources\HLSL\BoxShaderPS.hlsl" />
  </ItemGroup>
  <ItemGroup>
    <None Include="!Resources\HLSL\BoxShader.hlsli" />
  </ItemGroup>
  <ItemGroup>
    <Font Include="!Resources\Cousine-Regular.ttf" />
    <Font Include="!Resources\fa-regular-400.ttf" />
  </ItemGroup>
  <ItemGroup>
    <Image Include="!Resources\mandrill_icon_debug.ico">
      <Filter>Resource Files</Filter>
    </Image>
    <Image Include="!Resources\bcs_icon_debug.ico">
      <Filter>Resource Files</Filter>
    </Image>
    <Image Include="!Resources\mandrill_icon.ico">
      <Filter>Resource Files</Filter>
    </Image>
    <Image Include="!Resources\bcs_icon.ico">
      <Filter>Resource Files</Filter>
    </Image>
  </ItemGroup>
</Project>