<?xml version="1.0" encoding="utf-8"?>
<Project ToolsVersion="4.0" xmlns="http://schemas.microsoft.com/developer/msbuild/2003">
  <ItemGroup>
    <Filter Include="Source Files">
      <UniqueIdentifier>{4FC737F1-C7A5-4376-A066-2A32D752A2FF}</UniqueIdentifier>
      <Extensions>cpp;c;cc;cxx;def;odl;idl;hpj;bat;asm;asmx</Extensions>
    </Filter>
    <Filter Include="Header Files">
      <UniqueIdentifier>{93995380-89BD-4b04-88EB-625FBE52EBFB}</UniqueIdentifier>
      <Extensions>h;hh;hpp;hxx;hm;inl;inc;ipp;xsd</Extensions>
    </Filter>
    <Filter Include="Resource Files">
      <UniqueIdentifier>{67DA6AB6-F800-4c08-8B7A-83BB121AAD01}</UniqueIdentifier>
      <Extensions>rc;ico;cur;bmp;dlg;rc2;rct;bin;rgs;gif;jpg;jpeg;jpe;resx;tiff;tif;png;wav;mfcribbon-ms</Extensions>
    </Filter>
  </ItemGroup>
  <ItemGroup>
    <ClCompile Include="main.cpp">
      <Filter>Source Files</Filter>
    </ClCompile>
    <ClCompile Include="crc32.cpp">
      <Filter>Source Files</Filter>
    </ClCompile>
    <ClCompile Include="Chunks\chunk.cpp">
      <Filter>Source Files</Filter>
    </ClCompile>
    <ClCompile Include="Chunks\tag_header_chunk.cpp">
      <Filter>Source Files</Filter>
    </ClCompile>
    <ClCompile Include="Chunks\LayoutChunks\tag_group_layout_chunk.cpp">
      <Filter>Source Files</Filter>
    </ClCompile>
    <ClCompile Include="Chunks\LayoutChunks\tag_layout_v3_chunk.cpp">
      <Filter>Source Files</Filter>
    </ClCompile>
    <ClCompile Include="Chunks\LayoutChunks\string_data_chunk.cpp">
      <Filter>Source Files</Filter>
    </ClCompile>
    <ClCompile Include="halo3tagfiletest-private-pch.cpp">
      <Filter>Source Files</Filter>
    </ClCompile>
    <ClCompile Include="Chunks\LayoutChunks\string_offsets_chunk.cpp">
      <Filter>Source Files</Filter>
    </ClCompile>
    <ClCompile Include="Chunks\LayoutChunks\custom_block_index_search_names_chunk.cpp">
      <Filter>Source Files</Filter>
    </ClCompile>
    <ClCompile Include="Chunks\LayoutChunks\string_lists_chunk.cpp">
      <Filter>Source Files</Filter>
    </ClCompile>
    <ClCompile Include="Chunks\LayoutChunks\data_definition_name_chunk.cpp">
      <Filter>Source Files</Filter>
    </ClCompile>
    <ClCompile Include="Chunks\LayoutChunks\array_definitions_chunk.cpp">
      <Filter>Source Files</Filter>
    </ClCompile>
    <ClCompile Include="Chunks\LayoutChunks\tag_field_types_chunk.cpp">
      <Filter>Source Files</Filter>
    </ClCompile>
    <ClCompile Include="Chunks\LayoutChunks\fields_chunk.cpp">
      <Filter>Source Files</Filter>
    </ClCompile>
    <ClCompile Include="Chunks\LayoutChunks\block_definitions_chunk.cpp">
      <Filter>Source Files</Filter>
    </ClCompile>
    <ClCompile Include="Chunks\LayoutChunks\resource_definitions_chunk.cpp">
      <Filter>Source Files</Filter>
    </ClCompile>
    <ClCompile Include="Chunks\LayoutChunks\interop_definitions_chunk.cpp">
      <Filter>Source Files</Filter>
    </ClCompile>
    <ClCompile Include="Chunks\LayoutChunks\structure_definitions_chunk.cpp">
      <Filter>Source Files</Filter>
    </ClCompile>
    <ClCompile Include="Chunks\TagChunks\binary_data_chunk.cpp">
      <Filter>Source Files</Filter>
    </ClCompile>
    <ClCompile Include="Chunks\TagChunks\tag_block_chunk.cpp">
      <Filter>Source Files</Filter>
    </ClCompile>
    <ClCompile Include="Chunks\TagChunks\tag_struct_chunk.cpp">
      <Filter>Source Files</Filter>
    </ClCompile>
    <ClCompile Include="Chunks\TagChunks\tag_string_id_chunk.cpp">
      <Filter>Source Files</Filter>
    </ClCompile>
    <ClCompile Include="Chunks\TagChunks\tag_reference_chunk.cpp">
      <Filter>Source Files</Filter>
    </ClCompile>
    <ClCompile Include="Chunks\TagChunks\tag_data_chunk.cpp">
      <Filter>Source Files</Filter>
    </ClCompile>
    <ClCompile Include="tag_file_high_level_transplant.cpp">
      <Filter>Source Files</Filter>
    </ClCompile>
    <ClCompile Include="single_tag_file_layout_reader.cpp">
      <Filter>Source Files</Filter>
    </ClCompile>
    <ClCompile Include="single_tag_file_reader.cpp">
      <Filter>Source Files</Filter>
    </ClCompile>
  </ItemGroup>
  <ItemGroup>
    <ResourceCompile Include="$(ResourcesFilepath)" />
    <ResourceCompile Include="$(ResourcesFilepath)" />
    <ResourceCompile Include="$(ResourcesFilepath)" />
    <ResourceCompile Include="$(ResourcesFilepath)" />
    <ResourceCompile Include="$(ResourcesFilepath)" />
    <ResourceCompile Include="$(ResourcesFilepath)" />
    <ResourceCompile Include="$(ResourcesFilepath)" />
    <ResourceCompile Include="$(ResourcesFilepath)" />
    <ResourceCompile Include="$(ResourcesFilepath)" />
    <ResourceCompile Include="$(ResourcesFilepath)" />
    <ResourceCompile Include="$(ResourcesFilepath)" />
  </ItemGroup>
  <ItemGroup>
    <ClInclude Include="halo3tagfiletest-private-pch.h">
      <Filter>Header Files</Filter>
    </ClInclude>
    <ClInclude Include="crc32.h">
      <Filter>Header Files</Filter>
    </ClInclude>
    <ClInclude Include="Chunks\chunk.h">
      <Filter>Header Files</Filter>
    </ClInclude>
    <ClInclude Include="Chunks\typed_chunk.h">
      <Filter>Header Files</Filter>
    </ClInclude>
    <ClInclude Include="Chunks\tag_header_chunk.h">
      <Filter>Header Files</Filter>
    </ClInclude>
    <ClInclude Include="Chunks\LayoutChunks\tag_group_layout_chunk.h">
      <Filter>Header Files</Filter>
    </ClInclude>
    <ClInclude Include="Chunks\LayoutChunks\tag_layout_v3_chunk.h">
      <Filter>Header Files</Filter>
    </ClInclude>
    <ClInclude Include="Chunks\LayoutChunks\string_data_chunk.h">
      <Filter>Header Files</Filter>
    </ClInclude>
    <ClInclude Include="Chunks\LayoutChunks\string_offsets_chunk.h">
      <Filter>Header Files</Filter>
    </ClInclude>
    <ClInclude Include="Chunks\LayoutChunks\custom_block_index_search_names_chunk.h">
      <Filter>Header Files</Filter>
    </ClInclude>
    <ClInclude Include="Chunks\LayoutChunks\string_lists_chunk.h">
      <Filter>Header Files</Filter>
    </ClInclude>
    <ClInclude Include="Chunks\LayoutChunks\data_definition_name_chunk.h">
      <Filter>Header Files</Filter>
    </ClInclude>
    <ClInclude Include="Chunks\LayoutChunks\array_definitions_chunk.h">
      <Filter>Header Files</Filter>
    </ClInclude>
    <ClInclude Include="Chunks\LayoutChunks\tag_field_types_chunk.h">
      <Filter>Header Files</Filter>
    </ClInclude>
    <ClInclude Include="Chunks\LayoutChunks\fields_chunk.h">
      <Filter>Header Files</Filter>
    </ClInclude>
    <ClInclude Include="Chunks\LayoutChunks\block_definitions_chunk.h">
      <Filter>Header Files</Filter>
    </ClInclude>
    <ClInclude Include="Chunks\LayoutChunks\resource_definitions_chunk.h">
      <Filter>Header Files</Filter>
    </ClInclude>
    <ClInclude Include="Chunks\LayoutChunks\interop_definitions_chunk.h">
      <Filter>Header Files</Filter>
    </ClInclude>
    <ClInclude Include="Chunks\LayoutChunks\structure_definitions_chunk.h">
      <Filter>Header Files</Filter>
    </ClInclude>
    <ClInclude Include="Chunks\TagChunks\binary_data_chunk.h">
      <Filter>Header Files</Filter>
    </ClInclude>
    <ClInclude Include="Chunks\TagChunks\tag_block_chunk.h">
      <Filter>Header Files</Filter>
    </ClInclude>
    <ClInclude Include="Chunks\TagChunks\tag_struct_chunk.h">
      <Filter>Header Files</Filter>
    </ClInclude>
    <ClInclude Include="Chunks\TagChunks\tag_string_id_chunk.h">
      <Filter>Header Files</Filter>
    </ClInclude>
    <ClInclude Include="Chunks\TagChunks\tag_reference_chunk.h">
      <Filter>Header Files</Filter>
    </ClInclude>
    <ClInclude Include="Chunks\TagChunks\tag_data_chunk.h">
      <Filter>Header Files</Filter>
    </ClInclude>
    <ClInclude Include="single_tag_file_header.h">
      <Filter>Header Files</Filter>
    </ClInclude>
    <ClInclude Include="tag_file_high_level_transplant.h">
      <Filter>Header Files</Filter>
    </ClInclude>
    <ClInclude Include="single_tag_file_layout_reader.h">
      <Filter>Header Files</Filter>
    </ClInclude>
    <ClInclude Include="single_tag_file_reader.h">
      <Filter>Header Files</Filter>
    </ClInclude>
  </ItemGroup>
</Project>