<?xml version="1.0" encoding="utf-8"?>
<Project ToolsVersion="4.0" xmlns="http://schemas.microsoft.com/developer/msbuild/2003">
  <ItemGroup>
    <Filter Include="Source Files">
      <UniqueIdentifier>{4FC737F1-C7A5-4376-A066-2A32D752A2FF}</UniqueIdentifier>
      <Extensions>cpp;c;cc;cxx;def;odl;idl;hpj;bat;asm;asmx</Extensions>
    </Filter>
    <Filter Include="Header Files">
      <UniqueIdentifier>{93995380-89BD-4b04-88EB-625FBE52EBFB}</UniqueIdentifier>
      <Extensions>h;hh;hpp;hxx;hm;inl;inc;ipp;xsd</Extensions>
    </Filter>
    <Filter Include="Resource Files">
      <UniqueIdentifier>{67DA6AB6-F800-4c08-8B7A-83BB121AAD01}</UniqueIdentifier>
      <Extensions>rc;ico;cur;bmp;dlg;rc2;rct;bin;rgs;gif;jpg;jpeg;jpe;resx;tiff;tif;png;wav;mfcribbon-ms</Extensions>
    </Filter>
  </ItemGroup>
  <ItemGroup>
    <ClCompile Include="main.cpp">
      <Filter>Source Files</Filter>
    </ClCompile>
    <ClCompile Include="mantlereflect-private-pch.cpp">
      <Filter>Source Files</Filter>
    </ClCompile>
    <ClCompile Include="LLVM\llvm_compile_action.cpp">
      <Filter>Source Files</Filter>
    </ClCompile>
    <ClCompile Include="LLVM\llvm_compiler_interface.cpp">
      <Filter>Source Files</Filter>
    </ClCompile>
    <ClCompile Include="LLVM\llvm_ast_consumer.cpp">
      <Filter>Source Files</Filter>
    </ClCompile>
    <ClCompile Include="LLVM\llvm_class_visitor.cpp">
      <Filter>Source Files</Filter>
    </ClCompile>
    <ClCompile Include="BlamlibGenerators\blamlib_compiler_interface.cpp">
      <Filter>Source Files</Filter>
    </ClCompile>
    <ClCompile Include="LegacyGenerators\legacy_compiler_interface.cpp">
      <Filter>Source Files</Filter>
    </ClCompile>
    <ClCompile Include="LegacyGenerators\legacy_compile_time_conversion_generator.cpp">
      <Filter>Source Files</Filter>
    </ClCompile>
    <ClCompile Include="LegacyGenerators\legacy_reflection_enum_container.cpp">
      <Filter>Source Files</Filter>
    </ClCompile>
    <ClCompile Include="LegacyGenerators\legacy_reflection_field_container.cpp">
      <Filter>Source Files</Filter>
    </ClCompile>
    <ClCompile Include="LegacyGenerators\legacy_reflection_type_container.cpp">
      <Filter>Source Files</Filter>
    </ClCompile>
    <ClCompile Include="LegacyGenerators\legacy_runtime_reflection_generator.cpp">
      <Filter>Source Files</Filter>
    </ClCompile>
    <ClCompile Include="LegacyGenerators\legacy_tag_groups_generator.cpp">
      <Filter>Source Files</Filter>
    </ClCompile>
    <ClCompile Include="LegacyGenerators\legacy_virtual_tag_interface_generator.cpp">
      <Filter>Source Files</Filter>
    </ClCompile>
    <ClCompile Include="LegacyGenerators\legacy_compile_time_gui_generator.cpp">
      <Filter>Source Files</Filter>
    </ClCompile>
    <ClCompile Include="LegacyGenerators\legacy_ast_source_generator.cpp">
      <Filter>Source Files</Filter>
    </ClCompile>
    <ClCompile Include="BlamlibGenerators\reflection_type_container.cpp">
      <Filter>Source Files</Filter>
    </ClCompile>
    <ClCompile Include="BlamlibGenerators\ast_source_generator.cpp">
      <Filter>Source Files</Filter>
    </ClCompile>
    <ClCompile Include="BlamlibGenerators\runtime_reflection_generator.cpp">
      <Filter>Source Files</Filter>
    </ClCompile>
    <ClCompile Include="BlamlibGenerators\reflection_field_container.cpp">
      <Filter>Source Files</Filter>
    </ClCompile>
  </ItemGroup>
  <ItemGroup>
    <ClInclude Include="mantlereflect-private-pch.h">
      <Filter>Header Files</Filter>
    </ClInclude>
    <ClInclude Include="mantlereflect-public-pch.h">
      <Filter>Header Files</Filter>
    </ClInclude>
    <ClInclude Include="util.h">
      <Filter>Header Files</Filter>
    </ClInclude>
    <ClInclude Include="LLVM\llvm_compile_action.h">
      <Filter>Header Files</Filter>
    </ClInclude>
    <ClInclude Include="LLVM\llvm_compiler_interface.h">
      <Filter>Header Files</Filter>
    </ClInclude>
    <ClInclude Include="LLVM\llvm_ast_consumer.h">
      <Filter>Header Files</Filter>
    </ClInclude>
    <ClInclude Include="LLVM\llvm_class_visitor.h">
      <Filter>Header Files</Filter>
    </ClInclude>
    <ClInclude Include="BlamlibGenerators\blamlib_compiler_interface.h">
      <Filter>Header Files</Filter>
    </ClInclude>
    <ClInclude Include="LegacyGenerators\legacy_compiler_interface.h">
      <Filter>Header Files</Filter>
    </ClInclude>
    <ClInclude Include="LegacyGenerators\legacy_compile_time_conversion_generator.h">
      <Filter>Header Files</Filter>
    </ClInclude>
    <ClInclude Include="LegacyGenerators\legacy_reflection_enum_container.h">
      <Filter>Header Files</Filter>
    </ClInclude>
    <ClInclude Include="LegacyGenerators\legacy_reflection_field_container.h">
      <Filter>Header Files</Filter>
    </ClInclude>
    <ClInclude Include="LegacyGenerators\legacy_reflection_type_container.h">
      <Filter>Header Files</Filter>
    </ClInclude>
    <ClInclude Include="LegacyGenerators\legacy_runtime_reflection_generator.h">
      <Filter>Header Files</Filter>
    </ClInclude>
    <ClInclude Include="LegacyGenerators\legacy_tag_groups_generator.h">
      <Filter>Header Files</Filter>
    </ClInclude>
    <ClInclude Include="LegacyGenerators\legacy_virtual_tag_interface_generator.h">
      <Filter>Header Files</Filter>
    </ClInclude>
    <ClInclude Include="LegacyGenerators\legacy_compile_time_gui_generator.h">
      <Filter>Header Files</Filter>
    </ClInclude>
    <ClInclude Include="LegacyGenerators\legacy_ast_source_generator.h">
      <Filter>Header Files</Filter>
    </ClInclude>
    <ClInclude Include="legacy_reflection_types.h">
      <Filter>Header Files</Filter>
    </ClInclude>
    <ClInclude Include="reflection_types.h">
      <Filter>Header Files</Filter>
    </ClInclude>
    <ClInclude Include="BlamlibGenerators\reflection_type_container.h">
      <Filter>Header Files</Filter>
    </ClInclude>
    <ClInclude Include="BlamlibGenerators\ast_source_generator.h">
      <Filter>Header Files</Filter>
    </ClInclude>
    <ClInclude Include="BlamlibGenerators\runtime_reflection_generator.h">
      <Filter>Header Files</Filter>
    </ClInclude>
    <ClInclude Include="BlamlibGenerators\reflection_field_container.h">
      <Filter>Header Files</Filter>
    </ClInclude>
  </ItemGroup>
</Project>