<?xml version="1.0" encoding="utf-8"?>
<Project ToolsVersion="4.0" xmlns="http://schemas.microsoft.com/developer/msbuild/2003">
  <ItemGroup>
    <Filter Include="Source Files">
      <UniqueIdentifier>{4FC737F1-C7A5-4376-A066-2A32D752A2FF}</UniqueIdentifier>
      <Extensions>cpp;c;cc;cxx;def;odl;idl;hpj;bat;asm;asmx</Extensions>
    </Filter>
    <Filter Include="Header Files">
      <UniqueIdentifier>{93995380-89BD-4b04-88EB-625FBE52EBFB}</UniqueIdentifier>
      <Extensions>h;hh;hpp;hxx;hm;inl;inc;ipp;xsd</Extensions>
    </Filter>
    <Filter Include="Resource Files">
      <UniqueIdentifier>{67DA6AB6-F800-4c08-8B7A-83BB121AAD01}</UniqueIdentifier>
      <Extensions>rc;ico;cur;bmp;dlg;rc2;rct;bin;rgs;gif;jpg;jpeg;jpe;resx;tiff;tif;png;wav;mfcribbon-ms</Extensions>
    </Filter>
  </ItemGroup>
  <ItemGroup>
    <ClCompile Include="source\cache\cache_files.cpp">
      <Filter>Source Files</Filter>
    </ClCompile>
    <ClCompile Include="source\cseries\asserts\assert_handler.cpp">
      <Filter>Source Files</Filter>
    </ClCompile>
    <ClCompile Include="source\cseries\events\event_handler.cpp">
      <Filter>Source Files</Filter>
    </ClCompile>
    <ClCompile Include="source\cseries\cseries.cpp">
      <Filter>Source Files</Filter>
    </ClCompile>
    <ClCompile Include="source\cseries\cseries_asserts.cpp">
      <Filter>Source Files</Filter>
    </ClCompile>
    <ClCompile Include="source\cseries\cseries_memory.cpp">
      <Filter>Source Files</Filter>
    </ClCompile>
    <ClCompile Include="source\cseries\cseries_string.cpp">
      <Filter>Source Files</Filter>
    </ClCompile>
    <ClCompile Include="source\math\integer_math.cpp">
      <Filter>Source Files</Filter>
    </ClCompile>
    <ClCompile Include="source\memory\data.cpp">
      <Filter>Source Files</Filter>
    </ClCompile>
    <ClCompile Include="source\tag_files\tag_api_interop.cpp">
      <Filter>Source Files</Filter>
    </ClCompile>
    <ClCompile Include="source\tag_files\tag_group_definitions.cpp">
      <Filter>Source Files</Filter>
    </ClCompile>
    <ClCompile Include="source\tag_files\tag_groups.cpp">
      <Filter>Source Files</Filter>
    </ClCompile>
    <ClCompile Include="source\tag_files\tag_resource_internals.cpp">
      <Filter>Source Files</Filter>
    </ClCompile>
  </ItemGroup>
  <ItemGroup>
    <ClInclude Include="source\cache\cache_files.h">
      <Filter>Header Files</Filter>
    </ClInclude>
    <ClInclude Include="source\cseries\asserts\assert_handler.h">
      <Filter>Header Files</Filter>
    </ClInclude>
    <ClInclude Include="source\cseries\events\event_handler.h">
      <Filter>Header Files</Filter>
    </ClInclude>
    <ClInclude Include="source\cseries\cseries.h">
      <Filter>Header Files</Filter>
    </ClInclude>
    <ClInclude Include="source\cseries\cseries_asserts.h">
      <Filter>Header Files</Filter>
    </ClInclude>
    <ClInclude Include="source\cseries\cseries_memory.h">
      <Filter>Header Files</Filter>
    </ClInclude>
    <ClInclude Include="source\cseries\cseries_string.h">
      <Filter>Header Files</Filter>
    </ClInclude>
    <ClInclude Include="source\cseries\cseries_traits.h">
      <Filter>Header Files</Filter>
    </ClInclude>
    <ClInclude Include="source\cseries\language.h">
      <Filter>Header Files</Filter>
    </ClInclude>
    <ClInclude Include="source\datatypes\enum.h">
      <Filter>Header Files</Filter>
    </ClInclude>
    <ClInclude Include="source\datatypes\flags.h">
      <Filter>Header Files</Filter>
    </ClInclude>
    <ClInclude Include="source\datatypes\result.h">
      <Filter>Header Files</Filter>
    </ClInclude>
    <ClInclude Include="source\datatypes\static_array.h">
      <Filter>Header Files</Filter>
    </ClInclude>
    <ClInclude Include="source\datatypes\static_hash_table.h">
      <Filter>Header Files</Filter>
    </ClInclude>
    <ClInclude Include="source\datatypes\static_hash_table_data.h">
      <Filter>Header Files</Filter>
    </ClInclude>
    <ClInclude Include="source\datatypes\static_string.h">
      <Filter>Header Files</Filter>
    </ClInclude>
    <ClInclude Include="source\datatypes\static_wide_string.h">
      <Filter>Header Files</Filter>
    </ClInclude>
    <ClInclude Include="source\math\integer_math.h">
      <Filter>Header Files</Filter>
    </ClInclude>
    <ClInclude Include="source\memory\allocation_interface.h">
      <Filter>Header Files</Filter>
    </ClInclude>
    <ClInclude Include="source\memory\data.h">
      <Filter>Header Files</Filter>
    </ClInclude>
    <ClInclude Include="source\memory\memory_interface.h">
      <Filter>Header Files</Filter>
    </ClInclude>
    <ClInclude Include="source\memory\ptr32.h">
      <Filter>Header Files</Filter>
    </ClInclude>
    <ClInclude Include="source\memory\static_arrays.h">
      <Filter>Header Files</Filter>
    </ClInclude>
    <ClInclude Include="source\memory\wrapped_arrays.h">
      <Filter>Header Files</Filter>
    </ClInclude>
    <ClInclude Include="source\tag_files\string_ids.h">
      <Filter>Header Files</Filter>
    </ClInclude>
    <ClInclude Include="source\tag_files\tag_api_interop.h">
      <Filter>Header Files</Filter>
    </ClInclude>
    <ClInclude Include="source\tag_files\tag_group_definitions.h">
      <Filter>Header Files</Filter>
    </ClInclude>
    <ClInclude Include="source\tag_files\tag_groups.h">
      <Filter>Header Files</Filter>
    </ClInclude>
    <ClInclude Include="source\tag_files\tag_resource_internals.h">
      <Filter>Header Files</Filter>
    </ClInclude>
  </ItemGroup>
</Project>