
Microsoft Visual Studio Solution File, Format Version 12.00
# Visual Studio Version 16
VisualStudioVersion = 16.0.29009.5
MinimumVisualStudioVersion = 10.0.40219.1
Project("{8BC9CEB8-8B4A-11D0-8D11-00A0C91BC942}") = "Opus", "Opus\Opus.vcxproj", "{0D2234CA-029E-4055-944E-DB8B67498309}"
	ProjectSection(ProjectDependencies) = postProject
		{AA67F836-AD2B-4181-BDDE-EFEB21D6AECC} = {AA67F836-AD2B-4181-BDDE-EFEB21D6AECC}
		{9D62395A-734A-44BC-8E87-FE305D52D53C} = {9D62395A-734A-44BC-8E87-FE305D52D53C}
		{F179C19E-D725-49FC-B5F6-F113287FCF7A} = {F179C19E-D725-49FC-B5F6-F113287FCF7A}
		{30DA9BA2-7EFA-4B89-8A0E-61C7DD5A2ADB} = {30DA9BA2-7EFA-4B89-8A0E-61C7DD5A2ADB}
		{91D344E6-BECA-4173-A875-EAE40D504152} = {91D344E6-BECA-4173-A875-EAE40D504152}
	EndProjectSection
EndProject
Project("{8BC9CEB8-8B4A-11D0-8D11-00A0C91BC942}") = "OpusFramework", "OpusFramework\OpusFramework.vcxproj", "{91D344E6-BECA-4173-A875-EAE40D504152}"
EndProject
Project("{8BC9CEB8-8B4A-11D0-8D11-00A0C91BC942}") = "imgui", "imgui\imgui.vcxproj", "{30DA9BA2-7EFA-4B89-8A0E-61C7DD5A2ADB}"
EndProject
Project("{8BC9CEB8-8B4A-11D0-8D11-00A0C91BC942}") = "OpusEAC", "OpusLauncher\OpusLauncher.vcxproj", "{DE06E1FE-E257-48EF-9BEB-A98DDAF0A281}"
	ProjectSection(ProjectDependencies) = postProject
		{9E83716D-0B37-439D-8355-AF118D670F9D} = {9E83716D-0B37-439D-8355-AF118D670F9D}
	EndProjectSection
EndProject
Project("{8BC9CEB8-8B4A-11D0-8D11-00A0C91BC942}") = "OpusDLL", "OpusDLL\OpusDLL.vcxproj", "{9E83716D-0B37-439D-8355-AF118D670F9D}"
	ProjectSection(ProjectDependencies) = postProject
		{AA67F836-AD2B-4181-BDDE-EFEB21D6AECC} = {AA67F836-AD2B-4181-BDDE-EFEB21D6AECC}
		{9D62395A-734A-44BC-8E87-FE305D52D53C} = {9D62395A-734A-44BC-8E87-FE305D52D53C}
		{91D344E6-BECA-4173-A875-EAE40D504152} = {91D344E6-BECA-4173-A875-EAE40D504152}
	EndProjectSection
EndProject
Project("{2150E333-8FDC-42A3-9474-1A3956D46DE8}") = "Libs", "Libs", "{30011186-B79B-4D39-BBD6-43D90D004D6C}"
EndProject
Project("{2150E333-8FDC-42A3-9474-1A3956D46DE8}") = "+Halo", "+Halo", "{535AE681-6D2A-4ED8-BF2C-F96B56794C4D}"
EndProject
Project("{2150E333-8FDC-42A3-9474-1A3956D46DE8}") = "+MCC Injection", "+MCC Injection", "{AC1C1AEF-FCA9-4E82-80C5-34F8A81E4782}"
EndProject
Project("{8BC9CEB8-8B4A-11D0-8D11-00A0C91BC942}") = "HaloReachLib", "HaloReachLib\HaloReachLib.vcxproj", "{9D62395A-734A-44BC-8E87-FE305D52D53C}"
EndProject
Project("{2150E333-8FDC-42A3-9474-1A3956D46DE8}") = "UI Prototype Projects", "UI Prototype Projects", "{BF9FC8C4-74EB-4588-841F-397A3E3135D9}"
EndProject
Project("{8BC9CEB8-8B4A-11D0-8D11-00A0C91BC942}") = "Ketchup", "Ketchup\Ketchup.vcxproj", "{AA67F836-AD2B-4181-BDDE-EFEB21D6AECC}"
EndProject
Project("{2150E333-8FDC-42A3-9474-1A3956D46DE8}") = "+Opus", "+Opus", "{2DFAC7A4-E382-4250-ABA8-57B290ABA4AB}"
EndProject
Project("{2150E333-8FDC-42A3-9474-1A3956D46DE8}") = "Xaml Islands", "Xaml Islands", "{C00572BF-2EAC-428A-8675-C1642A44BA60}"
EndProject
Project("{8BC9CEB8-8B4A-11D0-8D11-00A0C91BC942}") = "MyApp", "MyApp\MyApp.vcxproj", "{C4B7649D-C389-4F2C-B0B8-B55A08C8133F}"
EndProject
Project("{8BC9CEB8-8B4A-11D0-8D11-00A0C91BC942}") = "OpusXI", "SampleCppApp\SampleCppApp.vcxproj", "{B8D25E17-F9FC-4DDC-A184-C28FD183DDD3}"
	ProjectSection(ProjectDependencies) = postProject
		{AA67F836-AD2B-4181-BDDE-EFEB21D6AECC} = {AA67F836-AD2B-4181-BDDE-EFEB21D6AECC}
		{9D62395A-734A-44BC-8E87-FE305D52D53C} = {9D62395A-734A-44BC-8E87-FE305D52D53C}
		{C4B7649D-C389-4F2C-B0B8-B55A08C8133F} = {C4B7649D-C389-4F2C-B0B8-B55A08C8133F}
		{F179C19E-D725-49FC-B5F6-F113287FCF7A} = {F179C19E-D725-49FC-B5F6-F113287FCF7A}
		{30DA9BA2-7EFA-4B89-8A0E-61C7DD5A2ADB} = {30DA9BA2-7EFA-4B89-8A0E-61C7DD5A2ADB}
		{91D344E6-BECA-4173-A875-EAE40D504152} = {91D344E6-BECA-4173-A875-EAE40D504152}
	EndProjectSection
EndProject
Project("{8BC9CEB8-8B4A-11D0-8D11-00A0C91BC942}") = "SampleUserControl", "SampleUserControl\SampleUserControl.vcxproj", "{B6B66DBA-C720-4407-B490-6AE3FC2870FC}"
EndProject
Project("{8BC9CEB8-8B4A-11D0-8D11-00A0C91BC942}") = "OpusResourcesPackager", "OpusResourcesPackager\OpusResourcesPackager.vcxproj", "{F179C19E-D725-49FC-B5F6-F113287FCF7A}"
	ProjectSection(ProjectDependencies) = postProject
		{91D344E6-BECA-4173-A875-EAE40D504152} = {91D344E6-BECA-4173-A875-EAE40D504152}
	EndProjectSection
EndProject
Project("{8BC9CEB8-8B4A-11D0-8D11-00A0C91BC942}") = "llvm-build", "llvm-build\llvm-build.vcxproj", "{01203CE0-D287-48EA-A399-9B77AA93CE7E}"
EndProject
Global
	GlobalSection(SolutionConfigurationPlatforms) = preSolution
		Debug|x64 = Debug|x64
		Release|x64 = Release|x64
	EndGlobalSection
	GlobalSection(ProjectConfigurationPlatforms) = postSolution
		{0D2234CA-029E-4055-944E-DB8B67498309}.Debug|x64.ActiveCfg = Debug|x64
		{0D2234CA-029E-4055-944E-DB8B67498309}.Debug|x64.Build.0 = Debug|x64
		{0D2234CA-029E-4055-944E-DB8B67498309}.Release|x64.ActiveCfg = Release|x64
		{0D2234CA-029E-4055-944E-DB8B67498309}.Release|x64.Build.0 = Release|x64
		{91D344E6-BECA-4173-A875-EAE40D504152}.Debug|x64.ActiveCfg = Debug|x64
		{91D344E6-BECA-4173-A875-EAE40D504152}.Debug|x64.Build.0 = Debug|x64
		{91D344E6-BECA-4173-A875-EAE40D504152}.Release|x64.ActiveCfg = Release|x64
		{91D344E6-BECA-4173-A875-EAE40D504152}.Release|x64.Build.0 = Release|x64
		{30DA9BA2-7EFA-4B89-8A0E-61C7DD5A2ADB}.Debug|x64.ActiveCfg = Debug|x64
		{30DA9BA2-7EFA-4B89-8A0E-61C7DD5A2ADB}.Debug|x64.Build.0 = Debug|x64
		{30DA9BA2-7EFA-4B89-8A0E-61C7DD5A2ADB}.Release|x64.ActiveCfg = Release|x64
		{30DA9BA2-7EFA-4B89-8A0E-61C7DD5A2ADB}.Release|x64.Build.0 = Release|x64
		{DE06E1FE-E257-48EF-9BEB-A98DDAF0A281}.Debug|x64.ActiveCfg = Debug|x64
		{DE06E1FE-E257-48EF-9BEB-A98DDAF0A281}.Debug|x64.Build.0 = Debug|x64
		{DE06E1FE-E257-48EF-9BEB-A98DDAF0A281}.Release|x64.ActiveCfg = Release|x64
		{DE06E1FE-E257-48EF-9BEB-A98DDAF0A281}.Release|x64.Build.0 = Release|x64
		{9E83716D-0B37-439D-8355-AF118D670F9D}.Debug|x64.ActiveCfg = Debug|x64
		{9E83716D-0B37-439D-8355-AF118D670F9D}.Debug|x64.Build.0 = Debug|x64
		{9E83716D-0B37-439D-8355-AF118D670F9D}.Release|x64.ActiveCfg = Release|x64
		{9E83716D-0B37-439D-8355-AF118D670F9D}.Release|x64.Build.0 = Release|x64
		{9D62395A-734A-44BC-8E87-FE305D52D53C}.Debug|x64.ActiveCfg = Debug|x64
		{9D62395A-734A-44BC-8E87-FE305D52D53C}.Debug|x64.Build.0 = Debug|x64
		{9D62395A-734A-44BC-8E87-FE305D52D53C}.Release|x64.ActiveCfg = Release|x64
		{9D62395A-734A-44BC-8E87-FE305D52D53C}.Release|x64.Build.0 = Release|x64
		{AA67F836-AD2B-4181-BDDE-EFEB21D6AECC}.Debug|x64.ActiveCfg = Debug|x64
		{AA67F836-AD2B-4181-BDDE-EFEB21D6AECC}.Debug|x64.Build.0 = Debug|x64
		{AA67F836-AD2B-4181-BDDE-EFEB21D6AECC}.Release|x64.ActiveCfg = Release|x64
		{AA67F836-AD2B-4181-BDDE-EFEB21D6AECC}.Release|x64.Build.0 = Release|x64
		{C4B7649D-C389-4F2C-B0B8-B55A08C8133F}.Debug|x64.ActiveCfg = Debug|x64
		{C4B7649D-C389-4F2C-B0B8-B55A08C8133F}.Debug|x64.Build.0 = Debug|x64
		{C4B7649D-C389-4F2C-B0B8-B55A08C8133F}.Debug|x64.Deploy.0 = Debug|x64
		{C4B7649D-C389-4F2C-B0B8-B55A08C8133F}.Release|x64.ActiveCfg = Release|x64
		{C4B7649D-C389-4F2C-B0B8-B55A08C8133F}.Release|x64.Build.0 = Release|x64
		{C4B7649D-C389-4F2C-B0B8-B55A08C8133F}.Release|x64.Deploy.0 = Release|x64
		{B8D25E17-F9FC-4DDC-A184-C28FD183DDD3}.Debug|x64.ActiveCfg = Debug|x64
		{B8D25E17-F9FC-4DDC-A184-C28FD183DDD3}.Debug|x64.Build.0 = Debug|x64
		{B8D25E17-F9FC-4DDC-A184-C28FD183DDD3}.Release|x64.ActiveCfg = Release|x64
		{B8D25E17-F9FC-4DDC-A184-C28FD183DDD3}.Release|x64.Build.0 = Release|x64
		{B6B66DBA-C720-4407-B490-6AE3FC2870FC}.Debug|x64.ActiveCfg = Debug|x64
		{B6B66DBA-C720-4407-B490-6AE3FC2870FC}.Debug|x64.Build.0 = Debug|x64
		{B6B66DBA-C720-4407-B490-6AE3FC2870FC}.Release|x64.ActiveCfg = Release|x64
		{B6B66DBA-C720-4407-B490-6AE3FC2870FC}.Release|x64.Build.0 = Release|x64
		{F179C19E-D725-49FC-B5F6-F113287FCF7A}.Debug|x64.ActiveCfg = Debug|x64
		{F179C19E-D725-49FC-B5F6-F113287FCF7A}.Debug|x64.Build.0 = Debug|x64
		{F179C19E-D725-49FC-B5F6-F113287FCF7A}.Release|x64.ActiveCfg = Release|x64
		{F179C19E-D725-49FC-B5F6-F113287FCF7A}.Release|x64.Build.0 = Release|x64
	EndGlobalSection
	GlobalSection(SolutionProperties) = preSolution
		HideSolutionNode = FALSE
	EndGlobalSection
	GlobalSection(NestedProjects) = preSolution
		{0D2234CA-029E-4055-944E-DB8B67498309} = {2DFAC7A4-E382-4250-ABA8-57B290ABA4AB}
		{91D344E6-BECA-4173-A875-EAE40D504152} = {2DFAC7A4-E382-4250-ABA8-57B290ABA4AB}
		{30DA9BA2-7EFA-4B89-8A0E-61C7DD5A2ADB} = {30011186-B79B-4D39-BBD6-43D90D004D6C}
		{DE06E1FE-E257-48EF-9BEB-A98DDAF0A281} = {AC1C1AEF-FCA9-4E82-80C5-34F8A81E4782}
		{9E83716D-0B37-439D-8355-AF118D670F9D} = {AC1C1AEF-FCA9-4E82-80C5-34F8A81E4782}
		{AC1C1AEF-FCA9-4E82-80C5-34F8A81E4782} = {2DFAC7A4-E382-4250-ABA8-57B290ABA4AB}
		{9D62395A-734A-44BC-8E87-FE305D52D53C} = {535AE681-6D2A-4ED8-BF2C-F96B56794C4D}
		{BF9FC8C4-74EB-4588-841F-397A3E3135D9} = {2DFAC7A4-E382-4250-ABA8-57B290ABA4AB}
		{AA67F836-AD2B-4181-BDDE-EFEB21D6AECC} = {2DFAC7A4-E382-4250-ABA8-57B290ABA4AB}
		{C00572BF-2EAC-428A-8675-C1642A44BA60} = {BF9FC8C4-74EB-4588-841F-397A3E3135D9}
		{C4B7649D-C389-4F2C-B0B8-B55A08C8133F} = {C00572BF-2EAC-428A-8675-C1642A44BA60}
		{B8D25E17-F9FC-4DDC-A184-C28FD183DDD3} = {C00572BF-2EAC-428A-8675-C1642A44BA60}
		{B6B66DBA-C720-4407-B490-6AE3FC2870FC} = {C00572BF-2EAC-428A-8675-C1642A44BA60}
		{F179C19E-D725-49FC-B5F6-F113287FCF7A} = {2DFAC7A4-E382-4250-ABA8-57B290ABA4AB}
		{01203CE0-D287-48EA-A399-9B77AA93CE7E} = {30011186-B79B-4D39-BBD6-43D90D004D6C}
	EndGlobalSection
	GlobalSection(ExtensibilityGlobals) = postSolution
		SolutionGuid = {33E522C6-5EB6-4D26-9CA9-6843F5B8FA86}
	EndGlobalSection
EndGlobal
