<?xml version="1.0" encoding="utf-8"?>
<Project ToolsVersion="4.0" xmlns="http://schemas.microsoft.com/developer/msbuild/2003">
  <ItemGroup>
    <Filter Include="Source Files">
      <UniqueIdentifier>{4FC737F1-C7A5-4376-A066-2A32D752A2FF}</UniqueIdentifier>
      <Extensions>cpp;c;cc;cxx;def;odl;idl;hpj;bat;asm;asmx</Extensions>
    </Filter>
    <Filter Include="Header Files">
      <UniqueIdentifier>{93995380-89BD-4b04-88EB-625FBE52EBFB}</UniqueIdentifier>
      <Extensions>h;hh;hpp;hxx;hm;inl;inc;ipp;xsd</Extensions>
    </Filter>
    <Filter Include="Resource Files">
      <UniqueIdentifier>{67DA6AB6-F800-4c08-8B7A-83BB121AAD01}</UniqueIdentifier>
      <Extensions>rc;ico;cur;bmp;dlg;rc2;rct;bin;rgs;gif;jpg;jpeg;jpe;resx;tiff;tif;png;wav;mfcribbon-ms</Extensions>
    </Filter>
  </ItemGroup>
  <ItemGroup>
    <ClCompile Include="mantlelib-private-pch.cpp">
      <Filter>Source Files</Filter>
    </ClCompile>
    <ClCompile Include="Tags\ReflectionData.cpp">
      <Filter>Source Files</Filter>
    </ClCompile>
    <ClCompile Include="Tags\TagsReflectionObject.cpp">
      <Filter>Source Files</Filter>
    </ClCompile>
    <ClCompile Include="!UserInterface\MantleGUI.cpp">
      <Filter>Source Files</Filter>
    </ClCompile>
    <ClCompile Include="!UserInterface\MantleMapTab.cpp">
      <Filter>Source Files</Filter>
    </ClCompile>
    <ClCompile Include="!UserInterface\MantleTab.cpp">
      <Filter>Source Files</Filter>
    </ClCompile>
    <ClCompile Include="FileSystem\CacheFile.cpp">
      <Filter>Source Files</Filter>
    </ClCompile>
    <ClCompile Include="!UserInterface\MantleTagTab.cpp">
      <Filter>Source Files</Filter>
    </ClCompile>
    <ClCompile Include="VirtualMemoryContainer.cpp">
      <Filter>Source Files</Filter>
    </ClCompile>
  </ItemGroup>
  <ItemGroup>
    <ClInclude Include="mantlelib-public-pch.h">
      <Filter>Header Files</Filter>
    </ClInclude>
    <ClInclude Include="mantlelib-private-pch.h">
      <Filter>Header Files</Filter>
    </ClInclude>
    <ClInclude Include="Tags\TagTypes\DataReference.h">
      <Filter>Header Files</Filter>
    </ClInclude>
    <ClInclude Include="Tags\TagTypes\StringID.h">
      <Filter>Header Files</Filter>
    </ClInclude>
    <ClInclude Include="Tags\TagTypes\TagBlock.h">
      <Filter>Header Files</Filter>
    </ClInclude>
    <ClInclude Include="Tags\TagTypes\TagGroupName.h">
      <Filter>Header Files</Filter>
    </ClInclude>
    <ClInclude Include="Tags\TagTypes\TagReference.h">
      <Filter>Header Files</Filter>
    </ClInclude>
    <ClInclude Include="Tags\Tags.h">
      <Filter>Header Files</Filter>
    </ClInclude>
    <ClInclude Include="Tags\ReflectionData.h">
      <Filter>Header Files</Filter>
    </ClInclude>
    <ClInclude Include="FileSystem\FileSystem.h">
      <Filter>Header Files</Filter>
    </ClInclude>
    <ClInclude Include="FileSystem\cache_file_header.h">
      <Filter>Header Files</Filter>
    </ClInclude>
    <ClInclude Include="FileSystem\cache_file_magic.h">
      <Filter>Header Files</Filter>
    </ClInclude>
    <ClInclude Include="FileSystem\scenario_type.h">
      <Filter>Header Files</Filter>
    </ClInclude>
    <ClInclude Include="FileSystem\scenario_load_type.h">
      <Filter>Header Files</Filter>
    </ClInclude>
    <ClInclude Include="FileSystem\cache_file_section.h">
      <Filter>Header Files</Filter>
    </ClInclude>
    <ClInclude Include="FileSystem\cache_file_section_file_bounds.h">
      <Filter>Header Files</Filter>
    </ClInclude>
    <ClInclude Include="FileSystem\basic_buffer.h">
      <Filter>Header Files</Filter>
    </ClInclude>
    <ClInclude Include="!UserInterface\MantleGUI.h">
      <Filter>Header Files</Filter>
    </ClInclude>
    <ClInclude Include="!UserInterface\MantleMapTab.h">
      <Filter>Header Files</Filter>
    </ClInclude>
    <ClInclude Include="!UserInterface\MantleTab.h">
      <Filter>Header Files</Filter>
    </ClInclude>
    <ClInclude Include="!UserInterface\UserInterface.h">
      <Filter>Header Files</Filter>
    </ClInclude>
    <ClInclude Include="FileSystem\CacheFile.h">
      <Filter>Header Files</Filter>
    </ClInclude>
    <ClInclude Include="!UserInterface\MantleTagTab.h">
      <Filter>Header Files</Filter>
    </ClInclude>
    <ClInclude Include="FileSystem\cache_file_tag_instance.h">
      <Filter>Header Files</Filter>
    </ClInclude>
    <ClInclude Include="FileSystem\cache_file_tag_group.h">
      <Filter>Header Files</Filter>
    </ClInclude>
    <ClInclude Include="VirtualMemoryContainer.h">
      <Filter>Header Files</Filter>
    </ClInclude>
    <ClInclude Include="Tags\TagDefinitions\breakable_surface.h">
      <Filter>Header Files</Filter>
    </ClInclude>
    <ClInclude Include="Tags\TagDefinitions\camera_fx_settings.h">
      <Filter>Header Files</Filter>
    </ClInclude>
    <ClInclude Include="Tags\TagDefinitions\camera_track.h">
      <Filter>Header Files</Filter>
    </ClInclude>
    <ClInclude Include="Tags\TagDefinitions\camo.h">
      <Filter>Header Files</Filter>
    </ClInclude>
    <ClInclude Include="Tags\TagDefinitions\chocolate_mountain_new.h">
      <Filter>Header Files</Filter>
    </ClInclude>
    <ClInclude Include="Tags\TagDefinitions\chud_animation_definition.h">
      <Filter>Header Files</Filter>
    </ClInclude>
    <ClInclude Include="Tags\TagDefinitions\chud_definition.h">
      <Filter>Header Files</Filter>
    </ClInclude>
    <ClInclude Include="Tags\TagDefinitions\chud_globals_definition.h">
      <Filter>Header Files</Filter>
    </ClInclude>
    <ClInclude Include="Tags\TagDefinitions\cloth.h">
      <Filter>Header Files</Filter>
    </ClInclude>
    <ClInclude Include="Tags\TagDefinitions\collision_damage.h">
      <Filter>Header Files</Filter>
    </ClInclude>
    <ClInclude Include="Tags\TagDefinitions\collision_model.h">
      <Filter>Header Files</Filter>
    </ClInclude>
    <ClInclude Include="Tags\TagDefinitions\color_table.h">
      <Filter>Header Files</Filter>
    </ClInclude>
    <ClInclude Include="Tags\TagDefinitions\contrail_system.h">
      <Filter>Header Files</Filter>
    </ClInclude>
    <ClInclude Include="Tags\TagDefinitions\crate.h">
      <Filter>Header Files</Filter>
    </ClInclude>
    <ClInclude Include="Tags\TagDefinitions\creature.h">
      <Filter>Header Files</Filter>
    </ClInclude>
    <ClInclude Include="Tags\TagDefinitions\damage_effect.h">
      <Filter>Header Files</Filter>
    </ClInclude>
    <ClInclude Include="Tags\TagDefinitions\damage_response_definition.h">
      <Filter>Header Files</Filter>
    </ClInclude>
    <ClInclude Include="Tags\TagDefinitions\decal_system.h">
      <Filter>Header Files</Filter>
    </ClInclude>
    <ClInclude Include="Tags\TagDefinitions\decorator_set.h">
      <Filter>Header Files</Filter>
    </ClInclude>
    <ClInclude Include="Tags\TagDefinitions\device_control.h">
      <Filter>Header Files</Filter>
    </ClInclude>
    <ClInclude Include="Tags\TagDefinitions\device_machine.h">
      <Filter>Header Files</Filter>
    </ClInclude>
    <ClInclude Include="Tags\TagDefinitions\dialogue.h">
      <Filter>Header Files</Filter>
    </ClInclude>
    <ClInclude Include="Tags\TagDefinitions\effect.h">
      <Filter>Header Files</Filter>
    </ClInclude>
    <ClInclude Include="Tags\TagDefinitions\effect_globals.h">
      <Filter>Header Files</Filter>
    </ClInclude>
    <ClInclude Include="Tags\TagDefinitions\effect_scenery.h">
      <Filter>Header Files</Filter>
    </ClInclude>
    <ClInclude Include="Tags\TagDefinitions\equipment.h">
      <Filter>Header Files</Filter>
    </ClInclude>
    <ClInclude Include="Tags\TagDefinitions\flock.h">
      <Filter>Header Files</Filter>
    </ClInclude>
    <ClInclude Include="Tags\TagDefinitions\formation.h">
      <Filter>Header Files</Filter>
    </ClInclude>
    <ClInclude Include="Tags\TagDefinitions\game_engine_settings_definition.h">
      <Filter>Header Files</Filter>
    </ClInclude>
    <ClInclude Include="Tags\TagDefinitions\global_pixel_shader.h">
      <Filter>Header Files</Filter>
    </ClInclude>
    <ClInclude Include="Tags\TagDefinitions\global_vertex_shader.h">
      <Filter>Header Files</Filter>
    </ClInclude>
    <ClInclude Include="Tags\TagDefinitions\globals.h">
      <Filter>Header Files</Filter>
    </ClInclude>
    <ClInclude Include="Tags\TagDefinitions\lens_flare.h">
      <Filter>Header Files</Filter>
    </ClInclude>
    <ClInclude Include="Tags\TagDefinitions\light.h">
      <Filter>Header Files</Filter>
    </ClInclude>
    <ClInclude Include="Tags\TagDefinitions\light_volume_system.h">
      <Filter>Header Files</Filter>
    </ClInclude>
    <ClInclude Include="Tags\TagDefinitions\material_effects.h">
      <Filter>Header Files</Filter>
    </ClInclude>
    <ClInclude Include="Tags\TagDefinitions\model.h">
      <Filter>Header Files</Filter>
    </ClInclude>
    <ClInclude Include="Tags\TagDefinitions\model_animation_graph.h">
      <Filter>Header Files</Filter>
    </ClInclude>
    <ClInclude Include="Tags\TagDefinitions\multilingual_unicode_string_list.h">
      <Filter>Header Files</Filter>
    </ClInclude>
    <ClInclude Include="Tags\TagDefinitions\multiplayer_globals.h">
      <Filter>Header Files</Filter>
    </ClInclude>
    <ClInclude Include="Tags\TagDefinitions\multiplayer_variant_settings_interface_definition.h">
      <Filter>Header Files</Filter>
    </ClInclude>
    <ClInclude Include="Tags\TagDefinitions\particle.h">
      <Filter>Header Files</Filter>
    </ClInclude>
    <ClInclude Include="Tags\TagDefinitions\particle_model.h">
      <Filter>Header Files</Filter>
    </ClInclude>
    <ClInclude Include="Tags\TagDefinitions\particle_physics.h">
      <Filter>Header Files</Filter>
    </ClInclude>
    <ClInclude Include="Tags\TagDefinitions\performance_throttles.h">
      <Filter>Header Files</Filter>
    </ClInclude>
    <ClInclude Include="Tags\TagDefinitions\physics_model.h">
      <Filter>Header Files</Filter>
    </ClInclude>
    <ClInclude Include="Tags\TagDefinitions\pixel_shader.h">
      <Filter>Header Files</Filter>
    </ClInclude>
    <ClInclude Include="Tags\TagDefinitions\point_physics.h">
      <Filter>Header Files</Filter>
    </ClInclude>
    <ClInclude Include="Tags\TagDefinitions\projectile.h">
      <Filter>Header Files</Filter>
    </ClInclude>
    <ClInclude Include="Tags\TagDefinitions\rasterizer_globals.h">
      <Filter>Header Files</Filter>
    </ClInclude>
    <ClInclude Include="Tags\TagDefinitions\render_method_definition.h">
      <Filter>Header Files</Filter>
    </ClInclude>
    <ClInclude Include="Tags\TagDefinitions\render_method_option.h">
      <Filter>Header Files</Filter>
    </ClInclude>
    <ClInclude Include="Tags\TagDefinitions\render_method_template.h">
      <Filter>Header Files</Filter>
    </ClInclude>
    <ClInclude Include="Tags\TagDefinitions\render_model.h">
      <Filter>Header Files</Filter>
    </ClInclude>
    <ClInclude Include="Tags\TagDefinitions\render_water_ripple.h">
      <Filter>Header Files</Filter>
    </ClInclude>
    <ClInclude Include="Tags\TagDefinitions\scenario.h">
      <Filter>Header Files</Filter>
    </ClInclude>
    <ClInclude Include="Tags\TagDefinitions\scenario_lightmap.h">
      <Filter>Header Files</Filter>
    </ClInclude>
    <ClInclude Include="Tags\TagDefinitions\scenario_lightmap_bsp_data.h">
      <Filter>Header Files</Filter>
    </ClInclude>
    <ClInclude Include="Tags\TagDefinitions\scenario_structure_bsp.h">
      <Filter>Header Files</Filter>
    </ClInclude>
    <ClInclude Include="Tags\TagDefinitions\scenery.h">
      <Filter>Header Files</Filter>
    </ClInclude>
    <ClInclude Include="Tags\TagDefinitions\shader.h">
      <Filter>Header Files</Filter>
    </ClInclude>
    <ClInclude Include="Tags\TagDefinitions\shader_custom.h">
      <Filter>Header Files</Filter>
    </ClInclude>
    <ClInclude Include="Tags\TagDefinitions\shader_decal.h">
      <Filter>Header Files</Filter>
    </ClInclude>
    <ClInclude Include="Tags\TagDefinitions\shader_foliage.h">
      <Filter>Header Files</Filter>
    </ClInclude>
    <ClInclude Include="Tags\TagDefinitions\shader_halogram.h">
      <Filter>Header Files</Filter>
    </ClInclude>
    <ClInclude Include="Tags\TagDefinitions\shader_screen.h">
      <Filter>Header Files</Filter>
    </ClInclude>
    <ClInclude Include="Tags\TagDefinitions\shader_terrain.h">
      <Filter>Header Files</Filter>
    </ClInclude>
    <ClInclude Include="Tags\TagDefinitions\shader_water.h">
      <Filter>Header Files</Filter>
    </ClInclude>
    <ClInclude Include="Tags\TagDefinitions\shield_impact.h">
      <Filter>Header Files</Filter>
    </ClInclude>
    <ClInclude Include="Tags\TagDefinitions\sky_atm_parameters.h">
      <Filter>Header Files</Filter>
    </ClInclude>
    <ClInclude Include="Tags\TagDefinitions\sound.h">
      <Filter>Header Files</Filter>
    </ClInclude>
    <ClInclude Include="Tags\TagDefinitions\sound_classes.h">
      <Filter>Header Files</Filter>
    </ClInclude>
    <ClInclude Include="Tags\TagDefinitions\sound_dialogue_constants.h">
      <Filter>Header Files</Filter>
    </ClInclude>
    <ClInclude Include="Tags\TagDefinitions\sound_effect_collection.h">
      <Filter>Header Files</Filter>
    </ClInclude>
    <ClInclude Include="Tags\TagDefinitions\sound_environment.h">
      <Filter>Header Files</Filter>
    </ClInclude>
    <ClInclude Include="Tags\TagDefinitions\sound_global_propagation.h">
      <Filter>Header Files</Filter>
    </ClInclude>
    <ClInclude Include="Tags\TagDefinitions\sound_looping.h">
      <Filter>Header Files</Filter>
    </ClInclude>
    <ClInclude Include="Tags\TagDefinitions\sound_mix.h">
      <Filter>Header Files</Filter>
    </ClInclude>
    <ClInclude Include="Tags\TagDefinitions\sound_scenery.h">
      <Filter>Header Files</Filter>
    </ClInclude>
    <ClInclude Include="Tags\TagDefinitions\squad_template.h">
      <Filter>Header Files</Filter>
    </ClInclude>
    <ClInclude Include="Tags\TagDefinitions\structure_design.h">
      <Filter>Header Files</Filter>
    </ClInclude>
    <ClInclude Include="Tags\TagDefinitions\style.h">
      <Filter>Header Files</Filter>
    </ClInclude>
    <ClInclude Include="Tags\TagDefinitions\survival_mode_globals.h">
      <Filter>Header Files</Filter>
    </ClInclude>
    <ClInclude Include="Tags\TagDefinitions\text_value_pair_definition.h">
      <Filter>Header Files</Filter>
    </ClInclude>
    <ClInclude Include="Tags\TagDefinitions\user_interface_globals_definition.h">
      <Filter>Header Files</Filter>
    </ClInclude>
    <ClInclude Include="Tags\TagDefinitions\user_interface_shared_globals_definition.h">
      <Filter>Header Files</Filter>
    </ClInclude>
    <ClInclude Include="Tags\TagDefinitions\user_interface_sounds_definition.h">
      <Filter>Header Files</Filter>
    </ClInclude>
    <ClInclude Include="Tags\TagDefinitions\vehicle.h">
      <Filter>Header Files</Filter>
    </ClInclude>
    <ClInclude Include="Tags\TagDefinitions\vertex_shader.h">
      <Filter>Header Files</Filter>
    </ClInclude>
    <ClInclude Include="Tags\TagDefinitions\weapon.h">
      <Filter>Header Files</Filter>
    </ClInclude>
    <ClInclude Include="Tags\TagDefinitions\wind.h">
      <Filter>Header Files</Filter>
    </ClInclude>
    <ClInclude Include="Tags\TagDefinitions\achievements.h">
      <Filter>Header Files</Filter>
    </ClInclude>
    <ClInclude Include="Tags\TagDefinitions\ai_dialogue_globals.h">
      <Filter>Header Files</Filter>
    </ClInclude>
    <ClInclude Include="Tags\TagDefinitions\ai_globals.h">
      <Filter>Header Files</Filter>
    </ClInclude>
    <ClInclude Include="Tags\TagDefinitions\antenna.h">
      <Filter>Header Files</Filter>
    </ClInclude>
    <ClInclude Include="Tags\TagDefinitions\area_screen_effect.h">
      <Filter>Header Files</Filter>
    </ClInclude>
    <ClInclude Include="Tags\TagDefinitions\beam_system.h">
      <Filter>Header Files</Filter>
    </ClInclude>
    <ClInclude Include="Tags\TagDefinitions\biped.h">
      <Filter>Header Files</Filter>
    </ClInclude>
    <ClInclude Include="Tags\TagDefinitions\bitmap.h">
      <Filter>Header Files</Filter>
    </ClInclude>
    <ClInclude Include="Tags\TagTypes\Undefined.h">
      <Filter>Header Files</Filter>
    </ClInclude>
  </ItemGroup>
</Project>