<?xml version="1.0" encoding="utf-8"?>
<Project ToolsVersion="4.0" xmlns="http://schemas.microsoft.com/developer/msbuild/2003">
  <ItemGroup>
    <Filter Include="Source Files">
      <UniqueIdentifier>{4FC737F1-C7A5-4376-A066-2A32D752A2FF}</UniqueIdentifier>
      <Extensions>cpp;c;cc;cxx;def;odl;idl;hpj;bat;asm;asmx</Extensions>
    </Filter>
    <Filter Include="Header Files">
      <UniqueIdentifier>{93995380-89BD-4b04-88EB-625FBE52EBFB}</UniqueIdentifier>
      <Extensions>h;hh;hpp;hxx;hm;inl;inc;ipp;xsd</Extensions>
    </Filter>
    <Filter Include="Resource Files">
      <UniqueIdentifier>{67DA6AB6-F800-4c08-8B7A-83BB121AAD01}</UniqueIdentifier>
      <Extensions>rc;ico;cur;bmp;dlg;rc2;rct;bin;rgs;gif;jpg;jpeg;jpe;resx;tiff;tif;png;wav;mfcribbon-ms</Extensions>
    </Filter>
  </ItemGroup>
  <ItemGroup>
    <ClCompile Include="blofeld.cpp">
      <Filter>Source Files</Filter>
    </ClCompile>
    <ClCompile Include="tagdefinitions-private-pch.cpp">
      <Filter>Source Files</Filter>
    </ClCompile>
    <ClCompile Include="types\string_list_definitions.cpp">
      <Filter>Source Files</Filter>
    </ClCompile>
    <ClCompile Include="types\tag_block_definition.cpp">
      <Filter>Source Files</Filter>
    </ClCompile>
    <ClCompile Include="types\tag_struct_definition.cpp">
      <Filter>Source Files</Filter>
    </ClCompile>
    <ClCompile Include="types\tag_group.cpp">
      <Filter>Source Files</Filter>
    </ClCompile>
    <ClCompile Include="types\field_type.cpp">
      <Filter>Source Files</Filter>
    </ClCompile>
    <ClCompile Include="blofeld\manual_tag_references.cpp">
      <Filter>Source Files</Filter>
    </ClCompile>
    <ClCompile Include="blofeld\constants.cpp">
      <Filter>Source Files</Filter>
    </ClCompile>
    <ClCompile Include="blofeld\validation.cpp">
      <Filter>Source Files</Filter>
    </ClCompile>
    <ClCompile Include="blamlib\halo1_tools.cpp">
      <Filter>Source Files</Filter>
    </ClCompile>
    <ClCompile Include="slipspace\infinite.cpp">
      <Filter>Source Files</Filter>
    </ClCompile>
    <ClCompile Include="blamlib\halo2_tools.cpp">
      <Filter>Source Files</Filter>
    </ClCompile>
    <ClCompile Include="slipspace\infinite_flight1.cpp">
      <Filter>Source Files</Filter>
    </ClCompile>
    <ClCompile Include="definition_migration.cpp">
      <Filter>Source Files</Filter>
    </ClCompile>
    <ClCompile Include="slipspace\infinite_flight2.cpp">
      <Filter>Source Files</Filter>
    </ClCompile>
    <ClCompile Include="tag_groups\tag_groups.cpp">
      <Filter>Source Files</Filter>
    </ClCompile>
    <ClCompile Include="types\field_id.cpp">
      <Filter>Source Files</Filter>
    </ClCompile>
    <ClCompile Include="blamlib\halo3_tools.cpp">
      <Filter>Source Files</Filter>
    </ClCompile>
    <ClCompile Include="types\tag_data_definition.cpp">
      <Filter>Source Files</Filter>
    </ClCompile>
    <ClCompile Include="types\tag_interop_definition.cpp">
      <Filter>Source Files</Filter>
    </ClCompile>
    <ClCompile Include="slipspace\infinite_release.cpp">
      <Filter>Source Files</Filter>
    </ClCompile>
    <ClCompile Include="blamlib\haloreach_tags_test_x360.cpp">
      <Filter>Source Files</Filter>
    </ClCompile>
    <ClCompile Include="types\persistent_identifier.cpp">
      <Filter>Source Files</Filter>
    </ClCompile>
    <ClCompile Include="blamlib_byteswap.cpp">
      <Filter>Source Files</Filter>
    </ClCompile>
    <ClCompile Include="types\tag_versioning.cpp">
      <Filter>Source Files</Filter>
    </ClCompile>
    <ClCompile Include="tagdefinitions_tracked_memory.cpp">
      <Filter>Source Files</Filter>
    </ClCompile>
    <ClCompile Include="tag_struct_definition_view.cpp">
      <Filter>Source Files</Filter>
    </ClCompile>
    <ClCompile Include="types\tag_resource_definition.cpp">
      <Filter>Source Files</Filter>
    </ClCompile>
    <ClCompile Include="types\block_index_custom_search_definition.cpp">
      <Filter>Source Files</Filter>
    </ClCompile>
  </ItemGroup>
  <ItemGroup>
    <ClInclude Include="blofeld.h">
      <Filter>Header Files</Filter>
    </ClInclude>
    <ClInclude Include="blofeld_field_type_override.h">
      <Filter>Header Files</Filter>
    </ClInclude>
    <ClInclude Include="tagdefinitions-private-pch.h">
      <Filter>Header Files</Filter>
    </ClInclude>
    <ClInclude Include="tagdefinitions-public-pch.h">
      <Filter>Header Files</Filter>
    </ClInclude>
    <ClInclude Include="types\field_type.h">
      <Filter>Header Files</Filter>
    </ClInclude>
    <ClInclude Include="types\tag_struct_definition.h">
      <Filter>Header Files</Filter>
    </ClInclude>
    <ClInclude Include="types\tag_block_definition.h">
      <Filter>Header Files</Filter>
    </ClInclude>
    <ClInclude Include="types\tag_group.h">
      <Filter>Header Files</Filter>
    </ClInclude>
    <ClInclude Include="types\tag_array_definition.h">
      <Filter>Header Files</Filter>
    </ClInclude>
    <ClInclude Include="types\tag_reference_definition.h">
      <Filter>Header Files</Filter>
    </ClInclude>
    <ClInclude Include="types\string_list_definition.h">
      <Filter>Header Files</Filter>
    </ClInclude>
    <ClInclude Include="types\tag_field.h">
      <Filter>Header Files</Filter>
    </ClInclude>
    <ClInclude Include="types\tag_interop_definition.h">
      <Filter>Header Files</Filter>
    </ClInclude>
    <ClInclude Include="blofeld_field_type_override.h">
      <Filter>Header Files</Filter>
    </ClInclude>
    <ClInclude Include="blofeld\manual_tag_references.h">
      <Filter>Header Files</Filter>
    </ClInclude>
    <ClInclude Include="blofeld\tag_groups.h">
      <Filter>Header Files</Filter>
    </ClInclude>
    <ClInclude Include="blofeld\constants.h">
      <Filter>Header Files</Filter>
    </ClInclude>
    <ClInclude Include="blofeld\validation.h">
      <Filter>Header Files</Filter>
    </ClInclude>
    <ClInclude Include="blamlib\halo1_tools.h">
      <Filter>Header Files</Filter>
    </ClInclude>
    <ClInclude Include="slipspace\infinite.h">
      <Filter>Header Files</Filter>
    </ClInclude>
    <ClInclude Include="blamlib\halo2_tools.h">
      <Filter>Header Files</Filter>
    </ClInclude>
    <ClInclude Include="slipspace\infinite_flight1.h">
      <Filter>Header Files</Filter>
    </ClInclude>
    <ClInclude Include="definition_migration.h">
      <Filter>Header Files</Filter>
    </ClInclude>
    <ClInclude Include="slipspace\infinite_flight2.h">
      <Filter>Header Files</Filter>
    </ClInclude>
    <ClInclude Include="tag_groups\tag_groups.h">
      <Filter>Header Files</Filter>
    </ClInclude>
    <ClInclude Include="types\field_id.h">
      <Filter>Header Files</Filter>
    </ClInclude>
    <ClInclude Include="blamlib\halo3_tools.h">
      <Filter>Header Files</Filter>
    </ClInclude>
    <ClInclude Include="types\tag_data_definition.h">
      <Filter>Header Files</Filter>
    </ClInclude>
    <ClInclude Include="slipspace\infinite_release.h">
      <Filter>Header Files</Filter>
    </ClInclude>
    <ClInclude Include="blamlib\haloreach_tags_test_x360.h">
      <Filter>Header Files</Filter>
    </ClInclude>
    <ClInclude Include="types\persistent_identifier.h">
      <Filter>Header Files</Filter>
    </ClInclude>
    <ClInclude Include="blamlib_byteswap.h">
      <Filter>Header Files</Filter>
    </ClInclude>
    <ClInclude Include="types\tag_versioning.h">
      <Filter>Header Files</Filter>
    </ClInclude>
    <ClInclude Include="tagdefinitions_tracked_memory.h">
      <Filter>Header Files</Filter>
    </ClInclude>
    <ClInclude Include="tag_struct_definition_view.h">
      <Filter>Header Files</Filter>
    </ClInclude>
    <ClInclude Include="types\tag_resource_definition.h">
      <Filter>Header Files</Filter>
    </ClInclude>
    <ClInclude Include="types\block_index_custom_search_definition.h">
      <Filter>Header Files</Filter>
    </ClInclude>
  </ItemGroup>
  <ItemGroup>
    <None Include="types\tag_field.ctor.inl">
      <Filter>Header Files</Filter>
    </None>
    <None Include="slipspace\tag_groups.infinite.inl">
      <Filter>Header Files</Filter>
    </None>
    <None Include="slipspace\tag_groups.infinite_flight1.inl">
      <Filter>Header Files</Filter>
    </None>
    <None Include="slipspace\tag_groups.infinite_flight2.inl">
      <Filter>Header Files</Filter>
    </None>
    <None Include="tag_groups\tag_groups.eldorado.inl">
      <Filter>Header Files</Filter>
    </None>
    <None Include="tag_groups\tag_groups.gen3_xbox360.inl">
      <Filter>Header Files</Filter>
    </None>
    <None Include="tag_groups\tag_groups.groundhog.inl">
      <Filter>Header Files</Filter>
    </None>
    <None Include="tag_groups\tag_groups.halo1.inl">
      <Filter>Header Files</Filter>
    </None>
    <None Include="tag_groups\tag_groups.halo2.inl">
      <Filter>Header Files</Filter>
    </None>
    <None Include="tag_groups\tag_groups.halo3.inl">
      <Filter>Header Files</Filter>
    </None>
    <None Include="tag_groups\tag_groups.halo3odst.inl">
      <Filter>Header Files</Filter>
    </None>
    <None Include="tag_groups\tag_groups.halo4.inl">
      <Filter>Header Files</Filter>
    </None>
    <None Include="tag_groups\tag_groups.haloreach.inl">
      <Filter>Header Files</Filter>
    </None>
    <None Include="tag_groups\tag_groups.stubbs.inl">
      <Filter>Header Files</Filter>
    </None>
    <None Include="slipspace\tag_groups.infinite_release.inl">
      <Filter>Header Files</Filter>
    </None>
    <None Include="blamlib_byteswap.inl">
      <Filter>Header Files</Filter>
    </None>
  </ItemGroup>
  <ItemGroup>
    <Text Include="blofeld\constants.txt" />
  </ItemGroup>
</Project>