<?xml version="1.0" encoding="utf-8"?>
<Project ToolsVersion="4.0" xmlns="http://schemas.microsoft.com/developer/msbuild/2003">
  <ItemGroup>
    <Filter Include="Source Files">
      <UniqueIdentifier>{4FC737F1-C7A5-4376-A066-2A32D752A2FF}</UniqueIdentifier>
      <Extensions>cpp;c;cc;cxx;def;odl;idl;hpj;bat;asm;asmx</Extensions>
    </Filter>
    <Filter Include="Header Files">
      <UniqueIdentifier>{93995380-89BD-4b04-88EB-625FBE52EBFB}</UniqueIdentifier>
      <Extensions>h;hh;hpp;hxx;hm;inl;inc;ipp;xsd</Extensions>
    </Filter>
    <Filter Include="Resource Files">
      <UniqueIdentifier>{67DA6AB6-F800-4c08-8B7A-83BB121AAD01}</UniqueIdentifier>
      <Extensions>rc;ico;cur;bmp;dlg;rc2;rct;bin;rgs;gif;jpg;jpeg;jpe;resx;tiff;tif;png;wav;mfcribbon-ms</Extensions>
    </Filter>
  </ItemGroup>
  <ItemGroup>
    <ClInclude Include="shared-public-pch.h">
      <Filter>Header Files</Filter>
    </ClInclude>
    <ClInclude Include="shared-system-pch.h">
      <Filter>Header Files</Filter>
    </ClInclude>
    <ClInclude Include="shared-private-pch.h">
      <Filter>Header Files</Filter>
    </ClInclude>
    <ClInclude Include="Rendering\Rendering.h">
      <Filter>Header Files</Filter>
    </ClInclude>
    <ClInclude Include="Rendering\Render.h">
      <Filter>Header Files</Filter>
    </ClInclude>
    <ClInclude Include="hexrays_defs.h">
      <Filter>Header Files</Filter>
    </ClInclude>
    <ClInclude Include="Blam\Blam.h">
      <Filter>Header Files</Filter>
    </ClInclude>
    <ClInclude Include="Rendering\BoxRenderer.h">
      <Filter>Header Files</Filter>
    </ClInclude>
    <ClInclude Include="ThreadSafeQueue.h">
      <Filter>Header Files</Filter>
    </ClInclude>
    <ClInclude Include="StringUtilities.h">
      <Filter>Header Files</Filter>
    </ClInclude>
    <ClInclude Include="Rendering\debug_gui.h">
      <Filter>Header Files</Filter>
    </ClInclude>
    <ClInclude Include="ThreadPrimitives\atomic_flip_value.h">
      <Filter>Header Files</Filter>
    </ClInclude>
    <ClInclude Include="ThreadPrimitives\ThreadPrimitives.h">
      <Filter>Header Files</Filter>
    </ClInclude>
    <ClInclude Include="ThreadPrimitives\semaphore.h">
      <Filter>Header Files</Filter>
    </ClInclude>
    <ClInclude Include="ThreadPrimitives\thread_subroutine.h">
      <Filter>Header Files</Filter>
    </ClInclude>
    <ClInclude Include="ThreadPrimitives\atomic_temp_value.h">
      <Filter>Header Files</Filter>
    </ClInclude>
    <ClInclude Include="Rendering\box_primitive.h">
      <Filter>Header Files</Filter>
    </ClInclude>
    <ClInclude Include="Rendering\primitive_render_manager.h">
      <Filter>Header Files</Filter>
    </ClInclude>
    <ClInclude Include="Rendering\dds.h">
      <Filter>Header Files</Filter>
    </ClInclude>
    <ClInclude Include="Rendering\directx_helpers.h">
      <Filter>Header Files</Filter>
    </ClInclude>
    <ClInclude Include="high_precision_timer.h">
      <Filter>Header Files</Filter>
    </ClInclude>
    <ClInclude Include="ImGuiAddons\imgui_memory_editor.h">
      <Filter>Header Files</Filter>
    </ClInclude>
    <ClInclude Include="ImGuiAddons\imgui_file_browser.h">
      <Filter>Header Files</Filter>
    </ClInclude>
    <ClInclude Include="ImGuiAddons\imgui_text_editor.h">
      <Filter>Header Files</Filter>
    </ClInclude>
    <ClInclude Include="ImGuiAddons\!imgui_addons.h">
      <Filter>Header Files</Filter>
    </ClInclude>
    <ClInclude Include="ImGuiAddons\dirent\dirent.h">
      <Filter>Header Files</Filter>
    </ClInclude>
    <ClInclude Include="Blam\legacy\basic_buffer.h">
      <Filter>Header Files</Filter>
    </ClInclude>
    <ClInclude Include="Blam\legacy\blamfile_chunk_type.h">
      <Filter>Header Files</Filter>
    </ClInclude>
    <ClInclude Include="Blam\legacy\blamfile_header.h">
      <Filter>Header Files</Filter>
    </ClInclude>
    <ClInclude Include="Blam\legacy\blamfile_level_chunk.h">
      <Filter>Header Files</Filter>
    </ClInclude>
    <ClInclude Include="Blam\legacy\blamfile_level_chunk_flags.h">
      <Filter>Header Files</Filter>
    </ClInclude>
    <ClInclude Include="Blam\legacy\cache_file_magic.h">
      <Filter>Header Files</Filter>
    </ClInclude>
    <ClInclude Include="Blam\legacy\campaign_difficulty_level.h">
      <Filter>Header Files</Filter>
    </ClInclude>
    <ClInclude Include="Blam\legacy\campaign_metagame_bucket_type.h">
      <Filter>Header Files</Filter>
    </ClInclude>
    <ClInclude Include="Blam\legacy\damage_reporting_type.h">
      <Filter>Header Files</Filter>
    </ClInclude>
    <ClInclude Include="Blam\legacy\life_cycle_join_result.h">
      <Filter>Header Files</Filter>
    </ClInclude>
    <ClInclude Include="Blam\legacy\network_message_type.h">
      <Filter>Header Files</Filter>
    </ClInclude>
    <ClInclude Include="Blam\legacy\network_session_class.h">
      <Filter>Header Files</Filter>
    </ClInclude>
    <ClInclude Include="Blam\legacy\network_session_parameter_type.h">
      <Filter>Header Files</Filter>
    </ClInclude>
    <ClInclude Include="Blam\legacy\network_session_peer_state.h">
      <Filter>Header Files</Filter>
    </ClInclude>
    <ClInclude Include="Blam\legacy\observer_camera.h">
      <Filter>Header Files</Filter>
    </ClInclude>
    <ClInclude Include="Blam\blamlib-public-pch.h">
      <Filter>Header Files</Filter>
    </ClInclude>
    <ClInclude Include="Blam\mcc_skull.h">
      <Filter>Header Files</Filter>
    </ClInclude>
    <ClInclude Include="Blam\mcc_game_mode.h">
      <Filter>Header Files</Filter>
    </ClInclude>
    <ClInclude Include="shared-types-pch.h">
      <Filter>Header Files</Filter>
    </ClInclude>
    <ClInclude Include="string_helpers.h">
      <Filter>Header Files</Filter>
    </ClInclude>
    <ClInclude Include="IconsFontAwesome5.h">
      <Filter>Header Files</Filter>
    </ClInclude>
  </ItemGroup>
  <ItemGroup>
    <ClCompile Include="shared-private-pch.cpp">
      <Filter>Source Files</Filter>
    </ClCompile>
    <ClCompile Include="Rendering\Render.cpp">
      <Filter>Source Files</Filter>
    </ClCompile>
    <ClCompile Include="Rendering\BoxRenderer.cpp">
      <Filter>Source Files</Filter>
    </ClCompile>
    <ClCompile Include="StringUtilities.cpp">
      <Filter>Source Files</Filter>
    </ClCompile>
    <ClCompile Include="Rendering\debug_gui.cpp">
      <Filter>Source Files</Filter>
    </ClCompile>
    <ClCompile Include="ThreadPrimitives\atomic_flip_value.cpp">
      <Filter>Source Files</Filter>
    </ClCompile>
    <ClCompile Include="ThreadPrimitives\semaphore.cpp">
      <Filter>Source Files</Filter>
    </ClCompile>
    <ClCompile Include="ThreadPrimitives\thread_subroutine.cpp">
      <Filter>Source Files</Filter>
    </ClCompile>
    <ClCompile Include="Rendering\box_primitive.cpp">
      <Filter>Source Files</Filter>
    </ClCompile>
    <ClCompile Include="Rendering\primitive_render_manager.cpp">
      <Filter>Source Files</Filter>
    </ClCompile>
    <ClCompile Include="Rendering\directx_helpers.cpp">
      <Filter>Source Files</Filter>
    </ClCompile>
    <ClCompile Include="ImGuiAddons\imgui_file_browser.cpp">
      <Filter>Source Files</Filter>
    </ClCompile>
    <ClCompile Include="ImGuiAddons\imgui_text_editor.cpp">
      <Filter>Source Files</Filter>
    </ClCompile>
    <ClCompile Include="string_helpers.cpp">
      <Filter>Source Files</Filter>
    </ClCompile>
  </ItemGroup>
</Project>