<?xml version="1.0" encoding="utf-8"?>
<Project ToolsVersion="4.0" xmlns="http://schemas.microsoft.com/developer/msbuild/2003">
  <ItemGroup>
    <Filter Include="Source Files">
      <UniqueIdentifier>{4FC737F1-C7A5-4376-A066-2A32D752A2FF}</UniqueIdentifier>
      <Extensions>cpp;c;cc;cxx;def;odl;idl;hpj;bat;asm;asmx</Extensions>
    </Filter>
    <Filter Include="Header Files">
      <UniqueIdentifier>{93995380-89BD-4b04-88EB-625FBE52EBFB}</UniqueIdentifier>
      <Extensions>h;hh;hpp;hxx;hm;inl;inc;ipp;xsd</Extensions>
    </Filter>
    <Filter Include="Resource Files">
      <UniqueIdentifier>{67DA6AB6-F800-4c08-8B7A-83BB121AAD01}</UniqueIdentifier>
      <Extensions>rc;ico;cur;bmp;dlg;rc2;rct;bin;rgs;gif;jpg;jpeg;jpe;resx;tiff;tif;png;wav;mfcribbon-ms</Extensions>
    </Filter>
  </ItemGroup>
  <ItemGroup>
    <ClInclude Include="CacheInterface\CacheInterface.h">
      <Filter>Header Files</Filter>
    </ClInclude>
    <ClInclude Include="mandrilllib-private-pch.h">
      <Filter>Header Files</Filter>
    </ClInclude>
    <ClInclude Include="mandrilllib-public-pch.h">
      <Filter>Header Files</Filter>
    </ClInclude>
    <ClInclude Include="HighLevel\tag_project.h">
      <Filter>Header Files</Filter>
    </ClInclude>
    <ClInclude Include="HighLevel\HighLevel.h">
      <Filter>Header Files</Filter>
    </ClInclude>
    <ClInclude Include="HighLevel\string_id_manager.h">
      <Filter>Header Files</Filter>
    </ClInclude>
    <ClInclude Include="CacheInterface\gen3\gen3_cache_file_header.h">
      <Filter>Header Files</Filter>
    </ClInclude>
    <ClInclude Include="CacheInterface\cache_byteswap.h">
      <Filter>Header Files</Filter>
    </ClInclude>
    <ClInclude Include="CacheInterface\base\cache_cluster.h">
      <Filter>Header Files</Filter>
    </ClInclude>
    <ClInclude Include="CacheInterface\base\cache_file_api.h">
      <Filter>Header Files</Filter>
    </ClInclude>
    <ClInclude Include="CacheInterface\base\cache_file_header.h">
      <Filter>Header Files</Filter>
    </ClInclude>
    <ClInclude Include="CacheInterface\base\cache_file_reader.h">
      <Filter>Header Files</Filter>
    </ClInclude>
    <ClInclude Include="CacheInterface\base\debug_reader.h">
      <Filter>Header Files</Filter>
    </ClInclude>
    <ClInclude Include="CacheInterface\base\localization_reader.h">
      <Filter>Header Files</Filter>
    </ClInclude>
    <ClInclude Include="CacheInterface\base\resource_reader.h">
      <Filter>Header Files</Filter>
    </ClInclude>
    <ClInclude Include="CacheInterface\base\tag_reader.h">
      <Filter>Header Files</Filter>
    </ClInclude>
    <ClInclude Include="CacheInterface\base\tag_instance.h">
      <Filter>Header Files</Filter>
    </ClInclude>
    <ClInclude Include="CacheInterface\base\tag_group.h">
      <Filter>Header Files</Filter>
    </ClInclude>
    <ClInclude Include="CacheInterface\base\api_interop.h">
      <Filter>Header Files</Filter>
    </ClInclude>
    <ClInclude Include="HighLevel\high_level_cache_cluster_transplant.h">
      <Filter>Header Files</Filter>
    </ClInclude>
    <ClInclude Include="CacheInterface\halo1\halo1_cache_cluster.h">
      <Filter>Header Files</Filter>
    </ClInclude>
    <ClInclude Include="CacheInterface\halo1\halo1_cache_file_header.h">
      <Filter>Header Files</Filter>
    </ClInclude>
    <ClInclude Include="CacheInterface\halo1\halo1_cache_file_reader.h">
      <Filter>Header Files</Filter>
    </ClInclude>
    <ClInclude Include="CacheInterface\halo1\halo1_debug_reader.h">
      <Filter>Header Files</Filter>
    </ClInclude>
    <ClInclude Include="CacheInterface\halo1\halo1_localization_reader.h">
      <Filter>Header Files</Filter>
    </ClInclude>
    <ClInclude Include="CacheInterface\halo1\halo1_resource_reader.h">
      <Filter>Header Files</Filter>
    </ClInclude>
    <ClInclude Include="CacheInterface\halo1\halo1_tag_group.h">
      <Filter>Header Files</Filter>
    </ClInclude>
    <ClInclude Include="CacheInterface\halo1\halo1_tag_group_hierarchy.h">
      <Filter>Header Files</Filter>
    </ClInclude>
    <ClInclude Include="CacheInterface\halo1\halo1_tag_instance.h">
      <Filter>Header Files</Filter>
    </ClInclude>
    <ClInclude Include="CacheInterface\halo1\halo1_tag_reader.h">
      <Filter>Header Files</Filter>
    </ClInclude>
    <ClInclude Include="CacheInterface\infinite\infinite_localization_reader.h">
      <Filter>Header Files</Filter>
    </ClInclude>
    <ClInclude Include="CacheInterface\infinite\infinite_resource_reader.h">
      <Filter>Header Files</Filter>
    </ClInclude>
    <ClInclude Include="CacheInterface\infinite\infinite_tag_group.h">
      <Filter>Header Files</Filter>
    </ClInclude>
    <ClInclude Include="CacheInterface\infinite\infinite_tag_instance.h">
      <Filter>Header Files</Filter>
    </ClInclude>
    <ClInclude Include="CacheInterface\infinite\infinite_tag_reader.h">
      <Filter>Header Files</Filter>
    </ClInclude>
    <ClInclude Include="CacheInterface\infinite\infinite_cache_cluster.h">
      <Filter>Header Files</Filter>
    </ClInclude>
    <ClInclude Include="CacheInterface\infinite\infinite_cache_file_header.h">
      <Filter>Header Files</Filter>
    </ClInclude>
    <ClInclude Include="CacheInterface\infinite\infinite_cache_file_reader.h">
      <Filter>Header Files</Filter>
    </ClInclude>
    <ClInclude Include="CacheInterface\infinite\infinite_debug_reader.h">
      <Filter>Header Files</Filter>
    </ClInclude>
    <ClInclude Include="CacheInterface\infinite\infinite_ucs_reader.h">
      <Filter>Header Files</Filter>
    </ClInclude>
    <ClInclude Include="CacheInterface\infinite\infinite_generic_module_file_entry.h">
      <Filter>Header Files</Filter>
    </ClInclude>
    <ClInclude Include="CacheInterface\infinite\infinite_file_entry_block_map.h">
      <Filter>Header Files</Filter>
    </ClInclude>
    <ClInclude Include="HighLevel\infinite_string_id_manager.h">
      <Filter>Header Files</Filter>
    </ClInclude>
    <ClInclude Include="HighLevel\legacy_string_id_manager.h">
      <Filter>Header Files</Filter>
    </ClInclude>
    <ClInclude Include="HighLevel\filesystem_project.h">
      <Filter>Header Files</Filter>
    </ClInclude>
    <ClInclude Include="HighLevel\cache_file_project.h">
      <Filter>Header Files</Filter>
    </ClInclude>
    <ClInclude Include="Filesystem\Chunks\LayoutChunks\array_definitions_chunk.h">
      <Filter>Header Files</Filter>
    </ClInclude>
    <ClInclude Include="Filesystem\Chunks\LayoutChunks\block_definitions_chunk.h">
      <Filter>Header Files</Filter>
    </ClInclude>
    <ClInclude Include="Filesystem\Chunks\LayoutChunks\custom_block_index_search_names_chunk.h">
      <Filter>Header Files</Filter>
    </ClInclude>
    <ClInclude Include="Filesystem\Chunks\LayoutChunks\data_definition_name_chunk.h">
      <Filter>Header Files</Filter>
    </ClInclude>
    <ClInclude Include="Filesystem\Chunks\LayoutChunks\fields_chunk.h">
      <Filter>Header Files</Filter>
    </ClInclude>
    <ClInclude Include="Filesystem\Chunks\LayoutChunks\interop_definitions_chunk.h">
      <Filter>Header Files</Filter>
    </ClInclude>
    <ClInclude Include="Filesystem\Chunks\LayoutChunks\resource_definitions_chunk.h">
      <Filter>Header Files</Filter>
    </ClInclude>
    <ClInclude Include="Filesystem\Chunks\LayoutChunks\string_data_chunk.h">
      <Filter>Header Files</Filter>
    </ClInclude>
    <ClInclude Include="Filesystem\Chunks\LayoutChunks\string_lists_chunk.h">
      <Filter>Header Files</Filter>
    </ClInclude>
    <ClInclude Include="Filesystem\Chunks\LayoutChunks\string_offsets_chunk.h">
      <Filter>Header Files</Filter>
    </ClInclude>
    <ClInclude Include="Filesystem\Chunks\LayoutChunks\structure_definitions_chunk.h">
      <Filter>Header Files</Filter>
    </ClInclude>
    <ClInclude Include="Filesystem\Chunks\LayoutChunks\field_types_chunk.h">
      <Filter>Header Files</Filter>
    </ClInclude>
    <ClInclude Include="Filesystem\Chunks\LayoutChunks\tag_group_layout_chunk.h">
      <Filter>Header Files</Filter>
    </ClInclude>
    <ClInclude Include="Filesystem\Chunks\LayoutChunks\tag_layout_v3_chunk.h">
      <Filter>Header Files</Filter>
    </ClInclude>
    <ClInclude Include="Filesystem\Chunks\TagChunks\binary_data_chunk.h">
      <Filter>Header Files</Filter>
    </ClInclude>
    <ClInclude Include="Filesystem\Chunks\TagChunks\tag_block_chunk.h">
      <Filter>Header Files</Filter>
    </ClInclude>
    <ClInclude Include="Filesystem\Chunks\TagChunks\tag_data_chunk.h">
      <Filter>Header Files</Filter>
    </ClInclude>
    <ClInclude Include="Filesystem\Chunks\TagChunks\tag_reference_chunk.h">
      <Filter>Header Files</Filter>
    </ClInclude>
    <ClInclude Include="Filesystem\Chunks\TagChunks\tag_string_id_chunk.h">
      <Filter>Header Files</Filter>
    </ClInclude>
    <ClInclude Include="Filesystem\Chunks\TagChunks\tag_struct_chunk.h">
      <Filter>Header Files</Filter>
    </ClInclude>
    <ClInclude Include="Filesystem\Chunks\chunk.h">
      <Filter>Header Files</Filter>
    </ClInclude>
    <ClInclude Include="Filesystem\Chunks\tag_header_chunk.h">
      <Filter>Header Files</Filter>
    </ClInclude>
    <ClInclude Include="Filesystem\Chunks\typed_chunk.h">
      <Filter>Header Files</Filter>
    </ClInclude>
    <ClInclude Include="Filesystem\Filesystem.h">
      <Filter>Header Files</Filter>
    </ClInclude>
    <ClInclude Include="Filesystem\single_tag_file_header.h">
      <Filter>Header Files</Filter>
    </ClInclude>
    <ClInclude Include="Filesystem\single_tag_file_layout_reader.h">
      <Filter>Header Files</Filter>
    </ClInclude>
    <ClInclude Include="Filesystem\single_tag_file_reader.h">
      <Filter>Header Files</Filter>
    </ClInclude>
    <ClInclude Include="Filesystem\tag_file_high_level_transplant.h">
      <Filter>Header Files</Filter>
    </ClInclude>
    <ClInclude Include="Filesystem\Chunks\LayoutChunks\tag_layout_preinterop_chunk.h">
      <Filter>Header Files</Filter>
    </ClInclude>
    <ClInclude Include="Filesystem\Chunks\LayoutChunks\tag_layout_prechunk_chunk.h">
      <Filter>Header Files</Filter>
    </ClInclude>
    <ClInclude Include="HighLevel\monolithic_project.h">
      <Filter>Header Files</Filter>
    </ClInclude>
    <ClInclude Include="Filesystem\Chunks\monolithic_tag_backend_chunk.h">
      <Filter>Header Files</Filter>
    </ClInclude>
    <ClInclude Include="Filesystem\Chunks\MonolithicChunks\monolithic_tag_file_index_chunk.h">
      <Filter>Header Files</Filter>
    </ClInclude>
    <ClInclude Include="Filesystem\Chunks\MonolithicChunks\monolithic_index_chunk.h">
      <Filter>Header Files</Filter>
    </ClInclude>
    <ClInclude Include="Filesystem\Chunks\MonolithicChunks\tag_file_index_chunk.h">
      <Filter>Header Files</Filter>
    </ClInclude>
    <ClInclude Include="Filesystem\system_global_unique_identifier.h">
      <Filter>Header Files</Filter>
    </ClInclude>
    <ClInclude Include="Filesystem\Chunks\MonolithicChunks\tag_heap_chunk.h">
      <Filter>Header Files</Filter>
    </ClInclude>
    <ClInclude Include="Filesystem\Chunks\MonolithicChunks\cache_heap_chunk.h">
      <Filter>Header Files</Filter>
    </ClInclude>
    <ClInclude Include="Filesystem\Chunks\MonolithicChunks\tag_file_blocks_chunk.h">
      <Filter>Header Files</Filter>
    </ClInclude>
    <ClInclude Include="Filesystem\Chunks\MonolithicChunks\build_identifier_chunk.h">
      <Filter>Header Files</Filter>
    </ClInclude>
    <ClInclude Include="Filesystem\Chunks\MonolithicChunks\tag_file_persistent_heap_chunk.h">
      <Filter>Header Files</Filter>
    </ClInclude>
    <ClInclude Include="Filesystem\Chunks\MonolithicChunks\partitioned_persistent_heap_backend_chunk.h">
      <Filter>Header Files</Filter>
    </ClInclude>
    <ClInclude Include="Filesystem\Chunks\MonolithicChunks\tag_file_heap_partition_config_chunk.h">
      <Filter>Header Files</Filter>
    </ClInclude>
    <ClInclude Include="Filesystem\Chunks\MonolithicChunks\partition_list_chunk.h">
      <Filter>Header Files</Filter>
    </ClInclude>
    <ClInclude Include="Filesystem\Chunks\MonolithicChunks\partition_chunk.h">
      <Filter>Header Files</Filter>
    </ClInclude>
    <ClInclude Include="Filesystem\Chunks\MonolithicChunks\partitioned_heap_entry_list_chunk.h">
      <Filter>Header Files</Filter>
    </ClInclude>
    <ClInclude Include="Filesystem\Chunks\MonolithicChunks\tag_dependency_index_loader_chunk.h">
      <Filter>Header Files</Filter>
    </ClInclude>
    <ClInclude Include="Filesystem\Chunks\MonolithicChunks\tag_dependency_chunk.h">
      <Filter>Header Files</Filter>
    </ClInclude>
    <ClInclude Include="Filesystem\Chunks\MonolithicChunks\exploded_dependencies_chunk.h">
      <Filter>Header Files</Filter>
    </ClInclude>
    <ClInclude Include="Filesystem\Chunks\MonolithicChunks\optimized_dependencies_chunk.h">
      <Filter>Header Files</Filter>
    </ClInclude>
    <ClInclude Include="Filesystem\Chunks\MonolithicChunks\monolithic_tag_file_layout_registry_chunk.h">
      <Filter>Header Files</Filter>
    </ClInclude>
    <ClInclude Include="Filesystem\Chunks\TagChunks\tag_resource_xsynced_chunk.h">
      <Filter>Header Files</Filter>
    </ClInclude>
    <ClInclude Include="Filesystem\Chunks\TagChunks\tag_resource_exploded_chunk.h">
      <Filter>Header Files</Filter>
    </ClInclude>
    <ClInclude Include="Filesystem\Chunks\TagChunks\tag_resource_null_chunk.h">
      <Filter>Header Files</Filter>
    </ClInclude>
    <ClInclude Include="Filesystem\high_level_tag_file_writer.h">
      <Filter>Header Files</Filter>
    </ClInclude>
    <ClInclude Include="Filesystem\tag_file_string_debugger.h">
      <Filter>Header Files</Filter>
    </ClInclude>
    <ClInclude Include="Filesystem\Chunks\TagChunks\tag_resource_data_chunk.h">
      <Filter>Header Files</Filter>
    </ClInclude>
    <ClInclude Include="CacheInterface\halo3\halo3_api_interop.h">
      <Filter>Header Files</Filter>
    </ClInclude>
    <ClInclude Include="CacheInterface\halo3\halo3_cache_cluster.h">
      <Filter>Header Files</Filter>
    </ClInclude>
    <ClInclude Include="CacheInterface\halo3\halo3_cache_file_header.h">
      <Filter>Header Files</Filter>
    </ClInclude>
    <ClInclude Include="CacheInterface\halo3\halo3_cache_file_reader.h">
      <Filter>Header Files</Filter>
    </ClInclude>
    <ClInclude Include="CacheInterface\halo3\halo3_codec.h">
      <Filter>Header Files</Filter>
    </ClInclude>
    <ClInclude Include="CacheInterface\halo3\halo3_debug_reader.h">
      <Filter>Header Files</Filter>
    </ClInclude>
    <ClInclude Include="CacheInterface\halo3\halo3_localization_reader.h">
      <Filter>Header Files</Filter>
    </ClInclude>
    <ClInclude Include="CacheInterface\halo3\halo3_resource_reader.h">
      <Filter>Header Files</Filter>
    </ClInclude>
    <ClInclude Include="CacheInterface\halo3\halo3_tag_group.h">
      <Filter>Header Files</Filter>
    </ClInclude>
    <ClInclude Include="CacheInterface\halo3\halo3_tag_instance.h">
      <Filter>Header Files</Filter>
    </ClInclude>
    <ClInclude Include="CacheInterface\halo3\halo3_tag_reader.h">
      <Filter>Header Files</Filter>
    </ClInclude>
    <ClInclude Include="HighLevel\simple_resource_container.h">
      <Filter>Header Files</Filter>
    </ClInclude>
    <ClInclude Include="status_interface.h">
      <Filter>Header Files</Filter>
    </ClInclude>
    <ClInclude Include="logging_interface.h">
      <Filter>Header Files</Filter>
    </ClInclude>
    <ClInclude Include="Monolithic\monolithic_resource_handle.h">
      <Filter>Header Files</Filter>
    </ClInclude>
    <ClInclude Include="Monolithic\Monolithic.h">
      <Filter>Header Files</Filter>
    </ClInclude>
    <ClInclude Include="Monolithic\monolithic_partition_view.h">
      <Filter>Header Files</Filter>
    </ClInclude>
    <ClInclude Include="tag_file_reader_stack.h">
      <Filter>Header Files</Filter>
    </ClInclude>
  </ItemGroup>
  <ItemGroup>
    <ClCompile Include="mandrilllib-private-pch.cpp">
      <Filter>Source Files</Filter>
    </ClCompile>
    <ClCompile Include="HighLevel\tag_project.cpp">
      <Filter>Source Files</Filter>
    </ClCompile>
    <ClCompile Include="HighLevel\string_id_manager.cpp">
      <Filter>Source Files</Filter>
    </ClCompile>
    <ClCompile Include="CacheInterface\gen3\gen3_cache_file_header.cpp">
      <Filter>Source Files</Filter>
    </ClCompile>
    <ClCompile Include="CacheInterface\cache_byteswap.cpp">
      <Filter>Source Files</Filter>
    </ClCompile>
    <ClCompile Include="CacheInterface\base\cache_cluster.cpp">
      <Filter>Source Files</Filter>
    </ClCompile>
    <ClCompile Include="CacheInterface\base\cache_file_api.cpp">
      <Filter>Source Files</Filter>
    </ClCompile>
    <ClCompile Include="CacheInterface\base\cache_file_header.cpp">
      <Filter>Source Files</Filter>
    </ClCompile>
    <ClCompile Include="CacheInterface\base\cache_file_reader.cpp">
      <Filter>Source Files</Filter>
    </ClCompile>
    <ClCompile Include="CacheInterface\base\debug_reader.cpp">
      <Filter>Source Files</Filter>
    </ClCompile>
    <ClCompile Include="CacheInterface\base\localization_reader.cpp">
      <Filter>Source Files</Filter>
    </ClCompile>
    <ClCompile Include="CacheInterface\base\resource_reader.cpp">
      <Filter>Source Files</Filter>
    </ClCompile>
    <ClCompile Include="CacheInterface\base\tag_reader.cpp">
      <Filter>Source Files</Filter>
    </ClCompile>
    <ClCompile Include="CacheInterface\base\tag_group.cpp">
      <Filter>Source Files</Filter>
    </ClCompile>
    <ClCompile Include="CacheInterface\base\tag_instance.cpp">
      <Filter>Source Files</Filter>
    </ClCompile>
    <ClCompile Include="CacheInterface\base\api_interop.cpp">
      <Filter>Source Files</Filter>
    </ClCompile>
    <ClCompile Include="HighLevel\high_level_cache_cluster_transplant.cpp">
      <Filter>Source Files</Filter>
    </ClCompile>
    <ClCompile Include="CacheInterface\halo1\halo1_cache_cluster.cpp">
      <Filter>Source Files</Filter>
    </ClCompile>
    <ClCompile Include="CacheInterface\halo1\halo1_cache_file_header.cpp">
      <Filter>Source Files</Filter>
    </ClCompile>
    <ClCompile Include="CacheInterface\halo1\halo1_cache_file_reader.cpp">
      <Filter>Source Files</Filter>
    </ClCompile>
    <ClCompile Include="CacheInterface\halo1\halo1_debug_reader.cpp">
      <Filter>Source Files</Filter>
    </ClCompile>
    <ClCompile Include="CacheInterface\halo1\halo1_localization_reader.cpp">
      <Filter>Source Files</Filter>
    </ClCompile>
    <ClCompile Include="CacheInterface\halo1\halo1_resource_reader.cpp">
      <Filter>Source Files</Filter>
    </ClCompile>
    <ClCompile Include="CacheInterface\halo1\halo1_tag_group.cpp">
      <Filter>Source Files</Filter>
    </ClCompile>
    <ClCompile Include="CacheInterface\halo1\halo1_tag_group_hierarchy.cpp">
      <Filter>Source Files</Filter>
    </ClCompile>
    <ClCompile Include="CacheInterface\halo1\halo1_tag_instance.cpp">
      <Filter>Source Files</Filter>
    </ClCompile>
    <ClCompile Include="CacheInterface\halo1\halo1_tag_reader.cpp">
      <Filter>Source Files</Filter>
    </ClCompile>
    <ClCompile Include="CacheInterface\infinite\infinite_localization_reader.cpp">
      <Filter>Source Files</Filter>
    </ClCompile>
    <ClCompile Include="CacheInterface\infinite\infinite_resource_reader.cpp">
      <Filter>Source Files</Filter>
    </ClCompile>
    <ClCompile Include="CacheInterface\infinite\infinite_tag_group.cpp">
      <Filter>Source Files</Filter>
    </ClCompile>
    <ClCompile Include="CacheInterface\infinite\infinite_tag_instance.cpp">
      <Filter>Source Files</Filter>
    </ClCompile>
    <ClCompile Include="CacheInterface\infinite\infinite_tag_reader.cpp">
      <Filter>Source Files</Filter>
    </ClCompile>
    <ClCompile Include="CacheInterface\infinite\infinite_cache_cluster.cpp">
      <Filter>Source Files</Filter>
    </ClCompile>
    <ClCompile Include="CacheInterface\infinite\infinite_cache_file_header.cpp">
      <Filter>Source Files</Filter>
    </ClCompile>
    <ClCompile Include="CacheInterface\infinite\infinite_cache_file_reader.cpp">
      <Filter>Source Files</Filter>
    </ClCompile>
    <ClCompile Include="CacheInterface\infinite\infinite_debug_reader.cpp">
      <Filter>Source Files</Filter>
    </ClCompile>
    <ClCompile Include="CacheInterface\infinite\infinite_ucs_reader.cpp">
      <Filter>Source Files</Filter>
    </ClCompile>
    <ClCompile Include="CacheInterface\infinite\infinite_generic_module_file_entry.cpp">
      <Filter>Source Files</Filter>
    </ClCompile>
    <ClCompile Include="CacheInterface\infinite\infinite_file_entry_block_map.cpp">
      <Filter>Source Files</Filter>
    </ClCompile>
    <ClCompile Include="HighLevel\legacy_string_id_manager.cpp">
      <Filter>Source Files</Filter>
    </ClCompile>
    <ClCompile Include="HighLevel\infinite_string_id_manager.cpp">
      <Filter>Source Files</Filter>
    </ClCompile>
    <ClCompile Include="high_level_ctor.cpp">
      <Filter>Source Files</Filter>
    </ClCompile>
    <ClCompile Include="HighLevel\filesystem_project.cpp">
      <Filter>Source Files</Filter>
    </ClCompile>
    <ClCompile Include="HighLevel\cache_file_project.cpp">
      <Filter>Source Files</Filter>
    </ClCompile>
    <ClCompile Include="Filesystem\Chunks\LayoutChunks\array_definitions_chunk.cpp">
      <Filter>Source Files</Filter>
    </ClCompile>
    <ClCompile Include="Filesystem\Chunks\LayoutChunks\block_definitions_chunk.cpp">
      <Filter>Source Files</Filter>
    </ClCompile>
    <ClCompile Include="Filesystem\Chunks\LayoutChunks\custom_block_index_search_names_chunk.cpp">
      <Filter>Source Files</Filter>
    </ClCompile>
    <ClCompile Include="Filesystem\Chunks\LayoutChunks\data_definition_name_chunk.cpp">
      <Filter>Source Files</Filter>
    </ClCompile>
    <ClCompile Include="Filesystem\Chunks\LayoutChunks\fields_chunk.cpp">
      <Filter>Source Files</Filter>
    </ClCompile>
    <ClCompile Include="Filesystem\Chunks\LayoutChunks\interop_definitions_chunk.cpp">
      <Filter>Source Files</Filter>
    </ClCompile>
    <ClCompile Include="Filesystem\Chunks\LayoutChunks\resource_definitions_chunk.cpp">
      <Filter>Source Files</Filter>
    </ClCompile>
    <ClCompile Include="Filesystem\Chunks\LayoutChunks\string_data_chunk.cpp">
      <Filter>Source Files</Filter>
    </ClCompile>
    <ClCompile Include="Filesystem\Chunks\LayoutChunks\string_lists_chunk.cpp">
      <Filter>Source Files</Filter>
    </ClCompile>
    <ClCompile Include="Filesystem\Chunks\LayoutChunks\string_offsets_chunk.cpp">
      <Filter>Source Files</Filter>
    </ClCompile>
    <ClCompile Include="Filesystem\Chunks\LayoutChunks\structure_definitions_chunk.cpp">
      <Filter>Source Files</Filter>
    </ClCompile>
    <ClCompile Include="Filesystem\Chunks\LayoutChunks\field_types_chunk.cpp">
      <Filter>Source Files</Filter>
    </ClCompile>
    <ClCompile Include="Filesystem\Chunks\LayoutChunks\tag_group_layout_chunk.cpp">
      <Filter>Source Files</Filter>
    </ClCompile>
    <ClCompile Include="Filesystem\Chunks\LayoutChunks\tag_layout_v3_chunk.cpp">
      <Filter>Source Files</Filter>
    </ClCompile>
    <ClCompile Include="Filesystem\Chunks\TagChunks\binary_data_chunk.cpp">
      <Filter>Source Files</Filter>
    </ClCompile>
    <ClCompile Include="Filesystem\Chunks\TagChunks\tag_block_chunk.cpp">
      <Filter>Source Files</Filter>
    </ClCompile>
    <ClCompile Include="Filesystem\Chunks\TagChunks\tag_data_chunk.cpp">
      <Filter>Source Files</Filter>
    </ClCompile>
    <ClCompile Include="Filesystem\Chunks\TagChunks\tag_reference_chunk.cpp">
      <Filter>Source Files</Filter>
    </ClCompile>
    <ClCompile Include="Filesystem\Chunks\TagChunks\tag_string_id_chunk.cpp">
      <Filter>Source Files</Filter>
    </ClCompile>
    <ClCompile Include="Filesystem\Chunks\TagChunks\tag_struct_chunk.cpp">
      <Filter>Source Files</Filter>
    </ClCompile>
    <ClCompile Include="Filesystem\Chunks\chunk.cpp">
      <Filter>Source Files</Filter>
    </ClCompile>
    <ClCompile Include="Filesystem\Chunks\tag_header_chunk.cpp">
      <Filter>Source Files</Filter>
    </ClCompile>
    <ClCompile Include="Filesystem\single_tag_file_layout_reader.cpp">
      <Filter>Source Files</Filter>
    </ClCompile>
    <ClCompile Include="Filesystem\single_tag_file_reader.cpp">
      <Filter>Source Files</Filter>
    </ClCompile>
    <ClCompile Include="Filesystem\tag_file_high_level_transplant.cpp">
      <Filter>Source Files</Filter>
    </ClCompile>
    <ClCompile Include="Filesystem\Chunks\LayoutChunks\tag_layout_preinterop_chunk.cpp">
      <Filter>Source Files</Filter>
    </ClCompile>
    <ClCompile Include="Filesystem\Chunks\LayoutChunks\tag_layout_prechunk_chunk.cpp">
      <Filter>Source Files</Filter>
    </ClCompile>
    <ClCompile Include="HighLevel\monolithic_project.cpp">
      <Filter>Source Files</Filter>
    </ClCompile>
    <ClCompile Include="Filesystem\Chunks\monolithic_tag_backend_chunk.cpp">
      <Filter>Source Files</Filter>
    </ClCompile>
    <ClCompile Include="Filesystem\Chunks\MonolithicChunks\monolithic_tag_file_index_chunk.cpp">
      <Filter>Source Files</Filter>
    </ClCompile>
    <ClCompile Include="Filesystem\Chunks\MonolithicChunks\monolithic_index_chunk.cpp">
      <Filter>Source Files</Filter>
    </ClCompile>
    <ClCompile Include="Filesystem\Chunks\MonolithicChunks\tag_file_index_chunk.cpp">
      <Filter>Source Files</Filter>
    </ClCompile>
    <ClCompile Include="Filesystem\system_global_unique_identifier.cpp">
      <Filter>Source Files</Filter>
    </ClCompile>
    <ClCompile Include="Filesystem\Chunks\MonolithicChunks\tag_heap_chunk.cpp">
      <Filter>Source Files</Filter>
    </ClCompile>
    <ClCompile Include="Filesystem\Chunks\MonolithicChunks\cache_heap_chunk.cpp">
      <Filter>Source Files</Filter>
    </ClCompile>
    <ClCompile Include="Filesystem\Chunks\MonolithicChunks\tag_file_blocks_chunk.cpp">
      <Filter>Source Files</Filter>
    </ClCompile>
    <ClCompile Include="Filesystem\Chunks\MonolithicChunks\build_identifier_chunk.cpp">
      <Filter>Source Files</Filter>
    </ClCompile>
    <ClCompile Include="Filesystem\Chunks\MonolithicChunks\tag_file_persistent_heap_chunk.cpp">
      <Filter>Source Files</Filter>
    </ClCompile>
    <ClCompile Include="Filesystem\Chunks\MonolithicChunks\partitioned_persistent_heap_backend_chunk.cpp">
      <Filter>Source Files</Filter>
    </ClCompile>
    <ClCompile Include="Filesystem\Chunks\MonolithicChunks\tag_file_heap_partition_config_chunk.cpp">
      <Filter>Source Files</Filter>
    </ClCompile>
    <ClCompile Include="Filesystem\Chunks\MonolithicChunks\partition_list_chunk.cpp">
      <Filter>Source Files</Filter>
    </ClCompile>
    <ClCompile Include="Filesystem\Chunks\MonolithicChunks\partition_chunk.cpp">
      <Filter>Source Files</Filter>
    </ClCompile>
    <ClCompile Include="Filesystem\Chunks\MonolithicChunks\partitioned_heap_entry_list_chunk.cpp">
      <Filter>Source Files</Filter>
    </ClCompile>
    <ClCompile Include="Filesystem\Chunks\MonolithicChunks\tag_dependency_index_loader_chunk.cpp">
      <Filter>Source Files</Filter>
    </ClCompile>
    <ClCompile Include="Filesystem\Chunks\MonolithicChunks\tag_dependency_chunk.cpp">
      <Filter>Source Files</Filter>
    </ClCompile>
    <ClCompile Include="Filesystem\Chunks\MonolithicChunks\exploded_dependencies_chunk.cpp">
      <Filter>Source Files</Filter>
    </ClCompile>
    <ClCompile Include="Filesystem\Chunks\MonolithicChunks\optimized_dependencies_chunk.cpp">
      <Filter>Source Files</Filter>
    </ClCompile>
    <ClCompile Include="Filesystem\Chunks\MonolithicChunks\monolithic_tag_file_layout_registry_chunk.cpp">
      <Filter>Source Files</Filter>
    </ClCompile>
    <ClCompile Include="Filesystem\single_tag_file_header.cpp">
      <Filter>Source Files</Filter>
    </ClCompile>
    <ClCompile Include="Filesystem\Chunks\TagChunks\tag_resource_xsynced_chunk.cpp">
      <Filter>Source Files</Filter>
    </ClCompile>
    <ClCompile Include="Filesystem\Chunks\TagChunks\tag_resource_exploded_chunk.cpp">
      <Filter>Source Files</Filter>
    </ClCompile>
    <ClCompile Include="Filesystem\Chunks\TagChunks\tag_resource_null_chunk.cpp">
      <Filter>Source Files</Filter>
    </ClCompile>
    <ClCompile Include="Filesystem\high_level_tag_file_writer.cpp">
      <Filter>Source Files</Filter>
    </ClCompile>
    <ClCompile Include="Filesystem\tag_file_string_debugger.cpp">
      <Filter>Source Files</Filter>
    </ClCompile>
    <ClCompile Include="Filesystem\Chunks\TagChunks\tag_resource_data_chunk.cpp">
      <Filter>Source Files</Filter>
    </ClCompile>
    <ClCompile Include="CacheInterface\halo3\halo3_api_interop.cpp">
      <Filter>Source Files</Filter>
    </ClCompile>
    <ClCompile Include="CacheInterface\halo3\halo3_cache_cluster.cpp">
      <Filter>Source Files</Filter>
    </ClCompile>
    <ClCompile Include="CacheInterface\halo3\halo3_cache_file_header.cpp">
      <Filter>Source Files</Filter>
    </ClCompile>
    <ClCompile Include="CacheInterface\halo3\halo3_cache_file_reader.cpp">
      <Filter>Source Files</Filter>
    </ClCompile>
    <ClCompile Include="CacheInterface\halo3\halo3_codec.cpp">
      <Filter>Source Files</Filter>
    </ClCompile>
    <ClCompile Include="CacheInterface\halo3\halo3_debug_reader.cpp">
      <Filter>Source Files</Filter>
    </ClCompile>
    <ClCompile Include="CacheInterface\halo3\halo3_localization_reader.cpp">
      <Filter>Source Files</Filter>
    </ClCompile>
    <ClCompile Include="CacheInterface\halo3\halo3_resource_reader.cpp">
      <Filter>Source Files</Filter>
    </ClCompile>
    <ClCompile Include="CacheInterface\halo3\halo3_tag_group.cpp">
      <Filter>Source Files</Filter>
    </ClCompile>
    <ClCompile Include="CacheInterface\halo3\halo3_tag_instance.cpp">
      <Filter>Source Files</Filter>
    </ClCompile>
    <ClCompile Include="CacheInterface\halo3\halo3_tag_reader.cpp">
      <Filter>Source Files</Filter>
    </ClCompile>
    <ClCompile Include="HighLevel\simple_resource_container.cpp">
      <Filter>Source Files</Filter>
    </ClCompile>
    <ClCompile Include="status_interface.cpp">
      <Filter>Source Files</Filter>
    </ClCompile>
    <ClCompile Include="logging_interface.cpp">
      <Filter>Source Files</Filter>
    </ClCompile>
    <ClCompile Include="Monolithic\monolithic_resource_handle.cpp">
      <Filter>Source Files</Filter>
    </ClCompile>
    <ClCompile Include="Monolithic\monolithic_partition_view.cpp">
      <Filter>Source Files</Filter>
    </ClCompile>
    <ClCompile Include="tag_file_reader_stack.cpp">
      <Filter>Source Files</Filter>
    </ClCompile>
  </ItemGroup>
  <ItemGroup>
    <None Include="CacheInterface\halo3\halo3_cache_file_header.byteswap.inl">
      <Filter>Header Files</Filter>
    </None>
  </ItemGroup>
</Project>