<?xml version="1.0" encoding="utf-8"?>
<Project ToolsVersion="4.0" xmlns="http://schemas.microsoft.com/developer/msbuild/2003">
  <ItemGroup>
    <Filter Include="Source Files">
      <UniqueIdentifier>{4FC737F1-C7A5-4376-A066-2A32D752A2FF}</UniqueIdentifier>
      <Extensions>cpp;c;cc;cxx;def;odl;idl;hpj;bat;asm;asmx</Extensions>
    </Filter>
    <Filter Include="Header Files">
      <UniqueIdentifier>{93995380-89BD-4b04-88EB-625FBE52EBFB}</UniqueIdentifier>
      <Extensions>h;hh;hpp;hxx;hm;inl;inc;ipp;xsd</Extensions>
    </Filter>
    <Filter Include="Resource Files">
      <UniqueIdentifier>{67DA6AB6-F800-4c08-8B7A-83BB121AAD01}</UniqueIdentifier>
      <Extensions>rc;ico;cur;bmp;dlg;rc2;rct;bin;rgs;gif;jpg;jpeg;jpe;resx;tiff;tif;png;wav;mfcribbon-ms</Extensions>
    </Filter>
  </ItemGroup>
  <ItemGroup>
    <ClInclude Include="CacheInterface\CacheInterface.h">
      <Filter>Header Files</Filter>
    </ClInclude>
    <ClInclude Include="HaloScript\halo_script_function_definition.h">
      <Filter>Header Files</Filter>
    </ClInclude>
    <ClInclude Include="HaloScript\halo_script_function_documentation.h">
      <Filter>Header Files</Filter>
    </ClInclude>
    <ClInclude Include="HaloScript\halo_script_globals_definition.h">
      <Filter>Header Files</Filter>
    </ClInclude>
    <ClInclude Include="HaloScript\halo_script_type_definition.h">
      <Filter>Header Files</Filter>
    </ClInclude>
    <ClInclude Include="HaloScript\HaloScript.h">
      <Filter>Header Files</Filter>
    </ClInclude>
    <ClInclude Include="HaloScript\lisp_ast_parser.h">
      <Filter>Header Files</Filter>
    </ClInclude>
    <ClInclude Include="virtual_memory_container.h">
      <Filter>Header Files</Filter>
    </ClInclude>
    <ClInclude Include="tests.h">
      <Filter>Header Files</Filter>
    </ClInclude>
    <ClInclude Include="mandrilllib-private-pch.h">
      <Filter>Header Files</Filter>
    </ClInclude>
    <ClInclude Include="mandrilllib-public-pch.h">
      <Filter>Header Files</Filter>
    </ClInclude>
    <ClInclude Include="UserInterface\UserInterface.h">
      <Filter>Header Files</Filter>
    </ClInclude>
    <ClInclude Include="UserInterface\Foundation\mandrill_user_interface.h">
      <Filter>Header Files</Filter>
    </ClInclude>
    <ClInclude Include="UserInterface\Foundation\mandrill_event_queue.h">
      <Filter>Header Files</Filter>
    </ClInclude>
    <ClInclude Include="UserInterface\Foundation\mandrill_tab.h">
      <Filter>Header Files</Filter>
    </ClInclude>
    <ClInclude Include="UserInterface\Foundation\mandrill_tab_container.h">
      <Filter>Header Files</Filter>
    </ClInclude>
    <ClInclude Include="UserInterface\shader_profile.h">
      <Filter>Header Files</Filter>
    </ClInclude>
    <ClInclude Include="CustomTools\CustomTools.h">
      <Filter>Header Files</Filter>
    </ClInclude>
    <ClInclude Include="CustomTools\custom_tool_base.h">
      <Filter>Header Files</Filter>
    </ClInclude>
    <ClInclude Include="UserInterface\Tabs\blofeld_tag_debugger_tab.h">
      <Filter>Header Files</Filter>
    </ClInclude>
    <ClInclude Include="UserInterface\Tabs\blofeld_tag_editor.h">
      <Filter>Header Files</Filter>
    </ClInclude>
    <ClInclude Include="UserInterface\Tabs\halo_script_editor.h">
      <Filter>Header Files</Filter>
    </ClInclude>
    <ClInclude Include="UserInterface\Tabs\tag_project_tab.h">
      <Filter>Header Files</Filter>
    </ClInclude>
    <ClInclude Include="UserInterface\Tabs\high_level_tag_tab.h">
      <Filter>Header Files</Filter>
    </ClInclude>
    <ClInclude Include="UserInterface\Tabs\high_level_tag_editor_tab.h">
      <Filter>Header Files</Filter>
    </ClInclude>
    <ClInclude Include="HighLevel\tag_project.h">
      <Filter>Header Files</Filter>
    </ClInclude>
    <ClInclude Include="HighLevel\HighLevel.h">
      <Filter>Header Files</Filter>
    </ClInclude>
    <ClInclude Include="HighLevel\string_id_manager.h">
      <Filter>Header Files</Filter>
    </ClInclude>
    <ClInclude Include="CacheInterface\gen3\gen3_cache_file_header.h">
      <Filter>Header Files</Filter>
    </ClInclude>
    <ClInclude Include="CacheInterface\halo4\halo4_cache_file_header.h">
      <Filter>Header Files</Filter>
    </ClInclude>
    <ClInclude Include="CacheInterface\cache_byteswap.h">
      <Filter>Header Files</Filter>
    </ClInclude>
    <ClInclude Include="UserInterface\Tabs\tag_project_configurator_tab.h">
      <Filter>Header Files</Filter>
    </ClInclude>
    <ClInclude Include="CacheInterface\memory_mapped_file.h">
      <Filter>Header Files</Filter>
    </ClInclude>
    <ClInclude Include="CacheInterface\halo4\halo4_debug_reader.h">
      <Filter>Header Files</Filter>
    </ClInclude>
    <ClInclude Include="CacheInterface\halo4\halo4_cache_file_reader.h">
      <Filter>Header Files</Filter>
    </ClInclude>
    <ClInclude Include="CacheInterface\halo4\halo4_localization_reader.h">
      <Filter>Header Files</Filter>
    </ClInclude>
    <ClInclude Include="CacheInterface\halo4\halo4_resource_reader.h">
      <Filter>Header Files</Filter>
    </ClInclude>
    <ClInclude Include="CacheInterface\halo4\halo4_tag_reader.h">
      <Filter>Header Files</Filter>
    </ClInclude>
    <ClInclude Include="CacheInterface\halo4\halo4_cache_cluster.h">
      <Filter>Header Files</Filter>
    </ClInclude>
    <ClInclude Include="CacheInterface\halo4\halo4_tag_group.h">
      <Filter>Header Files</Filter>
    </ClInclude>
    <ClInclude Include="CacheInterface\halo4\halo4_tag_instance.h">
      <Filter>Header Files</Filter>
    </ClInclude>
    <ClInclude Include="CacheInterface\base\cache_cluster.h">
      <Filter>Header Files</Filter>
    </ClInclude>
    <ClInclude Include="CacheInterface\base\cache_file_api.h">
      <Filter>Header Files</Filter>
    </ClInclude>
    <ClInclude Include="CacheInterface\base\cache_file_header.h">
      <Filter>Header Files</Filter>
    </ClInclude>
    <ClInclude Include="CacheInterface\base\cache_file_reader.h">
      <Filter>Header Files</Filter>
    </ClInclude>
    <ClInclude Include="CacheInterface\base\debug_reader.h">
      <Filter>Header Files</Filter>
    </ClInclude>
    <ClInclude Include="CacheInterface\base\localization_reader.h">
      <Filter>Header Files</Filter>
    </ClInclude>
    <ClInclude Include="CacheInterface\base\resource_reader.h">
      <Filter>Header Files</Filter>
    </ClInclude>
    <ClInclude Include="CacheInterface\base\tag_reader.h">
      <Filter>Header Files</Filter>
    </ClInclude>
    <ClInclude Include="CacheInterface\base\tag_instance.h">
      <Filter>Header Files</Filter>
    </ClInclude>
    <ClInclude Include="CacheInterface\base\tag_group.h">
      <Filter>Header Files</Filter>
    </ClInclude>
    <ClInclude Include="CacheInterface\base\api_interop.h">
      <Filter>Header Files</Filter>
    </ClInclude>
    <ClInclude Include="CacheInterface\halo4\halo4_api_interop.h">
      <Filter>Header Files</Filter>
    </ClInclude>
    <ClInclude Include="CacheInterface\halo4\halo4_tag_group_hierarchy.h">
      <Filter>Header Files</Filter>
    </ClInclude>
    <ClInclude Include="HighLevel\high_level_cache_cluster_transplant.h">
      <Filter>Header Files</Filter>
    </ClInclude>
    <ClInclude Include="CacheInterface\halo4\halo4_resource_container.h">
      <Filter>Header Files</Filter>
    </ClInclude>
    <ClInclude Include="CacheInterface\halo4\halo4_codec.h">
      <Filter>Header Files</Filter>
    </ClInclude>
    <ClInclude Include="CacheInterface\halo1\halo1_cache_cluster.h">
      <Filter>Header Files</Filter>
    </ClInclude>
    <ClInclude Include="CacheInterface\halo1\halo1_cache_file_header.h">
      <Filter>Header Files</Filter>
    </ClInclude>
    <ClInclude Include="CacheInterface\halo1\halo1_cache_file_reader.h">
      <Filter>Header Files</Filter>
    </ClInclude>
    <ClInclude Include="CacheInterface\halo1\halo1_debug_reader.h">
      <Filter>Header Files</Filter>
    </ClInclude>
    <ClInclude Include="CacheInterface\halo1\halo1_localization_reader.h">
      <Filter>Header Files</Filter>
    </ClInclude>
    <ClInclude Include="CacheInterface\halo1\halo1_resource_reader.h">
      <Filter>Header Files</Filter>
    </ClInclude>
    <ClInclude Include="CacheInterface\halo1\halo1_tag_group.h">
      <Filter>Header Files</Filter>
    </ClInclude>
    <ClInclude Include="CacheInterface\halo1\halo1_tag_group_hierarchy.h">
      <Filter>Header Files</Filter>
    </ClInclude>
    <ClInclude Include="CacheInterface\halo1\halo1_tag_instance.h">
      <Filter>Header Files</Filter>
    </ClInclude>
    <ClInclude Include="CacheInterface\halo1\halo1_tag_reader.h">
      <Filter>Header Files</Filter>
    </ClInclude>
  </ItemGroup>
  <ItemGroup>
    <ClCompile Include="HaloScript\halo_script_function_definition.cpp">
      <Filter>Source Files</Filter>
    </ClCompile>
    <ClCompile Include="HaloScript\halo_script_function_documentation.cpp">
      <Filter>Source Files</Filter>
    </ClCompile>
    <ClCompile Include="HaloScript\halo_script_globals_definition.cpp">
      <Filter>Source Files</Filter>
    </ClCompile>
    <ClCompile Include="HaloScript\halo_script_type_definition.cpp">
      <Filter>Source Files</Filter>
    </ClCompile>
    <ClCompile Include="HaloScript\lisp_ast_parser.cpp">
      <Filter>Source Files</Filter>
    </ClCompile>
    <ClCompile Include="virtual_memory_container.cpp">
      <Filter>Source Files</Filter>
    </ClCompile>
    <ClCompile Include="tests.cpp">
      <Filter>Source Files</Filter>
    </ClCompile>
    <ClCompile Include="mandrilllib-private-pch.cpp">
      <Filter>Source Files</Filter>
    </ClCompile>
    <ClCompile Include="UserInterface\Foundation\mandrill_event_queue.cpp">
      <Filter>Source Files</Filter>
    </ClCompile>
    <ClCompile Include="UserInterface\Foundation\mandrill_tab.cpp">
      <Filter>Source Files</Filter>
    </ClCompile>
    <ClCompile Include="UserInterface\Foundation\mandrill_user_interface.cpp">
      <Filter>Source Files</Filter>
    </ClCompile>
    <ClCompile Include="UserInterface\Foundation\mandrill_tab_container.cpp">
      <Filter>Source Files</Filter>
    </ClCompile>
    <ClCompile Include="CustomTools\custom_tool_base.cpp">
      <Filter>Source Files</Filter>
    </ClCompile>
    <ClCompile Include="UserInterface\Tabs\blofeld_tag_debugger_tab.cpp">
      <Filter>Source Files</Filter>
    </ClCompile>
    <ClCompile Include="UserInterface\Tabs\blofeld_tag_editor.cpp">
      <Filter>Source Files</Filter>
    </ClCompile>
    <ClCompile Include="UserInterface\Tabs\halo_script_editor.cpp">
      <Filter>Source Files</Filter>
    </ClCompile>
    <ClCompile Include="UserInterface\Tabs\tag_project_tab.cpp">
      <Filter>Source Files</Filter>
    </ClCompile>
    <ClCompile Include="UserInterface\Tabs\high_level_tag_tab.cpp">
      <Filter>Source Files</Filter>
    </ClCompile>
    <ClCompile Include="UserInterface\Tabs\high_level_tag_editor_tab.cpp">
      <Filter>Source Files</Filter>
    </ClCompile>
    <ClCompile Include="HighLevel\tag_project.cpp">
      <Filter>Source Files</Filter>
    </ClCompile>
    <ClCompile Include="HighLevel\string_id_manager.cpp">
      <Filter>Source Files</Filter>
    </ClCompile>
    <ClCompile Include="CacheInterface\gen3\gen3_cache_file_header.cpp">
      <Filter>Source Files</Filter>
    </ClCompile>
    <ClCompile Include="CacheInterface\halo4\halo4_cache_file_header.cpp">
      <Filter>Source Files</Filter>
    </ClCompile>
    <ClCompile Include="CacheInterface\cache_byteswap.cpp">
      <Filter>Source Files</Filter>
    </ClCompile>
    <ClCompile Include="UserInterface\Tabs\tag_project_configurator_tab.cpp">
      <Filter>Source Files</Filter>
    </ClCompile>
    <ClCompile Include="CacheInterface\memory_mapped_file.cpp">
      <Filter>Source Files</Filter>
    </ClCompile>
    <ClCompile Include="CacheInterface\halo4\halo4_debug_reader.cpp">
      <Filter>Source Files</Filter>
    </ClCompile>
    <ClCompile Include="CacheInterface\halo4\halo4_cache_file_reader.cpp">
      <Filter>Source Files</Filter>
    </ClCompile>
    <ClCompile Include="CacheInterface\halo4\halo4_localization_reader.cpp">
      <Filter>Source Files</Filter>
    </ClCompile>
    <ClCompile Include="CacheInterface\halo4\halo4_resource_reader.cpp">
      <Filter>Source Files</Filter>
    </ClCompile>
    <ClCompile Include="CacheInterface\halo4\halo4_tag_reader.cpp">
      <Filter>Source Files</Filter>
    </ClCompile>
    <ClCompile Include="CacheInterface\halo4\halo4_cache_cluster.cpp">
      <Filter>Source Files</Filter>
    </ClCompile>
    <ClCompile Include="CacheInterface\halo4\halo4_tag_group.cpp">
      <Filter>Source Files</Filter>
    </ClCompile>
    <ClCompile Include="CacheInterface\halo4\halo4_tag_instance.cpp">
      <Filter>Source Files</Filter>
    </ClCompile>
    <ClCompile Include="CacheInterface\base\cache_cluster.cpp">
      <Filter>Source Files</Filter>
    </ClCompile>
    <ClCompile Include="CacheInterface\base\cache_file_api.cpp">
      <Filter>Source Files</Filter>
    </ClCompile>
    <ClCompile Include="CacheInterface\base\cache_file_header.cpp">
      <Filter>Source Files</Filter>
    </ClCompile>
    <ClCompile Include="CacheInterface\base\cache_file_reader.cpp">
      <Filter>Source Files</Filter>
    </ClCompile>
    <ClCompile Include="CacheInterface\base\debug_reader.cpp">
      <Filter>Source Files</Filter>
    </ClCompile>
    <ClCompile Include="CacheInterface\base\localization_reader.cpp">
      <Filter>Source Files</Filter>
    </ClCompile>
    <ClCompile Include="CacheInterface\base\resource_reader.cpp">
      <Filter>Source Files</Filter>
    </ClCompile>
    <ClCompile Include="CacheInterface\base\tag_reader.cpp">
      <Filter>Source Files</Filter>
    </ClCompile>
    <ClCompile Include="CacheInterface\base\tag_group.cpp">
      <Filter>Source Files</Filter>
    </ClCompile>
    <ClCompile Include="CacheInterface\base\tag_instance.cpp">
      <Filter>Source Files</Filter>
    </ClCompile>
    <ClCompile Include="CacheInterface\base\api_interop.cpp">
      <Filter>Source Files</Filter>
    </ClCompile>
    <ClCompile Include="CacheInterface\halo4\halo4_api_interop.cpp">
      <Filter>Source Files</Filter>
    </ClCompile>
    <ClCompile Include="CacheInterface\halo4\halo4_tag_group_hierarchy.cpp">
      <Filter>Source Files</Filter>
    </ClCompile>
    <ClCompile Include="HighLevel\high_level_cache_cluster_transplant.cpp">
      <Filter>Source Files</Filter>
    </ClCompile>
    <ClCompile Include="CacheInterface\halo4\halo4_resource_container.cpp">
      <Filter>Source Files</Filter>
    </ClCompile>
    <ClCompile Include="CacheInterface\halo4\halo4_codec.cpp">
      <Filter>Source Files</Filter>
    </ClCompile>
    <ClCompile Include="CacheInterface\halo1\halo1_cache_cluster.cpp">
      <Filter>Source Files</Filter>
    </ClCompile>
    <ClCompile Include="CacheInterface\halo1\halo1_cache_file_header.cpp">
      <Filter>Source Files</Filter>
    </ClCompile>
    <ClCompile Include="CacheInterface\halo1\halo1_cache_file_reader.cpp">
      <Filter>Source Files</Filter>
    </ClCompile>
    <ClCompile Include="CacheInterface\halo1\halo1_debug_reader.cpp">
      <Filter>Source Files</Filter>
    </ClCompile>
    <ClCompile Include="CacheInterface\halo1\halo1_localization_reader.cpp">
      <Filter>Source Files</Filter>
    </ClCompile>
    <ClCompile Include="CacheInterface\halo1\halo1_resource_reader.cpp">
      <Filter>Source Files</Filter>
    </ClCompile>
    <ClCompile Include="CacheInterface\halo1\halo1_tag_group.cpp">
      <Filter>Source Files</Filter>
    </ClCompile>
    <ClCompile Include="CacheInterface\halo1\halo1_tag_group_hierarchy.cpp">
      <Filter>Source Files</Filter>
    </ClCompile>
    <ClCompile Include="CacheInterface\halo1\halo1_tag_instance.cpp">
      <Filter>Source Files</Filter>
    </ClCompile>
    <ClCompile Include="CacheInterface\halo1\halo1_tag_reader.cpp">
      <Filter>Source Files</Filter>
    </ClCompile>
  </ItemGroup>
  <ItemGroup>
    <Natvis Include="CacheInterface\halo4\halo4.natvis" />
  </ItemGroup>
</Project>