<?xml version="1.0" encoding="utf-8"?>
<Project ToolsVersion="4.0" xmlns="http://schemas.microsoft.com/developer/msbuild/2003">
  <ItemGroup>
    <Filter Include="Source Files">
      <UniqueIdentifier>{4FC737F1-C7A5-4376-A066-2A32D752A2FF}</UniqueIdentifier>
      <Extensions>cpp;c;cc;cxx;c++;def;odl;idl;hpj;bat;asm;asmx</Extensions>
    </Filter>
    <Filter Include="Header Files">
      <UniqueIdentifier>{93995380-89BD-4b04-88EB-625FBE52EBFB}</UniqueIdentifier>
      <Extensions>h;hh;hpp;hxx;h++;hm;inl;inc;ipp;xsd</Extensions>
    </Filter>
    <Filter Include="Resource Files">
      <UniqueIdentifier>{67DA6AB6-F800-4c08-8B7A-83BB121AAD01}</UniqueIdentifier>
      <Extensions>rc;ico;cur;bmp;dlg;rc2;rct;bin;rgs;gif;jpg;jpeg;jpe;resx;tiff;tif;png;wav;mfcribbon-ms</Extensions>
    </Filter>
  </ItemGroup>
  <ItemGroup>
    <ClInclude Include="tagreflection-private-pch.h">
      <Filter>Header Files</Filter>
    </ClInclude>
    <ClInclude Include="tagreflection-public-pch.h">
      <Filter>Header Files</Filter>
    </ClInclude>
    <ClInclude Include="virtual_tag_interface.h">
      <Filter>Header Files</Filter>
    </ClInclude>
    <ClInclude Include="halo3odst\halo3odst.h">
      <Filter>Header Files</Filter>
    </ClInclude>
    <ClInclude Include="halo3odst\halo3odst_virtual.h">
      <Filter>Header Files</Filter>
    </ClInclude>
    <ClInclude Include="halo4\halo4.h">
      <Filter>Header Files</Filter>
    </ClInclude>
    <ClInclude Include="halo4\halo4_virtual.h">
      <Filter>Header Files</Filter>
    </ClInclude>
    <ClInclude Include="haloreach\haloreach.h">
      <Filter>Header Files</Filter>
    </ClInclude>
    <ClInclude Include="haloreach\haloreach_virtual.h">
      <Filter>Header Files</Filter>
    </ClInclude>
    <ClInclude Include="xbox360_gen3\xbox360_gen3.h">
      <Filter>Header Files</Filter>
    </ClInclude>
    <ClInclude Include="xbox360_gen3\xbox360_gen3_virtual.h">
      <Filter>Header Files</Filter>
    </ClInclude>
    <ClInclude Include="groundhog\groundhog.h">
      <Filter>Header Files</Filter>
    </ClInclude>
    <ClInclude Include="groundhog\groundhog_virtual.h">
      <Filter>Header Files</Filter>
    </ClInclude>
    <ClInclude Include="halo1\halo1.h">
      <Filter>Header Files</Filter>
    </ClInclude>
    <ClInclude Include="halo1\halo1_virtual.h">
      <Filter>Header Files</Filter>
    </ClInclude>
    <ClInclude Include="halo2\halo2.h">
      <Filter>Header Files</Filter>
    </ClInclude>
    <ClInclude Include="halo2\halo2_virtual.h">
      <Filter>Header Files</Filter>
    </ClInclude>
    <ClInclude Include="halo3\halo3.h">
      <Filter>Header Files</Filter>
    </ClInclude>
    <ClInclude Include="halo3\halo3_virtual.h">
      <Filter>Header Files</Filter>
    </ClInclude>
    <ClInclude Include="xbox360_gen3\xbox360_gen3_high_level.h">
      <Filter>Header Files</Filter>
    </ClInclude>
    <ClInclude Include="groundhog\groundhog_high_level.h">
      <Filter>Header Files</Filter>
    </ClInclude>
    <ClInclude Include="halo1\halo1_high_level.h">
      <Filter>Header Files</Filter>
    </ClInclude>
    <ClInclude Include="halo2\halo2_high_level.h">
      <Filter>Header Files</Filter>
    </ClInclude>
    <ClInclude Include="halo3\halo3_high_level.h">
      <Filter>Header Files</Filter>
    </ClInclude>
    <ClInclude Include="halo3odst\halo3odst_high_level.h">
      <Filter>Header Files</Filter>
    </ClInclude>
    <ClInclude Include="halo4\halo4_high_level.h">
      <Filter>Header Files</Filter>
    </ClInclude>
    <ClInclude Include="haloreach\haloreach_high_level.h">
      <Filter>Header Files</Filter>
    </ClInclude>
    <ClInclude Include="high_level_tag.h">
      <Filter>Header Files</Filter>
    </ClInclude>
  </ItemGroup>
  <ItemGroup>
    <ClCompile Include="tagreflection-private-pch.cpp">
      <Filter>Source Files</Filter>
    </ClCompile>
    <ClCompile Include="virtual_tag_interface.cpp">
      <Filter>Source Files</Filter>
    </ClCompile>
    <ClCompile Include="halo3odst\halo3odst_virtual.cpp">
      <Filter>Source Files</Filter>
    </ClCompile>
    <ClCompile Include="halo4\halo4_virtual.cpp">
      <Filter>Source Files</Filter>
    </ClCompile>
    <ClCompile Include="haloreach\haloreach_virtual.cpp">
      <Filter>Source Files</Filter>
    </ClCompile>
    <ClCompile Include="xbox360_gen3\xbox360_gen3_virtual.cpp">
      <Filter>Source Files</Filter>
    </ClCompile>
    <ClCompile Include="groundhog\groundhog_virtual.cpp">
      <Filter>Source Files</Filter>
    </ClCompile>
    <ClCompile Include="halo1\halo1_virtual.cpp">
      <Filter>Source Files</Filter>
    </ClCompile>
    <ClCompile Include="halo2\halo2_virtual.cpp">
      <Filter>Source Files</Filter>
    </ClCompile>
    <ClCompile Include="halo3\halo3_virtual.cpp">
      <Filter>Source Files</Filter>
    </ClCompile>
    <ClCompile Include="xbox360_gen3\xbox360_gen3_high_level.cpp">
      <Filter>Source Files</Filter>
    </ClCompile>
    <ClCompile Include="groundhog\groundhog_high_level.cpp">
      <Filter>Source Files</Filter>
    </ClCompile>
    <ClCompile Include="halo1\halo1_high_level.cpp">
      <Filter>Source Files</Filter>
    </ClCompile>
    <ClCompile Include="halo2\halo2_high_level.cpp">
      <Filter>Source Files</Filter>
    </ClCompile>
    <ClCompile Include="halo3\halo3_high_level.cpp">
      <Filter>Source Files</Filter>
    </ClCompile>
    <ClCompile Include="halo3odst\halo3odst_high_level.cpp">
      <Filter>Source Files</Filter>
    </ClCompile>
    <ClCompile Include="halo4\halo4_high_level.cpp">
      <Filter>Source Files</Filter>
    </ClCompile>
    <ClCompile Include="haloreach\haloreach_high_level.cpp">
      <Filter>Source Files</Filter>
    </ClCompile>
    <ClCompile Include="high_level_tag.cpp">
      <Filter>Source Files</Filter>
    </ClCompile>
  </ItemGroup>
</Project>