<?xml version="1.0" encoding="utf-8"?>
<Project ToolsVersion="4.0" xmlns="http://schemas.microsoft.com/developer/msbuild/2003">
  <ItemGroup>
    <Filter Include="Source Files">
      <UniqueIdentifier>{4FC737F1-C7A5-4376-A066-2A32D752A2FF}</UniqueIdentifier>
      <Extensions>cpp;c;cc;cxx;def;odl;idl;hpj;bat;asm;asmx</Extensions>
    </Filter>
    <Filter Include="Header Files">
      <UniqueIdentifier>{93995380-89BD-4b04-88EB-625FBE52EBFB}</UniqueIdentifier>
      <Extensions>h;hh;hpp;hxx;hm;inl;inc;ipp;xsd</Extensions>
    </Filter>
    <Filter Include="Resource Files">
      <UniqueIdentifier>{67DA6AB6-F800-4c08-8B7A-83BB121AAD01}</UniqueIdentifier>
      <Extensions>rc;ico;cur;bmp;dlg;rc2;rct;bin;rgs;gif;jpg;jpeg;jpe;resx;tiff;tif;png;wav;mfcribbon-ms</Extensions>
    </Filter>
  </ItemGroup>
  <ItemGroup>
    <ClInclude Include="shared-public-pch.h">
      <Filter>Header Files</Filter>
    </ClInclude>
    <ClInclude Include="shared-system-pch.h">
      <Filter>Header Files</Filter>
    </ClInclude>
    <ClInclude Include="shared-tbb-pch.h">
      <Filter>Header Files</Filter>
    </ClInclude>
    <ClInclude Include="shared-private-pch.h">
      <Filter>Header Files</Filter>
    </ClInclude>
    <ClInclude Include="Rendering\Rendering.h">
      <Filter>Header Files</Filter>
    </ClInclude>
    <ClInclude Include="Rendering\Render.h">
      <Filter>Header Files</Filter>
    </ClInclude>
    <ClInclude Include="FileSystemUtilities.h">
      <Filter>Header Files</Filter>
    </ClInclude>
    <ClInclude Include="hexrays_defs.h">
      <Filter>Header Files</Filter>
    </ClInclude>
    <ClInclude Include="DebugLogging.h">
      <Filter>Header Files</Filter>
    </ClInclude>
    <ClInclude Include="Blam\Blam.h">
      <Filter>Header Files</Filter>
    </ClInclude>
    <ClInclude Include="Blam\blamfile_chunk_type.h">
      <Filter>Header Files</Filter>
    </ClInclude>
    <ClInclude Include="Blam\blamfile_header.h">
      <Filter>Header Files</Filter>
    </ClInclude>
    <ClInclude Include="Blam\blamfile_level_chunk.h">
      <Filter>Header Files</Filter>
    </ClInclude>
    <ClInclude Include="Blam\blamfile_level_chunk_flags.h">
      <Filter>Header Files</Filter>
    </ClInclude>
    <ClInclude Include="Blam\campaign_difficulty_level.h">
      <Filter>Header Files</Filter>
    </ClInclude>
    <ClInclude Include="Blam\basic_buffer.h">
      <Filter>Header Files</Filter>
    </ClInclude>
    <ClInclude Include="Blam\cache_file_header.h">
      <Filter>Header Files</Filter>
    </ClInclude>
    <ClInclude Include="Blam\cache_file_magic.h">
      <Filter>Header Files</Filter>
    </ClInclude>
    <ClInclude Include="Blam\cache_file_section.h">
      <Filter>Header Files</Filter>
    </ClInclude>
    <ClInclude Include="Blam\cache_file_section_file_bounds.h">
      <Filter>Header Files</Filter>
    </ClInclude>
    <ClInclude Include="Blam\cache_file_tag_group.h">
      <Filter>Header Files</Filter>
    </ClInclude>
    <ClInclude Include="Blam\cache_file_tag_instance.h">
      <Filter>Header Files</Filter>
    </ClInclude>
    <ClInclude Include="Blam\cache_file_tags_header.h">
      <Filter>Header Files</Filter>
    </ClInclude>
    <ClInclude Include="Blam\scenario_load_type.h">
      <Filter>Header Files</Filter>
    </ClInclude>
    <ClInclude Include="Blam\scenario_type.h">
      <Filter>Header Files</Filter>
    </ClInclude>
    <ClInclude Include="!Resources\resource.h">
      <Filter>Header Files</Filter>
    </ClInclude>
    <ClInclude Include="Blam\observer_camera.h">
      <Filter>Header Files</Filter>
    </ClInclude>
    <ClInclude Include="Blam\real_vector3d.h">
      <Filter>Header Files</Filter>
    </ClInclude>
    <ClInclude Include="Rendering\BoxRenderer.h">
      <Filter>Header Files</Filter>
    </ClInclude>
    <ClInclude Include="ImGuiAddons\ImGuiAddons.h">
      <Filter>Header Files</Filter>
    </ClInclude>
    <ClInclude Include="ImGuiAddons\Dirent\dirent.h">
      <Filter>Header Files</Filter>
    </ClInclude>
    <ClInclude Include="ImGuiAddons\ImGuiFileBrowser.h">
      <Filter>Header Files</Filter>
    </ClInclude>
    <ClInclude Include="!Resources\ResourcesManager.h">
      <Filter>Header Files</Filter>
    </ClInclude>
    <ClInclude Include="FatalError.h">
      <Filter>Header Files</Filter>
    </ClInclude>
    <ClInclude Include="ThreadSafeQueue.h">
      <Filter>Header Files</Filter>
    </ClInclude>
    <ClInclude Include="AtomicLock.h">
      <Filter>Header Files</Filter>
    </ClInclude>
    <ClInclude Include="Blam\map_id.h">
      <Filter>Header Files</Filter>
    </ClInclude>
    <ClInclude Include="Blam\game_mode.h">
      <Filter>Header Files</Filter>
    </ClInclude>
    <ClInclude Include="Blam\skull.h">
      <Filter>Header Files</Filter>
    </ClInclude>
    <ClInclude Include="Blam\damage_reporting_type.h">
      <Filter>Header Files</Filter>
    </ClInclude>
    <ClInclude Include="Blam\campaign_metagame_bucket_type.h">
      <Filter>Header Files</Filter>
    </ClInclude>
    <ClInclude Include="Blam\network_session_parameter_type.h">
      <Filter>Header Files</Filter>
    </ClInclude>
    <ClInclude Include="Blam\network_message_type.h">
      <Filter>Header Files</Filter>
    </ClInclude>
    <ClInclude Include="Blam\network_session_peer_state.h">
      <Filter>Header Files</Filter>
    </ClInclude>
    <ClInclude Include="Blam\network_session_class.h">
      <Filter>Header Files</Filter>
    </ClInclude>
    <ClInclude Include="Blam\life_cycle_join_result.h">
      <Filter>Header Files</Filter>
    </ClInclude>
    <ClInclude Include="console.h">
      <Filter>Header Files</Filter>
    </ClInclude>
    <ClInclude Include="Runtime.h">
      <Filter>Header Files</Filter>
    </ClInclude>
    <ClInclude Include="command_line.h">
      <Filter>Header Files</Filter>
    </ClInclude>
    <ClInclude Include="Rendering\window.h">
      <Filter>Header Files</Filter>
    </ClInclude>
    <ClInclude Include="StringUtilities.h">
      <Filter>Header Files</Filter>
    </ClInclude>
    <ClInclude Include="Rendering\debug_gui.h">
      <Filter>Header Files</Filter>
    </ClInclude>
    <ClInclude Include="ImGuiAddons\TextEditor.h">
      <Filter>Header Files</Filter>
    </ClInclude>
    <ClInclude Include="ThreadPrimitives\atomic_flip_value.h">
      <Filter>Header Files</Filter>
    </ClInclude>
    <ClInclude Include="ThreadPrimitives\ThreadPrimitives.h">
      <Filter>Header Files</Filter>
    </ClInclude>
    <ClInclude Include="ThreadPrimitives\semaphore.h">
      <Filter>Header Files</Filter>
    </ClInclude>
    <ClInclude Include="ThreadPrimitives\thread_subroutine.h">
      <Filter>Header Files</Filter>
    </ClInclude>
    <ClInclude Include="ThreadPrimitives\atomic_temp_value.h">
      <Filter>Header Files</Filter>
    </ClInclude>
    <ClInclude Include="Rendering\box_primitive.h">
      <Filter>Header Files</Filter>
    </ClInclude>
    <ClInclude Include="Rendering\primitive_render_manager.h">
      <Filter>Header Files</Filter>
    </ClInclude>
  </ItemGroup>
  <ItemGroup>
    <ClCompile Include="shared-private-pch.cpp">
      <Filter>Source Files</Filter>
    </ClCompile>
    <ClCompile Include="Rendering\Render.cpp">
      <Filter>Source Files</Filter>
    </ClCompile>
    <ClCompile Include="FileSystemUtilities.cpp">
      <Filter>Source Files</Filter>
    </ClCompile>
    <ClCompile Include="Rendering\BoxRenderer.cpp">
      <Filter>Source Files</Filter>
    </ClCompile>
    <ClCompile Include="ImGuiAddons\ImGuiFileBrowser.cpp">
      <Filter>Source Files</Filter>
    </ClCompile>
    <ClCompile Include="!Resources\ResourcesManager.cpp">
      <Filter>Source Files</Filter>
    </ClCompile>
    <ClCompile Include="FatalError.cpp">
      <Filter>Source Files</Filter>
    </ClCompile>
    <ClCompile Include="console.cpp">
      <Filter>Source Files</Filter>
    </ClCompile>
    <ClCompile Include="Runtime.cpp">
      <Filter>Source Files</Filter>
    </ClCompile>
    <ClCompile Include="command_line.cpp">
      <Filter>Source Files</Filter>
    </ClCompile>
    <ClCompile Include="Rendering\window.cpp">
      <Filter>Source Files</Filter>
    </ClCompile>
    <ClCompile Include="StringUtilities.cpp">
      <Filter>Source Files</Filter>
    </ClCompile>
    <ClCompile Include="Rendering\debug_gui.cpp">
      <Filter>Source Files</Filter>
    </ClCompile>
    <ClCompile Include="ImGuiAddons\TextEditor.cpp">
      <Filter>Source Files</Filter>
    </ClCompile>
    <ClCompile Include="ThreadPrimitives\atomic_flip_value.cpp">
      <Filter>Source Files</Filter>
    </ClCompile>
    <ClCompile Include="ThreadPrimitives\semaphore.cpp">
      <Filter>Source Files</Filter>
    </ClCompile>
    <ClCompile Include="ThreadPrimitives\thread_subroutine.cpp">
      <Filter>Source Files</Filter>
    </ClCompile>
    <ClCompile Include="Rendering\box_primitive.cpp">
      <Filter>Source Files</Filter>
    </ClCompile>
    <ClCompile Include="Rendering\primitive_render_manager.cpp">
      <Filter>Source Files</Filter>
    </ClCompile>
  </ItemGroup>
  <ItemGroup>
    <ResourceCompile Include="!Resources\Resource.rc">
      <Filter>Resource Files</Filter>
    </ResourceCompile>
  </ItemGroup>
  <ItemGroup>
    <FxCompile Include="!Resources\HLSL\BoxShaderVS.hlsl" />
    <FxCompile Include="!Resources\HLSL\BoxShaderPS.hlsl" />
  </ItemGroup>
  <ItemGroup>
    <None Include="!Resources\HLSL\BoxShader.hlsli" />
  </ItemGroup>
  <ItemGroup>
    <Image Include="!Resources\reach_icon.ico">
      <Filter>Resource Files</Filter>
    </Image>
  </ItemGroup>
  <ItemGroup>
    <Font Include="!Resources\Cousine-Regular.ttf" />
  </ItemGroup>
</Project>