<?xml version="1.0" encoding="utf-8"?>
<Project ToolsVersion="4.0" xmlns="http://schemas.microsoft.com/developer/msbuild/2003">
  <ItemGroup>
    <Filter Include="Source Files">
      <UniqueIdentifier>{4FC737F1-C7A5-4376-A066-2A32D752A2FF}</UniqueIdentifier>
      <Extensions>cpp;c;cc;cxx;c++;def;odl;idl;hpj;bat;asm;asmx</Extensions>
    </Filter>
    <Filter Include="Header Files">
      <UniqueIdentifier>{93995380-89BD-4b04-88EB-625FBE52EBFB}</UniqueIdentifier>
      <Extensions>h;hh;hpp;hxx;h++;hm;inl;inc;ipp;xsd</Extensions>
    </Filter>
    <Filter Include="Resource Files">
      <UniqueIdentifier>{67DA6AB6-F800-4c08-8B7A-83BB121AAD01}</UniqueIdentifier>
      <Extensions>rc;ico;cur;bmp;dlg;rc2;rct;bin;rgs;gif;jpg;jpeg;jpe;resx;tiff;tif;png;wav;mfcribbon-ms</Extensions>
    </Filter>
  </ItemGroup>
  <ItemGroup>
    <ClInclude Include="highlevel-halo3-public-pch.h">
      <Filter>Header Files</Filter>
    </ClInclude>
    <ClInclude Include="highlevel-halo3-private-pch.h">
      <Filter>Header Files</Filter>
    </ClInclude>
    <ClInclude Include="generated\halo3_high_level.h">
      <Filter>Header Files</Filter>
    </ClInclude>
    <ClInclude Include="halo3_tracked_memory.h">
      <Filter>Header Files</Filter>
    </ClInclude>
  </ItemGroup>
  <ItemGroup>
    <ClCompile Include="highlevel-halo3-private-pch.cpp">
      <Filter>Source Files</Filter>
    </ClCompile>
    <ClCompile Include="generated\halo3_high_level.virtual.cpp">
      <Filter>Source Files</Filter>
    </ClCompile>
    <ClCompile Include="generated\halo3_high_level.ctor0.cpp">
      <Filter>Source Files</Filter>
    </ClCompile>
    <ClCompile Include="generated\halo3_high_level.ctor1.cpp">
      <Filter>Source Files</Filter>
    </ClCompile>
    <ClCompile Include="generated\halo3_high_level.ctor2.cpp">
      <Filter>Source Files</Filter>
    </ClCompile>
    <ClCompile Include="generated\halo3_high_level.ctor3.cpp">
      <Filter>Source Files</Filter>
    </ClCompile>
    <ClCompile Include="generated\halo3_high_level.ctor4.cpp">
      <Filter>Source Files</Filter>
    </ClCompile>
    <ClCompile Include="generated\halo3_high_level.ctor5.cpp">
      <Filter>Source Files</Filter>
    </ClCompile>
    <ClCompile Include="generated\halo3_high_level.ctor6.cpp">
      <Filter>Source Files</Filter>
    </ClCompile>
    <ClCompile Include="generated\halo3_high_level.ctor7.cpp">
      <Filter>Source Files</Filter>
    </ClCompile>
    <ClCompile Include="generated\halo3_high_level.ctor8.cpp">
      <Filter>Source Files</Filter>
    </ClCompile>
    <ClCompile Include="generated\halo3_high_level.ctor9.cpp">
      <Filter>Source Files</Filter>
    </ClCompile>
    <ClCompile Include="generated\halo3_high_level.ctor10.cpp">
      <Filter>Source Files</Filter>
    </ClCompile>
    <ClCompile Include="generated\halo3_high_level.ctor11.cpp">
      <Filter>Source Files</Filter>
    </ClCompile>
    <ClCompile Include="generated\halo3_high_level.ctor12.cpp">
      <Filter>Source Files</Filter>
    </ClCompile>
    <ClCompile Include="generated\halo3_high_level.ctor13.cpp">
      <Filter>Source Files</Filter>
    </ClCompile>
    <ClCompile Include="generated\halo3_high_level.ctor14.cpp">
      <Filter>Source Files</Filter>
    </ClCompile>
    <ClCompile Include="generated\halo3_high_level.ctor15.cpp">
      <Filter>Source Files</Filter>
    </ClCompile>
    <ClCompile Include="generated\halo3_high_level.misc.cpp">
      <Filter>Source Files</Filter>
    </ClCompile>
    <ClCompile Include="generated\halo3_high_level.ctor16.cpp">
      <Filter>Source Files</Filter>
    </ClCompile>
    <ClCompile Include="generated\halo3_high_level.ctor17.cpp">
      <Filter>Source Files</Filter>
    </ClCompile>
    <ClCompile Include="generated\halo3_high_level.ctor18.cpp">
      <Filter>Source Files</Filter>
    </ClCompile>
    <ClCompile Include="generated\halo3_high_level.ctor19.cpp">
      <Filter>Source Files</Filter>
    </ClCompile>
    <ClCompile Include="generated\halo3_high_level.ctor20.cpp">
      <Filter>Source Files</Filter>
    </ClCompile>
    <ClCompile Include="generated\halo3_high_level.ctor21.cpp">
      <Filter>Source Files</Filter>
    </ClCompile>
    <ClCompile Include="generated\halo3_high_level.ctor22.cpp">
      <Filter>Source Files</Filter>
    </ClCompile>
    <ClCompile Include="generated\halo3_high_level.ctor23.cpp">
      <Filter>Source Files</Filter>
    </ClCompile>
    <ClCompile Include="generated\halo3_high_level.ctor24.cpp">
      <Filter>Source Files</Filter>
    </ClCompile>
    <ClCompile Include="generated\halo3_high_level.ctor25.cpp">
      <Filter>Source Files</Filter>
    </ClCompile>
    <ClCompile Include="generated\halo3_high_level.ctor26.cpp">
      <Filter>Source Files</Filter>
    </ClCompile>
    <ClCompile Include="generated\halo3_high_level.ctor27.cpp">
      <Filter>Source Files</Filter>
    </ClCompile>
    <ClCompile Include="generated\halo3_high_level.ctor28.cpp">
      <Filter>Source Files</Filter>
    </ClCompile>
    <ClCompile Include="generated\halo3_high_level.ctor29.cpp">
      <Filter>Source Files</Filter>
    </ClCompile>
    <ClCompile Include="generated\halo3_high_level.ctor30.cpp">
      <Filter>Source Files</Filter>
    </ClCompile>
    <ClCompile Include="generated\halo3_high_level.ctor31.cpp">
      <Filter>Source Files</Filter>
    </ClCompile>
    <ClCompile Include="generated\halo3_high_level.ctor32.cpp">
      <Filter>Source Files</Filter>
    </ClCompile>
    <ClCompile Include="generated\halo3_high_level.ctor33.cpp">
      <Filter>Source Files</Filter>
    </ClCompile>
    <ClCompile Include="generated\halo3_high_level.ctor34.cpp">
      <Filter>Source Files</Filter>
    </ClCompile>
    <ClCompile Include="generated\halo3_high_level.ctor35.cpp">
      <Filter>Source Files</Filter>
    </ClCompile>
    <ClCompile Include="generated\halo3_high_level.ctor36.cpp">
      <Filter>Source Files</Filter>
    </ClCompile>
    <ClCompile Include="generated\halo3_high_level.ctor37.cpp">
      <Filter>Source Files</Filter>
    </ClCompile>
    <ClCompile Include="generated\halo3_high_level.ctor38.cpp">
      <Filter>Source Files</Filter>
    </ClCompile>
    <ClCompile Include="generated\halo3_high_level.ctor39.cpp">
      <Filter>Source Files</Filter>
    </ClCompile>
    <ClCompile Include="generated\halo3_high_level.ctor40.cpp">
      <Filter>Source Files</Filter>
    </ClCompile>
    <ClCompile Include="generated\halo3_high_level.ctor41.cpp">
      <Filter>Source Files</Filter>
    </ClCompile>
    <ClCompile Include="generated\halo3_high_level.ctor42.cpp">
      <Filter>Source Files</Filter>
    </ClCompile>
    <ClCompile Include="generated\halo3_high_level.ctor43.cpp">
      <Filter>Source Files</Filter>
    </ClCompile>
    <ClCompile Include="generated\halo3_high_level.ctor44.cpp">
      <Filter>Source Files</Filter>
    </ClCompile>
    <ClCompile Include="generated\halo3_high_level.ctor45.cpp">
      <Filter>Source Files</Filter>
    </ClCompile>
    <ClCompile Include="generated\halo3_high_level.ctor46.cpp">
      <Filter>Source Files</Filter>
    </ClCompile>
    <ClCompile Include="generated\halo3_high_level.ctor47.cpp">
      <Filter>Source Files</Filter>
    </ClCompile>
    <ClCompile Include="generated\halo3_high_level.ctor48.cpp">
      <Filter>Source Files</Filter>
    </ClCompile>
    <ClCompile Include="generated\halo3_high_level.ctor49.cpp">
      <Filter>Source Files</Filter>
    </ClCompile>
    <ClCompile Include="generated\halo3_high_level.ctor50.cpp">
      <Filter>Source Files</Filter>
    </ClCompile>
    <ClCompile Include="generated\halo3_high_level.ctor51.cpp">
      <Filter>Source Files</Filter>
    </ClCompile>
    <ClCompile Include="generated\halo3_high_level.ctor52.cpp">
      <Filter>Source Files</Filter>
    </ClCompile>
    <ClCompile Include="generated\halo3_high_level.ctor53.cpp">
      <Filter>Source Files</Filter>
    </ClCompile>
    <ClCompile Include="generated\halo3_high_level.ctor54.cpp">
      <Filter>Source Files</Filter>
    </ClCompile>
    <ClCompile Include="generated\halo3_high_level.ctor55.cpp">
      <Filter>Source Files</Filter>
    </ClCompile>
    <ClCompile Include="generated\halo3_high_level.ctor56.cpp">
      <Filter>Source Files</Filter>
    </ClCompile>
    <ClCompile Include="generated\halo3_high_level.ctor57.cpp">
      <Filter>Source Files</Filter>
    </ClCompile>
    <ClCompile Include="generated\halo3_high_level.ctor58.cpp">
      <Filter>Source Files</Filter>
    </ClCompile>
    <ClCompile Include="generated\halo3_high_level.ctor59.cpp">
      <Filter>Source Files</Filter>
    </ClCompile>
    <ClCompile Include="generated\halo3_high_level.ctor60.cpp">
      <Filter>Source Files</Filter>
    </ClCompile>
    <ClCompile Include="generated\halo3_high_level.ctor61.cpp">
      <Filter>Source Files</Filter>
    </ClCompile>
    <ClCompile Include="generated\halo3_high_level.ctor62.cpp">
      <Filter>Source Files</Filter>
    </ClCompile>
    <ClCompile Include="generated\halo3_high_level.ctor63.cpp">
      <Filter>Source Files</Filter>
    </ClCompile>
    <ClCompile Include="halo3_tracked_memory.cpp">
      <Filter>Source Files</Filter>
    </ClCompile>
  </ItemGroup>
</Project>