<?xml version="1.0" encoding="utf-8"?>
<Project ToolsVersion="4.0" xmlns="http://schemas.microsoft.com/developer/msbuild/2003">
  <ItemGroup>
    <Filter Include="Source Files">
      <UniqueIdentifier>{4FC737F1-C7A5-4376-A066-2A32D752A2FF}</UniqueIdentifier>
      <Extensions>cpp;c;cc;cxx;def;odl;idl;hpj;bat;asm;asmx</Extensions>
    </Filter>
    <Filter Include="Header Files">
      <UniqueIdentifier>{93995380-89BD-4b04-88EB-625FBE52EBFB}</UniqueIdentifier>
      <Extensions>h;hh;hpp;hxx;hm;inl;inc;ipp;xsd</Extensions>
    </Filter>
    <Filter Include="Resource Files">
      <UniqueIdentifier>{67DA6AB6-F800-4c08-8B7A-83BB121AAD01}</UniqueIdentifier>
      <Extensions>rc;ico;cur;bmp;dlg;rc2;rct;bin;rgs;gif;jpg;jpeg;jpe;resx;tiff;tif;png;wav;mfcribbon-ms</Extensions>
    </Filter>
  </ItemGroup>
  <ItemGroup>
    <ClCompile Include="graphicslib-private-pch.cpp">
      <Filter>Source Files</Filter>
    </ClCompile>
    <ClCompile Include="Windows\window_windows.cpp">
      <Filter>Source Files</Filter>
    </ClCompile>
    <ClCompile Include="ThirdParty\stb_image.cpp">
      <Filter>Source Files</Filter>
    </ClCompile>
    <ClCompile Include="ThirdParty\stb_image_resize.cpp">
      <Filter>Source Files</Filter>
    </ClCompile>
    <ClCompile Include="ThirdParty\tinyobjloader.cpp">
      <Filter>Source Files</Filter>
    </ClCompile>
    <ClCompile Include="D3D11\legacy_window.cpp">
      <Filter>Source Files</Filter>
    </ClCompile>
    <ClCompile Include="D3D11\graphics_d3d11.cpp">
      <Filter>Source Files</Filter>
    </ClCompile>
    <ClCompile Include="Archetype\graphics.cpp">
      <Filter>Source Files</Filter>
    </ClCompile>
    <ClCompile Include="Archetype\graphics_buffer.cpp">
      <Filter>Source Files</Filter>
    </ClCompile>
    <ClCompile Include="Archetype\graphics_shader_binary.cpp">
      <Filter>Source Files</Filter>
    </ClCompile>
    <ClCompile Include="Archetype\graphics_render_pass.cpp">
      <Filter>Source Files</Filter>
    </ClCompile>
    <ClCompile Include="Archetype\graphics_render_target.cpp">
      <Filter>Source Files</Filter>
    </ClCompile>
    <ClCompile Include="Archetype\graphics_texture.cpp">
      <Filter>Source Files</Filter>
    </ClCompile>
    <ClCompile Include="Archetype\graphics_geometry.cpp">
      <Filter>Source Files</Filter>
    </ClCompile>
    <ClCompile Include="Archetype\graphics_data_format.cpp">
      <Filter>Source Files</Filter>
    </ClCompile>
    <ClCompile Include="Archetype\graphics_shader_pipeline.cpp">
      <Filter>Source Files</Filter>
    </ClCompile>
    <ClCompile Include="D3D12\d3d12_graphics_render_pass.cpp">
      <Filter>Source Files</Filter>
    </ClCompile>
    <ClCompile Include="D3D12\d3d12_graphics_render_target.cpp">
      <Filter>Source Files</Filter>
    </ClCompile>
    <ClCompile Include="D3D12\d3d12_graphics_shader_binary.cpp">
      <Filter>Source Files</Filter>
    </ClCompile>
    <ClCompile Include="D3D12\d3d12_graphics_shader_pipeline.cpp">
      <Filter>Source Files</Filter>
    </ClCompile>
    <ClCompile Include="D3D12\d3d12_graphics_texture.cpp">
      <Filter>Source Files</Filter>
    </ClCompile>
    <ClCompile Include="D3D12\d3d12_graphics.cpp">
      <Filter>Source Files</Filter>
    </ClCompile>
    <ClCompile Include="D3D12\d3d12_graphics_buffer.cpp">
      <Filter>Source Files</Filter>
    </ClCompile>
    <ClCompile Include="D3D12\d3d12_graphics_geometry.cpp">
      <Filter>Source Files</Filter>
    </ClCompile>
    <ClCompile Include="D3D12\descriptor_heap_allocator_d3d12.cpp">
      <Filter>Source Files</Filter>
    </ClCompile>
    <ClCompile Include="D3D12\descriptor_heap_d3d12.cpp">
      <Filter>Source Files</Filter>
    </ClCompile>
    <ClCompile Include="Archetype\viewport.cpp">
      <Filter>Source Files</Filter>
    </ClCompile>
    <ClCompile Include="Archetype\window.cpp">
      <Filter>Source Files</Filter>
    </ClCompile>
    <ClCompile Include="Archetype\imgui_context.cpp">
      <Filter>Source Files</Filter>
    </ClCompile>
    <ClCompile Include="D3D12\d3d12_imgui_context.cpp">
      <Filter>Source Files</Filter>
    </ClCompile>
    <ClCompile Include="Archetype\graphics_swap_chain.cpp">
      <Filter>Source Files</Filter>
    </ClCompile>
    <ClCompile Include="D3D12\d3d12_graphics_swap_chain.cpp">
      <Filter>Source Files</Filter>
    </ClCompile>
    <ClCompile Include="Scenes\render_context.cpp">
      <Filter>Source Files</Filter>
    </ClCompile>
    <ClCompile Include="Scenes\window_render_context.cpp">
      <Filter>Source Files</Filter>
    </ClCompile>
    <ClCompile Include="Scenes\imgui_viewport_render_context.cpp">
      <Filter>Source Files</Filter>
    </ClCompile>
    <ClCompile Include="ImGui\imgui_memory_editor.cpp">
      <Filter>Source Files</Filter>
    </ClCompile>
    <ClCompile Include="Archetype\graphics_camera.cpp">
      <Filter>Source Files</Filter>
    </ClCompile>
    <ClCompile Include="D3D12\d3d12_graphics_camera.cpp">
      <Filter>Source Files</Filter>
    </ClCompile>
    <ClCompile Include="Archetype\graphics_vertex_layout.cpp">
      <Filter>Source Files</Filter>
    </ClCompile>
    <ClCompile Include="D3D12\d3d12_graphics_vertex_layout.cpp">
      <Filter>Source Files</Filter>
    </ClCompile>
    <ClCompile Include="D3D12\d3d12_graphics_data_format.cpp">
      <Filter>Source Files</Filter>
    </ClCompile>
    <ClCompile Include="Archetype\graphics_render_instance.cpp">
      <Filter>Source Files</Filter>
    </ClCompile>
    <ClCompile Include="D3D12\d3d12_graphics_render_instance.cpp">
      <Filter>Source Files</Filter>
    </ClCompile>
    <ClCompile Include="ImGui\begin_popup_modal_ex.cpp">
      <Filter>Source Files</Filter>
    </ClCompile>
    <ClCompile Include="ImGui\imgui_text_editor.cpp">
      <Filter>Source Files</Filter>
    </ClCompile>
    <ClCompile Include="ImGui\imgui_async_file_dialog.cpp">
      <Filter>Source Files</Filter>
    </ClCompile>
  </ItemGroup>
  <ItemGroup>
    <ClInclude Include="graphicslib-public-pch.h">
      <Filter>Header Files</Filter>
    </ClInclude>
    <ClInclude Include="graphicslib-private-pch.h">
      <Filter>Header Files</Filter>
    </ClInclude>
    <ClInclude Include="Windows\window_windows.h">
      <Filter>Header Files</Filter>
    </ClInclude>
    <ClInclude Include="ThirdParty\stb_image.h">
      <Filter>Header Files</Filter>
    </ClInclude>
    <ClInclude Include="ThirdParty\stb_image_resize.h">
      <Filter>Header Files</Filter>
    </ClInclude>
    <ClInclude Include="ThirdParty\thirdparty-public-pch.h">
      <Filter>Header Files</Filter>
    </ClInclude>
    <ClInclude Include="ThirdParty\tinyobjloader.h">
      <Filter>Header Files</Filter>
    </ClInclude>
    <ClInclude Include="D3D11\legacy_window.h">
      <Filter>Header Files</Filter>
    </ClInclude>
    <ClInclude Include="dds.h">
      <Filter>Header Files</Filter>
    </ClInclude>
    <ClInclude Include="D3D11\graphics_d3d11.h">
      <Filter>Header Files</Filter>
    </ClInclude>
    <ClInclude Include="D3D11\d3d11-private-pch.h">
      <Filter>Header Files</Filter>
    </ClInclude>
    <ClInclude Include="Archetype\graphics.h">
      <Filter>Header Files</Filter>
    </ClInclude>
    <ClInclude Include="Archetype\graphics_buffer.h">
      <Filter>Header Files</Filter>
    </ClInclude>
    <ClInclude Include="Archetype\graphics_shader_binary.h">
      <Filter>Header Files</Filter>
    </ClInclude>
    <ClInclude Include="Archetype\graphics_render_pass.h">
      <Filter>Header Files</Filter>
    </ClInclude>
    <ClInclude Include="Archetype\graphics_render_target.h">
      <Filter>Header Files</Filter>
    </ClInclude>
    <ClInclude Include="Archetype\graphics_texture.h">
      <Filter>Header Files</Filter>
    </ClInclude>
    <ClInclude Include="Archetype\graphics_geometry.h">
      <Filter>Header Files</Filter>
    </ClInclude>
    <ClInclude Include="Archetype\graphics_data_format.h">
      <Filter>Header Files</Filter>
    </ClInclude>
    <ClInclude Include="Archetype\graphics_shader_pipeline.h">
      <Filter>Header Files</Filter>
    </ClInclude>
    <ClInclude Include="Archetype\archetype-public-pch.h">
      <Filter>Header Files</Filter>
    </ClInclude>
    <ClInclude Include="D3D12\d3d12-private-pch.h">
      <Filter>Header Files</Filter>
    </ClInclude>
    <ClInclude Include="D3D12\d3d12_graphics_render_pass.h">
      <Filter>Header Files</Filter>
    </ClInclude>
    <ClInclude Include="D3D12\d3d12_graphics_render_target.h">
      <Filter>Header Files</Filter>
    </ClInclude>
    <ClInclude Include="D3D12\d3d12_graphics_shader_binary.h">
      <Filter>Header Files</Filter>
    </ClInclude>
    <ClInclude Include="D3D12\d3d12_graphics_shader_pipeline.h">
      <Filter>Header Files</Filter>
    </ClInclude>
    <ClInclude Include="D3D12\d3d12_graphics_texture.h">
      <Filter>Header Files</Filter>
    </ClInclude>
    <ClInclude Include="D3D12\d3d12_graphics.h">
      <Filter>Header Files</Filter>
    </ClInclude>
    <ClInclude Include="D3D12\d3d12_graphics_buffer.h">
      <Filter>Header Files</Filter>
    </ClInclude>
    <ClInclude Include="D3D12\d3d12_graphics_geometry.h">
      <Filter>Header Files</Filter>
    </ClInclude>
    <ClInclude Include="D3D12\descriptor_heap_d3d12.h">
      <Filter>Header Files</Filter>
    </ClInclude>
    <ClInclude Include="D3D12\descriptor_heap_allocator_d3d12.h">
      <Filter>Header Files</Filter>
    </ClInclude>
    <ClInclude Include="Archetype\viewport.h">
      <Filter>Header Files</Filter>
    </ClInclude>
    <ClInclude Include="Windows\windows-private-pch.h">
      <Filter>Header Files</Filter>
    </ClInclude>
    <ClInclude Include="Archetype\window.h">
      <Filter>Header Files</Filter>
    </ClInclude>
    <ClInclude Include="Archetype\imgui_context.h">
      <Filter>Header Files</Filter>
    </ClInclude>
    <ClInclude Include="D3D12\d3d12_imgui_context.h">
      <Filter>Header Files</Filter>
    </ClInclude>
    <ClInclude Include="Archetype\graphics_swap_chain.h">
      <Filter>Header Files</Filter>
    </ClInclude>
    <ClInclude Include="D3D12\d3d12_graphics_swap_chain.h">
      <Filter>Header Files</Filter>
    </ClInclude>
    <ClInclude Include="Scenes\render_context.h">
      <Filter>Header Files</Filter>
    </ClInclude>
    <ClInclude Include="Scenes\window_render_context.h">
      <Filter>Header Files</Filter>
    </ClInclude>
    <ClInclude Include="Scenes\imgui_viewport_render_context.h">
      <Filter>Header Files</Filter>
    </ClInclude>
    <ClInclude Include="ImGui\imgui_memory_editor.h">
      <Filter>Header Files</Filter>
    </ClInclude>
    <ClInclude Include="ImGui\imgui-public-pch.h">
      <Filter>Header Files</Filter>
    </ClInclude>
    <ClInclude Include="Archetype\graphics_camera.h">
      <Filter>Header Files</Filter>
    </ClInclude>
    <ClInclude Include="D3D12\d3d12_graphics_camera.h">
      <Filter>Header Files</Filter>
    </ClInclude>
    <ClInclude Include="D3D12\d3d12_gpu_data_structures.h">
      <Filter>Header Files</Filter>
    </ClInclude>
    <ClInclude Include="Archetype\graphics_vertex_layout.h">
      <Filter>Header Files</Filter>
    </ClInclude>
    <ClInclude Include="D3D12\d3d12_graphics_vertex_layout.h">
      <Filter>Header Files</Filter>
    </ClInclude>
    <ClInclude Include="D3D12\d3d12_graphics_data_format.h">
      <Filter>Header Files</Filter>
    </ClInclude>
    <ClInclude Include="Archetype\graphics_render_instance.h">
      <Filter>Header Files</Filter>
    </ClInclude>
    <ClInclude Include="D3D12\d3d12_graphics_render_instance.h">
      <Filter>Header Files</Filter>
    </ClInclude>
    <ClInclude Include="ImGui\begin_popup_modal_ex.h">
      <Filter>Header Files</Filter>
    </ClInclude>
    <ClInclude Include="ImGui\imgui_text_editor.h">
      <Filter>Header Files</Filter>
    </ClInclude>
    <ClInclude Include="ImGui\imgui_async_file_dialog.h">
      <Filter>Header Files</Filter>
    </ClInclude>
    <ClInclude Include="ImGui\imgui_math.h">
      <Filter>Header Files</Filter>
    </ClInclude>
  </ItemGroup>
  <ItemGroup>
    <None Include="HLSL\cpp_types.hlsli" />
    <None Include="HLSL\descriptor_table.hlsli" />
    <None Include="HLSL\generic_infinite_shader.hlsli" />
  </ItemGroup>
  <ItemGroup>
    <FxCompile Include="HLSL\debug_shader.hlsl" />
    <FxCompile Include="HLSL\default_shader.hlsl" />
    <FxCompile Include="HLSL\vertex_layout_p.hlsl" />
    <FxCompile Include="HLSL\vertex_layout_ptcn.hlsl" />
    <FxCompile Include="HLSL\vertex_layout_pc.hlsl" />
    <FxCompile Include="HLSL\generic_infinite_pixel_shader.hlsl" />
    <FxCompile Include="HLSL\generic_infinite_vertex_shader.hlsl" />
  </ItemGroup>
</Project>