<?xml version="1.0" encoding="utf-8"?>
<Project ToolsVersion="4.0" xmlns="http://schemas.microsoft.com/developer/msbuild/2003">
  <ItemGroup>
    <Filter Include="Source Files">
      <UniqueIdentifier>{4FC737F1-C7A5-4376-A066-2A32D752A2FF}</UniqueIdentifier>
      <Extensions>cpp;c;cc;cxx;def;odl;idl;hpj;bat;asm;asmx</Extensions>
    </Filter>
    <Filter Include="Header Files">
      <UniqueIdentifier>{93995380-89BD-4b04-88EB-625FBE52EBFB}</UniqueIdentifier>
      <Extensions>h;hh;hpp;hxx;hm;inl;inc;ipp;xsd</Extensions>
    </Filter>
    <Filter Include="Resource Files">
      <UniqueIdentifier>{67DA6AB6-F800-4c08-8B7A-83BB121AAD01}</UniqueIdentifier>
      <Extensions>rc;ico;cur;bmp;dlg;rc2;rct;bin;rgs;gif;jpg;jpeg;jpe;resx;tiff;tif;png;wav;mfcribbon-ms</Extensions>
    </Filter>
  </ItemGroup>
  <ItemGroup>
    <ClCompile Include="blamboozle_h1_guerilla.cpp">
      <Filter>Source Files</Filter>
    </ClCompile>
    <ClCompile Include="blamboozle_h2_guerilla.cpp">
      <Filter>Source Files</Filter>
    </ClCompile>
    <ClCompile Include="blamboozle_base.cpp">
      <Filter>Source Files</Filter>
    </ClCompile>
    <ClCompile Include="blamboozle.cpp">
      <Filter>Source Files</Filter>
    </ClCompile>
    <ClCompile Include="halo5\h5_tag_block_definition.cpp">
      <Filter>Source Files</Filter>
    </ClCompile>
    <ClCompile Include="halo5\h5_tag_field_set.cpp">
      <Filter>Source Files</Filter>
    </ClCompile>
    <ClCompile Include="halo5\h5_tag_layout.cpp">
      <Filter>Source Files</Filter>
    </ClCompile>
    <ClCompile Include="halo5\blamboozle_h5_forge.cpp">
      <Filter>Source Files</Filter>
    </ClCompile>
    <ClCompile Include="halo4\h4_tag_group.cpp">
      <Filter>Source Files</Filter>
    </ClCompile>
    <ClCompile Include="halo4\h4_tag_struct.cpp">
      <Filter>Source Files</Filter>
    </ClCompile>
    <ClCompile Include="halo4\h4_tag_block.cpp">
      <Filter>Source Files</Filter>
    </ClCompile>
    <ClCompile Include="halo4\h4_generator_preprocessor.cpp">
      <Filter>Source Files</Filter>
    </ClCompile>
    <ClCompile Include="halo4\h4_source_generator.cpp">
      <Filter>Source Files</Filter>
    </ClCompile>
    <ClCompile Include="halo4\h4_blamboozle.cpp">
      <Filter>Source Files</Filter>
    </ClCompile>
    <ClCompile Include="halo4\h4_tag_enum.cpp">
      <Filter>Source Files</Filter>
    </ClCompile>
    <ClCompile Include="halo4\h4_tag_reference.cpp">
      <Filter>Source Files</Filter>
    </ClCompile>
  </ItemGroup>
  <ItemGroup>
    <ClInclude Include="blamboozle_h1_guerilla.h">
      <Filter>Header Files</Filter>
    </ClInclude>
    <ClInclude Include="blamboozle_h2_guerilla.h">
      <Filter>Header Files</Filter>
    </ClInclude>
    <ClInclude Include="blamboozle_base.h">
      <Filter>Header Files</Filter>
    </ClInclude>
    <ClInclude Include="blamboozlelib-private-pch.h">
      <Filter>Header Files</Filter>
    </ClInclude>
    <ClInclude Include="blamboozlelib-public-pch.h">
      <Filter>Header Files</Filter>
    </ClInclude>
    <ClInclude Include="blamboozle.h">
      <Filter>Header Files</Filter>
    </ClInclude>
    <ClInclude Include="halo5\h5_tag_block_definition.h">
      <Filter>Header Files</Filter>
    </ClInclude>
    <ClInclude Include="halo5\h5_tag_field.h">
      <Filter>Header Files</Filter>
    </ClInclude>
    <ClInclude Include="halo5\h5_tag_field_set.h">
      <Filter>Header Files</Filter>
    </ClInclude>
    <ClInclude Include="halo5\h5_tag_layout.h">
      <Filter>Header Files</Filter>
    </ClInclude>
    <ClInclude Include="halo5\h5_field_type.h">
      <Filter>Header Files</Filter>
    </ClInclude>
    <ClInclude Include="halo5\halo5_forge.h">
      <Filter>Header Files</Filter>
    </ClInclude>
    <ClInclude Include="halo5\blamboozle_h5_forge.h">
      <Filter>Header Files</Filter>
    </ClInclude>
    <ClInclude Include="halo4\h4_field_type.h">
      <Filter>Header Files</Filter>
    </ClInclude>
    <ClInclude Include="halo4\h4_tag_field.h">
      <Filter>Header Files</Filter>
    </ClInclude>
    <ClInclude Include="halo4\halo4.h">
      <Filter>Header Files</Filter>
    </ClInclude>
    <ClInclude Include="halo4\h4_tag_group.h">
      <Filter>Header Files</Filter>
    </ClInclude>
    <ClInclude Include="halo4\h4_tag_struct.h">
      <Filter>Header Files</Filter>
    </ClInclude>
    <ClInclude Include="halo4\h4_tag_block.h">
      <Filter>Header Files</Filter>
    </ClInclude>
    <ClInclude Include="halo4\h4_source_generator.h">
      <Filter>Header Files</Filter>
    </ClInclude>
    <ClInclude Include="halo4\h4_generator_preprocessor.h">
      <Filter>Header Files</Filter>
    </ClInclude>
    <ClInclude Include="halo4\h4_blamboozle.h">
      <Filter>Header Files</Filter>
    </ClInclude>
    <ClInclude Include="halo4\h4_tag_enum.h">
      <Filter>Header Files</Filter>
    </ClInclude>
    <ClInclude Include="halo4\h4_tag_reference.h">
      <Filter>Header Files</Filter>
    </ClInclude>
    <ClInclude Include="halo4\source_tree.h">
      <Filter>Header Files</Filter>
    </ClInclude>
  </ItemGroup>
  <ItemGroup>
    <ResourceCompile Include="$(SolutionDir)\Shared\!Resources\Resource.rc">
      <Filter>Resource Files</Filter>
    </ResourceCompile>
  </ItemGroup>
</Project>